// !$*UTF8*$!
{
	archiveVersion = 1;
	classes = {
	};
	objectVersion = 46;
	objects = {

/* Begin PBXBuildFile section */
		1F155104171FBBB100C7469E /* libxml2.dylib in Frameworks */ = {isa = PBXBuildFile; fileRef = 1F5A1660171D269100FDF2A0 /* libxml2.dylib */; };
		1F155105171FBCAE00C7469E /* libxml2.2.dylib in Frameworks */ = {isa = PBXBuildFile; fileRef = 1F5A165E171D268400FDF2A0 /* libxml2.2.dylib */; };
		1F155196171FC2FC00C7469E /* UIKit.framework in Frameworks */ = {isa = PBXBuildFile; fileRef = 1F5A165C171D248100FDF2A0 /* UIKit.framework */; };
		1F155197171FC36000C7469E /* CoreGraphics.framework in Frameworks */ = {isa = PBXBuildFile; fileRef = 1F4B5507171EAFA6004EB4A1 /* CoreGraphics.framework */; };
		1F155199171FC3BF00C7469E /* CFNetwork.framework in Frameworks */ = {isa = PBXBuildFile; fileRef = 1F155198171FC3BF00C7469E /* CFNetwork.framework */; };
		1F15519B171FC3CD00C7469E /* Security.framework in Frameworks */ = {isa = PBXBuildFile; fileRef = 1F15519A171FC3CD00C7469E /* Security.framework */; };
		1F15519F171FC73E00C7469E /* libresolv.dylib in Frameworks */ = {isa = PBXBuildFile; fileRef = 1F15519E171FC73E00C7469E /* libresolv.dylib */; };
		1F294130171EC10600EE3F19 /* libKechengIphoneChatLib.a in Frameworks */ = {isa = PBXBuildFile; fileRef = 1F67AAEA171C011800357955 /* libKechengIphoneChatLib.a */; };
		1F492D4F171F8EB50047066C /* ChatViewController.m in Sources */ = {isa = PBXBuildFile; fileRef = 1F492D4D171F8EB50047066C /* ChatViewController.m */; };
		1F492D50171F92460047066C /* ChatViewController.xib in Resources */ = {isa = PBXBuildFile; fileRef = 1F492D4E171F8EB50047066C /* ChatViewController.xib */; };
		1F492D51171F93BC0047066C /* ChatInputView.xib in Resources */ = {isa = PBXBuildFile; fileRef = 1F4B54F8171EA071004EB4A1 /* ChatInputView.xib */; };
		1F492D5B171F94B70047066C /* ChatInputView.m in Sources */ = {isa = PBXBuildFile; fileRef = 1F4B54E1171E619B004EB4A1 /* ChatInputView.m */; };
		1F492D70171F96AC0047066C /* emoji_button_pressed@2x.png in Resources */ = {isa = PBXBuildFile; fileRef = 1F4B54FC171EACE2004EB4A1 /* emoji_button_pressed@2x.png */; };
		1F492D71171F96AC0047066C /* emoji_button@2x.png in Resources */ = {isa = PBXBuildFile; fileRef = 1F4B54FD171EACE2004EB4A1 /* emoji_button@2x.png */; };
		1F492D72171F96AC0047066C /* keyboard_button_pressed@2x.png in Resources */ = {isa = PBXBuildFile; fileRef = 1F4B54FE171EACE2004EB4A1 /* keyboard_button_pressed@2x.png */; };
		1F492D73171F96AC0047066C /* keyboard_button@2x.png in Resources */ = {isa = PBXBuildFile; fileRef = 1F4B54FF171EACE2004EB4A1 /* keyboard_button@2x.png */; };
		1F492D74171F96AC0047066C /* chat@2x.png in Resources */ = {isa = PBXBuildFile; fileRef = 1F4B54FB171EABF6004EB4A1 /* chat@2x.png */; };
		1F492D75171F96AC0047066C /* button_send_pressed@2x.png in Resources */ = {isa = PBXBuildFile; fileRef = 1F4B54F9171EAB40004EB4A1 /* button_send_pressed@2x.png */; };
		1F492D76171F96AC0047066C /* button_send@2x.png in Resources */ = {isa = PBXBuildFile; fileRef = 1F4B54FA171EAB40004EB4A1 /* button_send@2x.png */; };
		1F492D77171F96AC0047066C /* bubble_1@2x.png in Resources */ = {isa = PBXBuildFile; fileRef = 1F4B54F6171E9C5F004EB4A1 /* bubble_1@2x.png */; };
		1F492D78171F96AC0047066C /* bubble_2@2x.png in Resources */ = {isa = PBXBuildFile; fileRef = 1F4B54F7171E9C5F004EB4A1 /* bubble_2@2x.png */; };
		1F4B54DC171E5976004EB4A1 /* ChatTableView.m in Sources */ = {isa = PBXBuildFile; fileRef = 1F4B54DB171E5976004EB4A1 /* ChatTableView.m */; };
		1F4B54DF171E5990004EB4A1 /* ChatTableViewCell.m in Sources */ = {isa = PBXBuildFile; fileRef = 1F4B54DE171E5990004EB4A1 /* ChatTableViewCell.m */; };
		1F4B54E2171E619B004EB4A1 /* ChatInputView.m in Sources */ = {isa = PBXBuildFile; fileRef = 1F4B54E1171E619B004EB4A1 /* ChatInputView.m */; };
		1F4B54E6171E6200004EB4A1 /* ChatEmoView.m in Sources */ = {isa = PBXBuildFile; fileRef = 1F4B54E5171E6200004EB4A1 /* ChatEmoView.m */; };
		1F4B54E9171E62D5004EB4A1 /* ChatHeaderView.m in Sources */ = {isa = PBXBuildFile; fileRef = 1F4B54E8171E62D5004EB4A1 /* ChatHeaderView.m */; };
		1F4B54EF171E72FA004EB4A1 /* ChatEmojis.m in Sources */ = {isa = PBXBuildFile; fileRef = 1F4B54EE171E72FA004EB4A1 /* ChatEmojis.m */; };
		1F4B54F4171E9A21004EB4A1 /* CopyLabel.m in Sources */ = {isa = PBXBuildFile; fileRef = 1F4B54F3171E9A21004EB4A1 /* CopyLabel.m */; };
		1F4B5505171EAFA6004EB4A1 /* UIKit.framework in Frameworks */ = {isa = PBXBuildFile; fileRef = 1F67AAFE171C011800357955 /* UIKit.framework */; };
		1F4B5506171EAFA6004EB4A1 /* Foundation.framework in Frameworks */ = {isa = PBXBuildFile; fileRef = 1F67AAED171C011800357955 /* Foundation.framework */; };
		1F4B5508171EAFA6004EB4A1 /* CoreGraphics.framework in Frameworks */ = {isa = PBXBuildFile; fileRef = 1F4B5507171EAFA6004EB4A1 /* CoreGraphics.framework */; };
		1F4B550E171EAFA6004EB4A1 /* InfoPlist.strings in Resources */ = {isa = PBXBuildFile; fileRef = 1F4B550C171EAFA6004EB4A1 /* InfoPlist.strings */; };
		1F4B5510171EAFA6004EB4A1 /* main.m in Sources */ = {isa = PBXBuildFile; fileRef = 1F4B550F171EAFA6004EB4A1 /* main.m */; };
		1F4B5514171EAFA6004EB4A1 /* AppDelegate.m in Sources */ = {isa = PBXBuildFile; fileRef = 1F4B5513171EAFA6004EB4A1 /* AppDelegate.m */; };
		1F4B5516171EAFA6004EB4A1 /* Default.png in Resources */ = {isa = PBXBuildFile; fileRef = 1F4B5515171EAFA6004EB4A1 /* Default.png */; };
		1F4B5518171EAFA6004EB4A1 /* Default@2x.png in Resources */ = {isa = PBXBuildFile; fileRef = 1F4B5517171EAFA6004EB4A1 /* Default@2x.png */; };
		1F4B551A171EAFA6004EB4A1 /* Default-568h@2x.png in Resources */ = {isa = PBXBuildFile; fileRef = 1F4B5519171EAFA6004EB4A1 /* Default-568h@2x.png */; };
		1F4B5527171EAFA7004EB4A1 /* SenTestingKit.framework in Frameworks */ = {isa = PBXBuildFile; fileRef = 1F67AAFC171C011800357955 /* SenTestingKit.framework */; };
		1F4B5528171EAFA7004EB4A1 /* UIKit.framework in Frameworks */ = {isa = PBXBuildFile; fileRef = 1F67AAFE171C011800357955 /* UIKit.framework */; };
		1F4B5529171EAFA7004EB4A1 /* Foundation.framework in Frameworks */ = {isa = PBXBuildFile; fileRef = 1F67AAED171C011800357955 /* Foundation.framework */; };
		1F4B5531171EAFA7004EB4A1 /* InfoPlist.strings in Resources */ = {isa = PBXBuildFile; fileRef = 1F4B552F171EAFA7004EB4A1 /* InfoPlist.strings */; };
		1F4B5534171EAFA7004EB4A1 /* KechengIphoneTestTests.m in Sources */ = {isa = PBXBuildFile; fileRef = 1F4B5533171EAFA7004EB4A1 /* KechengIphoneTestTests.m */; };
		1F5A15CC171CE58F00FDF2A0 /* ChatMessage.m in Sources */ = {isa = PBXBuildFile; fileRef = 1F5A15CB171CE58F00FDF2A0 /* ChatMessage.m */; };
		1F5A15D0171CE7C900FDF2A0 /* ChatDBHelper.m in Sources */ = {isa = PBXBuildFile; fileRef = 1F5A15CF171CE7C900FDF2A0 /* ChatDBHelper.m */; };
		1F5A1638171D06C300FDF2A0 /* XMPPAnonymousAuthentication.m in Sources */ = {isa = PBXBuildFile; fileRef = 1F5A15D8171D06C300FDF2A0 /* XMPPAnonymousAuthentication.m */; settings = {COMPILER_FLAGS = "-fobjc-arc"; }; };
		1F5A1639171D06C300FDF2A0 /* XMPPDeprecatedDigestAuthentication.m in Sources */ = {isa = PBXBuildFile; fileRef = 1F5A15DB171D06C300FDF2A0 /* XMPPDeprecatedDigestAuthentication.m */; settings = {COMPILER_FLAGS = "-fobjc-arc"; }; };
		1F5A163A171D06C300FDF2A0 /* XMPPDeprecatedPlainAuthentication.m in Sources */ = {isa = PBXBuildFile; fileRef = 1F5A15DE171D06C300FDF2A0 /* XMPPDeprecatedPlainAuthentication.m */; settings = {COMPILER_FLAGS = "-fobjc-arc"; }; };
		1F5A163B171D06C300FDF2A0 /* XMPPDigestMD5Authentication.m in Sources */ = {isa = PBXBuildFile; fileRef = 1F5A15E1171D06C300FDF2A0 /* XMPPDigestMD5Authentication.m */; settings = {COMPILER_FLAGS = "-fobjc-arc"; }; };
		1F5A163C171D06C300FDF2A0 /* XMPPPlainAuthentication.m in Sources */ = {isa = PBXBuildFile; fileRef = 1F5A15E4171D06C300FDF2A0 /* XMPPPlainAuthentication.m */; settings = {COMPILER_FLAGS = "-fobjc-arc"; }; };
		1F5A163D171D06C300FDF2A0 /* XMPPXFacebookPlatformAuthentication.m in Sources */ = {isa = PBXBuildFile; fileRef = 1F5A15E7171D06C300FDF2A0 /* XMPPXFacebookPlatformAuthentication.m */; settings = {COMPILER_FLAGS = "-fobjc-arc"; }; };
		1F5A163E171D06C300FDF2A0 /* NSData+XMPP.m in Sources */ = {isa = PBXBuildFile; fileRef = 1F5A15EB171D06C300FDF2A0 /* NSData+XMPP.m */; settings = {COMPILER_FLAGS = "-fobjc-arc"; }; };
		1F5A163F171D06C300FDF2A0 /* NSNumber+XMPP.m in Sources */ = {isa = PBXBuildFile; fileRef = 1F5A15ED171D06C300FDF2A0 /* NSNumber+XMPP.m */; settings = {COMPILER_FLAGS = "-fobjc-arc"; }; };
		1F5A1640171D06C300FDF2A0 /* NSXMLElement+XMPP.m in Sources */ = {isa = PBXBuildFile; fileRef = 1F5A15EF171D06C300FDF2A0 /* NSXMLElement+XMPP.m */; settings = {COMPILER_FLAGS = "-fobjc-arc"; }; };
		1F5A1641171D06C300FDF2A0 /* XMPPElement.m in Sources */ = {isa = PBXBuildFile; fileRef = 1F5A15F3171D06C300FDF2A0 /* XMPPElement.m */; settings = {COMPILER_FLAGS = "-fobjc-arc"; }; };
		1F5A1642171D06C300FDF2A0 /* XMPPIQ.m in Sources */ = {isa = PBXBuildFile; fileRef = 1F5A15F6171D06C300FDF2A0 /* XMPPIQ.m */; settings = {COMPILER_FLAGS = "-fobjc-arc"; }; };
		1F5A1643171D06C300FDF2A0 /* XMPPJID.m in Sources */ = {isa = PBXBuildFile; fileRef = 1F5A15F8171D06C300FDF2A0 /* XMPPJID.m */; settings = {COMPILER_FLAGS = "-fobjc-arc"; }; };
		1F5A1644171D06C300FDF2A0 /* XMPPMessage.m in Sources */ = {isa = PBXBuildFile; fileRef = 1F5A15FB171D06C300FDF2A0 /* XMPPMessage.m */; settings = {COMPILER_FLAGS = "-fobjc-arc"; }; };
		1F5A1645171D06C300FDF2A0 /* XMPPModule.m in Sources */ = {isa = PBXBuildFile; fileRef = 1F5A15FD171D06C300FDF2A0 /* XMPPModule.m */; settings = {COMPILER_FLAGS = "-fobjc-arc"; }; };
		1F5A1646171D06C300FDF2A0 /* XMPPParser.m in Sources */ = {isa = PBXBuildFile; fileRef = 1F5A15FF171D06C300FDF2A0 /* XMPPParser.m */; settings = {COMPILER_FLAGS = "-fobjc-arc"; }; };
		1F5A1647171D06C300FDF2A0 /* XMPPPresence.m in Sources */ = {isa = PBXBuildFile; fileRef = 1F5A1601171D06C300FDF2A0 /* XMPPPresence.m */; settings = {COMPILER_FLAGS = "-fobjc-arc"; }; };
		1F5A1648171D06C300FDF2A0 /* XMPPStream.m in Sources */ = {isa = PBXBuildFile; fileRef = 1F5A1603171D06C300FDF2A0 /* XMPPStream.m */; settings = {COMPILER_FLAGS = "-fobjc-arc"; }; };
		1F5A1649171D06C300FDF2A0 /* DDList.m in Sources */ = {isa = PBXBuildFile; fileRef = 1F5A1606171D06C300FDF2A0 /* DDList.m */; settings = {COMPILER_FLAGS = "-fobjc-arc"; }; };
		1F5A164A171D06C300FDF2A0 /* GCDMulticastDelegate.m in Sources */ = {isa = PBXBuildFile; fileRef = 1F5A1608171D06C300FDF2A0 /* GCDMulticastDelegate.m */; settings = {COMPILER_FLAGS = "-fobjc-arc"; }; };
		1F5A164B171D06C300FDF2A0 /* LibIDN.m in Sources */ = {isa = PBXBuildFile; fileRef = 1F5A160A171D06C300FDF2A0 /* LibIDN.m */; settings = {COMPILER_FLAGS = "-fobjc-arc"; }; };
		1F5A164C171D06C300FDF2A0 /* RFImageToDataTransformer.m in Sources */ = {isa = PBXBuildFile; fileRef = 1F5A160C171D06C300FDF2A0 /* RFImageToDataTransformer.m */; settings = {COMPILER_FLAGS = "-fobjc-arc"; }; };
		1F5A164D171D06C300FDF2A0 /* XMPPIDTracker.m in Sources */ = {isa = PBXBuildFile; fileRef = 1F5A160E171D06C300FDF2A0 /* XMPPIDTracker.m */; settings = {COMPILER_FLAGS = "-fobjc-arc"; }; };
		1F5A164E171D06C300FDF2A0 /* XMPPSRVResolver.m in Sources */ = {isa = PBXBuildFile; fileRef = 1F5A1610171D06C300FDF2A0 /* XMPPSRVResolver.m */; settings = {COMPILER_FLAGS = "-fobjc-arc"; }; };
		1F5A164F171D06C300FDF2A0 /* GCDAsyncSocket.m in Sources */ = {isa = PBXBuildFile; fileRef = 1F5A1614171D06C300FDF2A0 /* GCDAsyncSocket.m */; settings = {COMPILER_FLAGS = "-fobjc-arc"; }; };
		1F5A1650171D06C300FDF2A0 /* DDAbstractDatabaseLogger.m in Sources */ = {isa = PBXBuildFile; fileRef = 1F5A1617171D06C300FDF2A0 /* DDAbstractDatabaseLogger.m */; settings = {COMPILER_FLAGS = "-fobjc-arc"; }; };
		1F5A1651171D06C300FDF2A0 /* DDASLLogger.m in Sources */ = {isa = PBXBuildFile; fileRef = 1F5A1619171D06C300FDF2A0 /* DDASLLogger.m */; settings = {COMPILER_FLAGS = "-fobjc-arc"; }; };
		1F5A1652171D06C300FDF2A0 /* DDFileLogger.m in Sources */ = {isa = PBXBuildFile; fileRef = 1F5A161B171D06C300FDF2A0 /* DDFileLogger.m */; settings = {COMPILER_FLAGS = "-fobjc-arc"; }; };
		1F5A1653171D06C300FDF2A0 /* DDLog.m in Sources */ = {isa = PBXBuildFile; fileRef = 1F5A161D171D06C300FDF2A0 /* DDLog.m */; settings = {COMPILER_FLAGS = "-fobjc-arc"; }; };
		1F5A1654171D06C300FDF2A0 /* DDTTYLogger.m in Sources */ = {isa = PBXBuildFile; fileRef = 1F5A161F171D06C300FDF2A0 /* DDTTYLogger.m */; settings = {COMPILER_FLAGS = "-fobjc-arc"; }; };
		1F5A1655171D06C300FDF2A0 /* ContextFilterLogFormatter.m in Sources */ = {isa = PBXBuildFile; fileRef = 1F5A1622171D06C300FDF2A0 /* ContextFilterLogFormatter.m */; settings = {COMPILER_FLAGS = "-fobjc-arc"; }; };
		1F5A1656171D06C300FDF2A0 /* DispatchQueueLogFormatter.m in Sources */ = {isa = PBXBuildFile; fileRef = 1F5A1624171D06C300FDF2A0 /* DispatchQueueLogFormatter.m */; settings = {COMPILER_FLAGS = "-fobjc-arc"; }; };
		1F5A1657171D06C300FDF2A0 /* NSString+DDXML.m in Sources */ = {isa = PBXBuildFile; fileRef = 1F5A1629171D06C300FDF2A0 /* NSString+DDXML.m */; settings = {COMPILER_FLAGS = "-fobjc-arc"; }; };
		1F5A1658171D06C300FDF2A0 /* DDXMLDocument.m in Sources */ = {isa = PBXBuildFile; fileRef = 1F5A162C171D06C300FDF2A0 /* DDXMLDocument.m */; settings = {COMPILER_FLAGS = "-fobjc-arc"; }; };
		1F5A1659171D06C300FDF2A0 /* DDXMLElement.m in Sources */ = {isa = PBXBuildFile; fileRef = 1F5A162E171D06C300FDF2A0 /* DDXMLElement.m */; settings = {COMPILER_FLAGS = "-fobjc-arc"; }; };
		1F5A165A171D06C300FDF2A0 /* DDXMLNode.m in Sources */ = {isa = PBXBuildFile; fileRef = 1F5A1630171D06C300FDF2A0 /* DDXMLNode.m */; settings = {COMPILER_FLAGS = "-fobjc-arc"; }; };
		1F5A165D171D248100FDF2A0 /* UIKit.framework in Frameworks */ = {isa = PBXBuildFile; fileRef = 1F5A165C171D248100FDF2A0 /* UIKit.framework */; };
		1F5A1663171D27EA00FDF2A0 /* libsqlite3.0.dylib in Frameworks */ = {isa = PBXBuildFile; fileRef = 1F5A1662171D27EA00FDF2A0 /* libsqlite3.0.dylib */; };
		1F5A87A71721109400C5BD0A /* global_bg_pattern.png in Resources */ = {isa = PBXBuildFile; fileRef = 1F5A87A61721109400C5BD0A /* global_bg_pattern.png */; };
		1F5A87AA1721181400C5BD0A /* ChatDefinitions.m in Sources */ = {isa = PBXBuildFile; fileRef = 1F5A87A91721181400C5BD0A /* ChatDefinitions.m */; };
		1F5A87AB1721181400C5BD0A /* ChatDefinitions.m in Sources */ = {isa = PBXBuildFile; fileRef = 1F5A87A91721181400C5BD0A /* ChatDefinitions.m */; };
		1F5A87AE17211C0700C5BD0A /* TestUser.m in Sources */ = {isa = PBXBuildFile; fileRef = 1F5A87AD17211C0700C5BD0A /* TestUser.m */; };
		1F5A87AF17211C0700C5BD0A /* TestUser.m in Sources */ = {isa = PBXBuildFile; fileRef = 1F5A87AD17211C0700C5BD0A /* TestUser.m */; };
		1F5A87B01721247300C5BD0A /* CFNetwork.framework in Frameworks */ = {isa = PBXBuildFile; fileRef = 1F155198171FC3BF00C7469E /* CFNetwork.framework */; };
		1F5A87B11721249600C5BD0A /* Security.framework in Frameworks */ = {isa = PBXBuildFile; fileRef = 1F15519A171FC3CD00C7469E /* Security.framework */; };
		1F5A87B2172124F100C5BD0A /* libresolv.dylib in Frameworks */ = {isa = PBXBuildFile; fileRef = 1F15519E171FC73E00C7469E /* libresolv.dylib */; };
		1F5A87B31721259700C5BD0A /* libidn.a in Frameworks */ = {isa = PBXBuildFile; fileRef = 1F5A1636171D06C300FDF2A0 /* libidn.a */; };
		1F5A87B4172125AA00C5BD0A /* libxml2.dylib in Frameworks */ = {isa = PBXBuildFile; fileRef = 1F5A1660171D269100FDF2A0 /* libxml2.dylib */; };
		1F67AAEE171C011800357955 /* Foundation.framework in Frameworks */ = {isa = PBXBuildFile; fileRef = 1F67AAED171C011800357955 /* Foundation.framework */; };
		1F67AAFD171C011800357955 /* SenTestingKit.framework in Frameworks */ = {isa = PBXBuildFile; fileRef = 1F67AAFC171C011800357955 /* SenTestingKit.framework */; };
		1F67AB00171C011800357955 /* Foundation.framework in Frameworks */ = {isa = PBXBuildFile; fileRef = 1F67AAED171C011800357955 /* Foundation.framework */; };
		1F67AB03171C011800357955 /* libKechengIphoneChatLib.a in Frameworks */ = {isa = PBXBuildFile; fileRef = 1F67AAEA171C011800357955 /* libKechengIphoneChatLib.a */; };
		1F67AB18171C016E00357955 /* ChatManager.m in Sources */ = {isa = PBXBuildFile; fileRef = 1F67AB17171C016E00357955 /* ChatManager.m */; };
/* End PBXBuildFile section */

/* Begin PBXContainerItemProxy section */
		1F29412E171EC10100EE3F19 /* PBXContainerItemProxy */ = {
			isa = PBXContainerItemProxy;
			containerPortal = 1F67AAE2171C011800357955 /* Project object */;
			proxyType = 1;
			remoteGlobalIDString = 1F67AAE9171C011800357955;
			remoteInfo = KechengIphoneChatLib;
		};
		1F4B552A171EAFA7004EB4A1 /* PBXContainerItemProxy */ = {
			isa = PBXContainerItemProxy;
			containerPortal = 1F67AAE2171C011800357955 /* Project object */;
			proxyType = 1;
			remoteGlobalIDString = 1F4B5503171EAFA6004EB4A1;
			remoteInfo = KechengIphoneTest;
		};
		1F67AB01171C011800357955 /* PBXContainerItemProxy */ = {
			isa = PBXContainerItemProxy;
			containerPortal = 1F67AAE2171C011800357955 /* Project object */;
			proxyType = 1;
			remoteGlobalIDString = 1F67AAE9171C011800357955;
			remoteInfo = KechengIphoneChatLib;
		};
/* End PBXContainerItemProxy section */

/* Begin PBXCopyFilesBuildPhase section */
		1F67AAE8171C011800357955 /* CopyFiles */ = {
			isa = PBXCopyFilesBuildPhase;
			buildActionMask = 2147483647;
			dstPath = "include/${PRODUCT_NAME}";
			dstSubfolderSpec = 16;
			files = (
			);
			runOnlyForDeploymentPostprocessing = 0;
		};
/* End PBXCopyFilesBuildPhase section */

/* Begin PBXFileReference section */
		1F155198171FC3BF00C7469E /* CFNetwork.framework */ = {isa = PBXFileReference; lastKnownFileType = wrapper.framework; name = CFNetwork.framework; path = System/Library/Frameworks/CFNetwork.framework; sourceTree = SDKROOT; };
		1F15519A171FC3CD00C7469E /* Security.framework */ = {isa = PBXFileReference; lastKnownFileType = wrapper.framework; name = Security.framework; path = System/Library/Frameworks/Security.framework; sourceTree = SDKROOT; };
		1F15519C171FC42D00C7469E /* libdnsinfo.dylib */ = {isa = PBXFileReference; lastKnownFileType = "compiled.mach-o.dylib"; name = libdnsinfo.dylib; path = usr/lib/system/libdnsinfo.dylib; sourceTree = SDKROOT; };
		1F15519E171FC73E00C7469E /* libresolv.dylib */ = {isa = PBXFileReference; lastKnownFileType = "compiled.mach-o.dylib"; name = libresolv.dylib; path = usr/lib/libresolv.dylib; sourceTree = SDKROOT; };
		1F492D4C171F8EB50047066C /* ChatViewController.h */ = {isa = PBXFileReference; fileEncoding = 4; lastKnownFileType = sourcecode.c.h; path = ChatViewController.h; sourceTree = "<group>"; };
		1F492D4D171F8EB50047066C /* ChatViewController.m */ = {isa = PBXFileReference; fileEncoding = 4; lastKnownFileType = sourcecode.c.objc; path = ChatViewController.m; sourceTree = "<group>"; };
		1F492D4E171F8EB50047066C /* ChatViewController.xib */ = {isa = PBXFileReference; fileEncoding = 4; lastKnownFileType = file.xib; path = ChatViewController.xib; sourceTree = "<group>"; };
		1F4B54DA171E5976004EB4A1 /* ChatTableView.h */ = {isa = PBXFileReference; fileEncoding = 4; lastKnownFileType = sourcecode.c.h; path = ChatTableView.h; sourceTree = "<group>"; };
		1F4B54DB171E5976004EB4A1 /* ChatTableView.m */ = {isa = PBXFileReference; fileEncoding = 4; lastKnownFileType = sourcecode.c.objc; path = ChatTableView.m; sourceTree = "<group>"; };
		1F4B54DD171E5990004EB4A1 /* ChatTableViewCell.h */ = {isa = PBXFileReference; fileEncoding = 4; lastKnownFileType = sourcecode.c.h; path = ChatTableViewCell.h; sourceTree = "<group>"; };
		1F4B54DE171E5990004EB4A1 /* ChatTableViewCell.m */ = {isa = PBXFileReference; fileEncoding = 4; lastKnownFileType = sourcecode.c.objc; path = ChatTableViewCell.m; sourceTree = "<group>"; };
		1F4B54E0171E619B004EB4A1 /* ChatInputView.h */ = {isa = PBXFileReference; fileEncoding = 4; lastKnownFileType = sourcecode.c.h; path = ChatInputView.h; sourceTree = "<group>"; };
		1F4B54E1171E619B004EB4A1 /* ChatInputView.m */ = {isa = PBXFileReference; fileEncoding = 4; lastKnownFileType = sourcecode.c.objc; path = ChatInputView.m; sourceTree = "<group>"; };
		1F4B54E4171E6200004EB4A1 /* ChatEmoView.h */ = {isa = PBXFileReference; fileEncoding = 4; lastKnownFileType = sourcecode.c.h; path = ChatEmoView.h; sourceTree = "<group>"; };
		1F4B54E5171E6200004EB4A1 /* ChatEmoView.m */ = {isa = PBXFileReference; fileEncoding = 4; lastKnownFileType = sourcecode.c.objc; path = ChatEmoView.m; sourceTree = "<group>"; };
		1F4B54E7171E62D5004EB4A1 /* ChatHeaderView.h */ = {isa = PBXFileReference; fileEncoding = 4; lastKnownFileType = sourcecode.c.h; path = ChatHeaderView.h; sourceTree = "<group>"; };
		1F4B54E8171E62D5004EB4A1 /* ChatHeaderView.m */ = {isa = PBXFileReference; fileEncoding = 4; lastKnownFileType = sourcecode.c.objc; path = ChatHeaderView.m; sourceTree = "<group>"; };
		1F4B54EB171E6379004EB4A1 /* ChatHeaderView.xib */ = {isa = PBXFileReference; fileEncoding = 4; lastKnownFileType = file.xib; path = ChatHeaderView.xib; sourceTree = "<group>"; };
		1F4B54ED171E72F9004EB4A1 /* ChatEmojis.h */ = {isa = PBXFileReference; fileEncoding = 4; lastKnownFileType = sourcecode.c.h; path = ChatEmojis.h; sourceTree = "<group>"; };
		1F4B54EE171E72FA004EB4A1 /* ChatEmojis.m */ = {isa = PBXFileReference; fileEncoding = 4; lastKnownFileType = sourcecode.c.objc; path = ChatEmojis.m; sourceTree = "<group>"; };
		1F4B54F0171E7D95004EB4A1 /* ChatDefinitions.h */ = {isa = PBXFileReference; fileEncoding = 4; lastKnownFileType = sourcecode.c.h; path = ChatDefinitions.h; sourceTree = "<group>"; };
		1F4B54F2171E9A21004EB4A1 /* CopyLabel.h */ = {isa = PBXFileReference; fileEncoding = 4; lastKnownFileType = sourcecode.c.h; path = CopyLabel.h; sourceTree = "<group>"; };
		1F4B54F3171E9A21004EB4A1 /* CopyLabel.m */ = {isa = PBXFileReference; fileEncoding = 4; lastKnownFileType = sourcecode.c.objc; path = CopyLabel.m; sourceTree = "<group>"; };
		1F4B54F6171E9C5F004EB4A1 /* bubble_1@2x.png */ = {isa = PBXFileReference; lastKnownFileType = image.png; path = "bubble_1@2x.png"; sourceTree = "<group>"; };
		1F4B54F7171E9C5F004EB4A1 /* bubble_2@2x.png */ = {isa = PBXFileReference; lastKnownFileType = image.png; path = "bubble_2@2x.png"; sourceTree = "<group>"; };
		1F4B54F8171EA071004EB4A1 /* ChatInputView.xib */ = {isa = PBXFileReference; fileEncoding = 4; lastKnownFileType = file.xib; path = ChatInputView.xib; sourceTree = "<group>"; };
		1F4B54F9171EAB40004EB4A1 /* button_send_pressed@2x.png */ = {isa = PBXFileReference; lastKnownFileType = image.png; path = "button_send_pressed@2x.png"; sourceTree = "<group>"; };
		1F4B54FA171EAB40004EB4A1 /* button_send@2x.png */ = {isa = PBXFileReference; lastKnownFileType = image.png; path = "button_send@2x.png"; sourceTree = "<group>"; };
		1F4B54FB171EABF6004EB4A1 /* chat@2x.png */ = {isa = PBXFileReference; lastKnownFileType = image.png; path = "chat@2x.png"; sourceTree = "<group>"; };
		1F4B54FC171EACE2004EB4A1 /* emoji_button_pressed@2x.png */ = {isa = PBXFileReference; lastKnownFileType = image.png; path = "emoji_button_pressed@2x.png"; sourceTree = "<group>"; };
		1F4B54FD171EACE2004EB4A1 /* emoji_button@2x.png */ = {isa = PBXFileReference; lastKnownFileType = image.png; path = "emoji_button@2x.png"; sourceTree = "<group>"; };
		1F4B54FE171EACE2004EB4A1 /* keyboard_button_pressed@2x.png */ = {isa = PBXFileReference; lastKnownFileType = image.png; path = "keyboard_button_pressed@2x.png"; sourceTree = "<group>"; };
		1F4B54FF171EACE2004EB4A1 /* keyboard_button@2x.png */ = {isa = PBXFileReference; lastKnownFileType = image.png; path = "keyboard_button@2x.png"; sourceTree = "<group>"; };
		1F4B5504171EAFA6004EB4A1 /* KechengIphoneTest.app */ = {isa = PBXFileReference; explicitFileType = wrapper.application; includeInIndex = 0; path = KechengIphoneTest.app; sourceTree = BUILT_PRODUCTS_DIR; };
		1F4B5507171EAFA6004EB4A1 /* CoreGraphics.framework */ = {isa = PBXFileReference; lastKnownFileType = wrapper.framework; name = CoreGraphics.framework; path = System/Library/Frameworks/CoreGraphics.framework; sourceTree = SDKROOT; };
		1F4B550B171EAFA6004EB4A1 /* KechengIphoneTest-Info.plist */ = {isa = PBXFileReference; lastKnownFileType = text.plist.xml; path = "KechengIphoneTest-Info.plist"; sourceTree = "<group>"; };
		1F4B550D171EAFA6004EB4A1 /* en */ = {isa = PBXFileReference; lastKnownFileType = text.plist.strings; name = en; path = en.lproj/InfoPlist.strings; sourceTree = "<group>"; };
		1F4B550F171EAFA6004EB4A1 /* main.m */ = {isa = PBXFileReference; lastKnownFileType = sourcecode.c.objc; path = main.m; sourceTree = "<group>"; };
		1F4B5511171EAFA6004EB4A1 /* KechengIphoneTest-Prefix.pch */ = {isa = PBXFileReference; lastKnownFileType = sourcecode.c.h; path = "KechengIphoneTest-Prefix.pch"; sourceTree = "<group>"; };
		1F4B5512171EAFA6004EB4A1 /* AppDelegate.h */ = {isa = PBXFileReference; lastKnownFileType = sourcecode.c.h; path = AppDelegate.h; sourceTree = "<group>"; };
		1F4B5513171EAFA6004EB4A1 /* AppDelegate.m */ = {isa = PBXFileReference; lastKnownFileType = sourcecode.c.objc; path = AppDelegate.m; sourceTree = "<group>"; };
		1F4B5515171EAFA6004EB4A1 /* Default.png */ = {isa = PBXFileReference; lastKnownFileType = image.png; path = Default.png; sourceTree = "<group>"; };
		1F4B5517171EAFA6004EB4A1 /* Default@2x.png */ = {isa = PBXFileReference; lastKnownFileType = image.png; path = "Default@2x.png"; sourceTree = "<group>"; };
		1F4B5519171EAFA6004EB4A1 /* Default-568h@2x.png */ = {isa = PBXFileReference; lastKnownFileType = image.png; path = "Default-568h@2x.png"; sourceTree = "<group>"; };
		1F4B5526171EAFA6004EB4A1 /* KechengIphoneTestTests.octest */ = {isa = PBXFileReference; explicitFileType = wrapper.cfbundle; includeInIndex = 0; path = KechengIphoneTestTests.octest; sourceTree = BUILT_PRODUCTS_DIR; };
		1F4B552E171EAFA7004EB4A1 /* KechengIphoneTestTests-Info.plist */ = {isa = PBXFileReference; lastKnownFileType = text.plist.xml; path = "KechengIphoneTestTests-Info.plist"; sourceTree = "<group>"; };
		1F4B5530171EAFA7004EB4A1 /* en */ = {isa = PBXFileReference; lastKnownFileType = text.plist.strings; name = en; path = en.lproj/InfoPlist.strings; sourceTree = "<group>"; };
		1F4B5532171EAFA7004EB4A1 /* KechengIphoneTestTests.h */ = {isa = PBXFileReference; lastKnownFileType = sourcecode.c.h; path = KechengIphoneTestTests.h; sourceTree = "<group>"; };
		1F4B5533171EAFA7004EB4A1 /* KechengIphoneTestTests.m */ = {isa = PBXFileReference; lastKnownFileType = sourcecode.c.objc; path = KechengIphoneTestTests.m; sourceTree = "<group>"; };
		1F5A15CA171CE58F00FDF2A0 /* ChatMessage.h */ = {isa = PBXFileReference; fileEncoding = 4; lastKnownFileType = sourcecode.c.h; path = ChatMessage.h; sourceTree = "<group>"; };
		1F5A15CB171CE58F00FDF2A0 /* ChatMessage.m */ = {isa = PBXFileReference; fileEncoding = 4; lastKnownFileType = sourcecode.c.objc; path = ChatMessage.m; sourceTree = "<group>"; };
		1F5A15CD171CE63E00FDF2A0 /* ChatUser.h */ = {isa = PBXFileReference; lastKnownFileType = sourcecode.c.h; path = ChatUser.h; sourceTree = "<group>"; };
		1F5A15CE171CE7C900FDF2A0 /* ChatDBHelper.h */ = {isa = PBXFileReference; fileEncoding = 4; lastKnownFileType = sourcecode.c.h; path = ChatDBHelper.h; sourceTree = "<group>"; };
		1F5A15CF171CE7C900FDF2A0 /* ChatDBHelper.m */ = {isa = PBXFileReference; fileEncoding = 4; lastKnownFileType = sourcecode.c.objc; path = ChatDBHelper.m; sourceTree = "<group>"; };
		1F5A15D7171D06C300FDF2A0 /* XMPPAnonymousAuthentication.h */ = {isa = PBXFileReference; fileEncoding = 4; lastKnownFileType = sourcecode.c.h; path = XMPPAnonymousAuthentication.h; sourceTree = "<group>"; };
		1F5A15D8171D06C300FDF2A0 /* XMPPAnonymousAuthentication.m */ = {isa = PBXFileReference; fileEncoding = 4; lastKnownFileType = sourcecode.c.objc; path = XMPPAnonymousAuthentication.m; sourceTree = "<group>"; };
		1F5A15DA171D06C300FDF2A0 /* XMPPDeprecatedDigestAuthentication.h */ = {isa = PBXFileReference; fileEncoding = 4; lastKnownFileType = sourcecode.c.h; path = XMPPDeprecatedDigestAuthentication.h; sourceTree = "<group>"; };
		1F5A15DB171D06C300FDF2A0 /* XMPPDeprecatedDigestAuthentication.m */ = {isa = PBXFileReference; fileEncoding = 4; lastKnownFileType = sourcecode.c.objc; path = XMPPDeprecatedDigestAuthentication.m; sourceTree = "<group>"; };
		1F5A15DD171D06C300FDF2A0 /* XMPPDeprecatedPlainAuthentication.h */ = {isa = PBXFileReference; fileEncoding = 4; lastKnownFileType = sourcecode.c.h; path = XMPPDeprecatedPlainAuthentication.h; sourceTree = "<group>"; };
		1F5A15DE171D06C300FDF2A0 /* XMPPDeprecatedPlainAuthentication.m */ = {isa = PBXFileReference; fileEncoding = 4; lastKnownFileType = sourcecode.c.objc; path = XMPPDeprecatedPlainAuthentication.m; sourceTree = "<group>"; };
		1F5A15E0171D06C300FDF2A0 /* XMPPDigestMD5Authentication.h */ = {isa = PBXFileReference; fileEncoding = 4; lastKnownFileType = sourcecode.c.h; path = XMPPDigestMD5Authentication.h; sourceTree = "<group>"; };
		1F5A15E1171D06C300FDF2A0 /* XMPPDigestMD5Authentication.m */ = {isa = PBXFileReference; fileEncoding = 4; lastKnownFileType = sourcecode.c.objc; path = XMPPDigestMD5Authentication.m; sourceTree = "<group>"; };
		1F5A15E3171D06C300FDF2A0 /* XMPPPlainAuthentication.h */ = {isa = PBXFileReference; fileEncoding = 4; lastKnownFileType = sourcecode.c.h; path = XMPPPlainAuthentication.h; sourceTree = "<group>"; };
		1F5A15E4171D06C300FDF2A0 /* XMPPPlainAuthentication.m */ = {isa = PBXFileReference; fileEncoding = 4; lastKnownFileType = sourcecode.c.objc; path = XMPPPlainAuthentication.m; sourceTree = "<group>"; };
		1F5A15E6171D06C300FDF2A0 /* XMPPXFacebookPlatformAuthentication.h */ = {isa = PBXFileReference; fileEncoding = 4; lastKnownFileType = sourcecode.c.h; path = XMPPXFacebookPlatformAuthentication.h; sourceTree = "<group>"; };
		1F5A15E7171D06C300FDF2A0 /* XMPPXFacebookPlatformAuthentication.m */ = {isa = PBXFileReference; fileEncoding = 4; lastKnownFileType = sourcecode.c.objc; path = XMPPXFacebookPlatformAuthentication.m; sourceTree = "<group>"; };
		1F5A15E8171D06C300FDF2A0 /* XMPPSASLAuthentication.h */ = {isa = PBXFileReference; fileEncoding = 4; lastKnownFileType = sourcecode.c.h; path = XMPPSASLAuthentication.h; sourceTree = "<group>"; };
		1F5A15EA171D06C300FDF2A0 /* NSData+XMPP.h */ = {isa = PBXFileReference; fileEncoding = 4; lastKnownFileType = sourcecode.c.h; path = "NSData+XMPP.h"; sourceTree = "<group>"; };
		1F5A15EB171D06C300FDF2A0 /* NSData+XMPP.m */ = {isa = PBXFileReference; fileEncoding = 4; lastKnownFileType = sourcecode.c.objc; path = "NSData+XMPP.m"; sourceTree = "<group>"; };
		1F5A15EC171D06C300FDF2A0 /* NSNumber+XMPP.h */ = {isa = PBXFileReference; fileEncoding = 4; lastKnownFileType = sourcecode.c.h; path = "NSNumber+XMPP.h"; sourceTree = "<group>"; };
		1F5A15ED171D06C300FDF2A0 /* NSNumber+XMPP.m */ = {isa = PBXFileReference; fileEncoding = 4; lastKnownFileType = sourcecode.c.objc; path = "NSNumber+XMPP.m"; sourceTree = "<group>"; };
		1F5A15EE171D06C300FDF2A0 /* NSXMLElement+XMPP.h */ = {isa = PBXFileReference; fileEncoding = 4; lastKnownFileType = sourcecode.c.h; path = "NSXMLElement+XMPP.h"; sourceTree = "<group>"; };
		1F5A15EF171D06C300FDF2A0 /* NSXMLElement+XMPP.m */ = {isa = PBXFileReference; fileEncoding = 4; lastKnownFileType = sourcecode.c.objc; path = "NSXMLElement+XMPP.m"; sourceTree = "<group>"; };
		1F5A15F1171D06C300FDF2A0 /* XMPP.h */ = {isa = PBXFileReference; fileEncoding = 4; lastKnownFileType = sourcecode.c.h; path = XMPP.h; sourceTree = "<group>"; };
		1F5A15F2171D06C300FDF2A0 /* XMPPElement.h */ = {isa = PBXFileReference; fileEncoding = 4; lastKnownFileType = sourcecode.c.h; path = XMPPElement.h; sourceTree = "<group>"; };
		1F5A15F3171D06C300FDF2A0 /* XMPPElement.m */ = {isa = PBXFileReference; fileEncoding = 4; lastKnownFileType = sourcecode.c.objc; path = XMPPElement.m; sourceTree = "<group>"; };
		1F5A15F4171D06C300FDF2A0 /* XMPPInternal.h */ = {isa = PBXFileReference; fileEncoding = 4; lastKnownFileType = sourcecode.c.h; path = XMPPInternal.h; sourceTree = "<group>"; };
		1F5A15F5171D06C300FDF2A0 /* XMPPIQ.h */ = {isa = PBXFileReference; fileEncoding = 4; lastKnownFileType = sourcecode.c.h; path = XMPPIQ.h; sourceTree = "<group>"; };
		1F5A15F6171D06C300FDF2A0 /* XMPPIQ.m */ = {isa = PBXFileReference; fileEncoding = 4; lastKnownFileType = sourcecode.c.objc; path = XMPPIQ.m; sourceTree = "<group>"; };
		1F5A15F7171D06C300FDF2A0 /* XMPPJID.h */ = {isa = PBXFileReference; fileEncoding = 4; lastKnownFileType = sourcecode.c.h; path = XMPPJID.h; sourceTree = "<group>"; };
		1F5A15F8171D06C300FDF2A0 /* XMPPJID.m */ = {isa = PBXFileReference; fileEncoding = 4; lastKnownFileType = sourcecode.c.objc; path = XMPPJID.m; sourceTree = "<group>"; };
		1F5A15F9171D06C300FDF2A0 /* XMPPLogging.h */ = {isa = PBXFileReference; fileEncoding = 4; lastKnownFileType = sourcecode.c.h; path = XMPPLogging.h; sourceTree = "<group>"; };
		1F5A15FA171D06C300FDF2A0 /* XMPPMessage.h */ = {isa = PBXFileReference; fileEncoding = 4; lastKnownFileType = sourcecode.c.h; path = XMPPMessage.h; sourceTree = "<group>"; };
		1F5A15FB171D06C300FDF2A0 /* XMPPMessage.m */ = {isa = PBXFileReference; fileEncoding = 4; lastKnownFileType = sourcecode.c.objc; path = XMPPMessage.m; sourceTree = "<group>"; };
		1F5A15FC171D06C300FDF2A0 /* XMPPModule.h */ = {isa = PBXFileReference; fileEncoding = 4; lastKnownFileType = sourcecode.c.h; path = XMPPModule.h; sourceTree = "<group>"; };
		1F5A15FD171D06C300FDF2A0 /* XMPPModule.m */ = {isa = PBXFileReference; fileEncoding = 4; lastKnownFileType = sourcecode.c.objc; path = XMPPModule.m; sourceTree = "<group>"; };
		1F5A15FE171D06C300FDF2A0 /* XMPPParser.h */ = {isa = PBXFileReference; fileEncoding = 4; lastKnownFileType = sourcecode.c.h; path = XMPPParser.h; sourceTree = "<group>"; };
		1F5A15FF171D06C300FDF2A0 /* XMPPParser.m */ = {isa = PBXFileReference; fileEncoding = 4; lastKnownFileType = sourcecode.c.objc; path = XMPPParser.m; sourceTree = "<group>"; };
		1F5A1600171D06C300FDF2A0 /* XMPPPresence.h */ = {isa = PBXFileReference; fileEncoding = 4; lastKnownFileType = sourcecode.c.h; path = XMPPPresence.h; sourceTree = "<group>"; };
		1F5A1601171D06C300FDF2A0 /* XMPPPresence.m */ = {isa = PBXFileReference; fileEncoding = 4; lastKnownFileType = sourcecode.c.objc; path = XMPPPresence.m; sourceTree = "<group>"; };
		1F5A1602171D06C300FDF2A0 /* XMPPStream.h */ = {isa = PBXFileReference; fileEncoding = 4; lastKnownFileType = sourcecode.c.h; path = XMPPStream.h; sourceTree = "<group>"; };
		1F5A1603171D06C300FDF2A0 /* XMPPStream.m */ = {isa = PBXFileReference; fileEncoding = 4; lastKnownFileType = sourcecode.c.objc; path = XMPPStream.m; sourceTree = "<group>"; };
		1F5A1605171D06C300FDF2A0 /* DDList.h */ = {isa = PBXFileReference; fileEncoding = 4; lastKnownFileType = sourcecode.c.h; path = DDList.h; sourceTree = "<group>"; };
		1F5A1606171D06C300FDF2A0 /* DDList.m */ = {isa = PBXFileReference; fileEncoding = 4; lastKnownFileType = sourcecode.c.objc; path = DDList.m; sourceTree = "<group>"; };
		1F5A1607171D06C300FDF2A0 /* GCDMulticastDelegate.h */ = {isa = PBXFileReference; fileEncoding = 4; lastKnownFileType = sourcecode.c.h; path = GCDMulticastDelegate.h; sourceTree = "<group>"; };
		1F5A1608171D06C300FDF2A0 /* GCDMulticastDelegate.m */ = {isa = PBXFileReference; fileEncoding = 4; lastKnownFileType = sourcecode.c.objc; path = GCDMulticastDelegate.m; sourceTree = "<group>"; };
		1F5A1609171D06C300FDF2A0 /* LibIDN.h */ = {isa = PBXFileReference; fileEncoding = 4; lastKnownFileType = sourcecode.c.h; path = LibIDN.h; sourceTree = "<group>"; };
		1F5A160A171D06C300FDF2A0 /* LibIDN.m */ = {isa = PBXFileReference; fileEncoding = 4; lastKnownFileType = sourcecode.c.objc; path = LibIDN.m; sourceTree = "<group>"; };
		1F5A160B171D06C300FDF2A0 /* RFImageToDataTransformer.h */ = {isa = PBXFileReference; fileEncoding = 4; lastKnownFileType = sourcecode.c.h; path = RFImageToDataTransformer.h; sourceTree = "<group>"; };
		1F5A160C171D06C300FDF2A0 /* RFImageToDataTransformer.m */ = {isa = PBXFileReference; fileEncoding = 4; lastKnownFileType = sourcecode.c.objc; path = RFImageToDataTransformer.m; sourceTree = "<group>"; };
		1F5A160D171D06C300FDF2A0 /* XMPPIDTracker.h */ = {isa = PBXFileReference; fileEncoding = 4; lastKnownFileType = sourcecode.c.h; path = XMPPIDTracker.h; sourceTree = "<group>"; };
		1F5A160E171D06C300FDF2A0 /* XMPPIDTracker.m */ = {isa = PBXFileReference; fileEncoding = 4; lastKnownFileType = sourcecode.c.objc; path = XMPPIDTracker.m; sourceTree = "<group>"; };
		1F5A160F171D06C300FDF2A0 /* XMPPSRVResolver.h */ = {isa = PBXFileReference; fileEncoding = 4; lastKnownFileType = sourcecode.c.h; path = XMPPSRVResolver.h; sourceTree = "<group>"; };
		1F5A1610171D06C300FDF2A0 /* XMPPSRVResolver.m */ = {isa = PBXFileReference; fileEncoding = 4; lastKnownFileType = sourcecode.c.objc; path = XMPPSRVResolver.m; sourceTree = "<group>"; };
		1F5A1613171D06C300FDF2A0 /* GCDAsyncSocket.h */ = {isa = PBXFileReference; fileEncoding = 4; lastKnownFileType = sourcecode.c.h; path = GCDAsyncSocket.h; sourceTree = "<group>"; };
		1F5A1614171D06C300FDF2A0 /* GCDAsyncSocket.m */ = {isa = PBXFileReference; fileEncoding = 4; lastKnownFileType = sourcecode.c.objc; path = GCDAsyncSocket.m; sourceTree = "<group>"; };
		1F5A1616171D06C300FDF2A0 /* DDAbstractDatabaseLogger.h */ = {isa = PBXFileReference; fileEncoding = 4; lastKnownFileType = sourcecode.c.h; path = DDAbstractDatabaseLogger.h; sourceTree = "<group>"; };
		1F5A1617171D06C300FDF2A0 /* DDAbstractDatabaseLogger.m */ = {isa = PBXFileReference; fileEncoding = 4; lastKnownFileType = sourcecode.c.objc; path = DDAbstractDatabaseLogger.m; sourceTree = "<group>"; };
		1F5A1618171D06C300FDF2A0 /* DDASLLogger.h */ = {isa = PBXFileReference; fileEncoding = 4; lastKnownFileType = sourcecode.c.h; path = DDASLLogger.h; sourceTree = "<group>"; };
		1F5A1619171D06C300FDF2A0 /* DDASLLogger.m */ = {isa = PBXFileReference; fileEncoding = 4; lastKnownFileType = sourcecode.c.objc; path = DDASLLogger.m; sourceTree = "<group>"; };
		1F5A161A171D06C300FDF2A0 /* DDFileLogger.h */ = {isa = PBXFileReference; fileEncoding = 4; lastKnownFileType = sourcecode.c.h; path = DDFileLogger.h; sourceTree = "<group>"; };
		1F5A161B171D06C300FDF2A0 /* DDFileLogger.m */ = {isa = PBXFileReference; fileEncoding = 4; lastKnownFileType = sourcecode.c.objc; path = DDFileLogger.m; sourceTree = "<group>"; };
		1F5A161C171D06C300FDF2A0 /* DDLog.h */ = {isa = PBXFileReference; fileEncoding = 4; lastKnownFileType = sourcecode.c.h; path = DDLog.h; sourceTree = "<group>"; };
		1F5A161D171D06C300FDF2A0 /* DDLog.m */ = {isa = PBXFileReference; fileEncoding = 4; lastKnownFileType = sourcecode.c.objc; path = DDLog.m; sourceTree = "<group>"; };
		1F5A161E171D06C300FDF2A0 /* DDTTYLogger.h */ = {isa = PBXFileReference; fileEncoding = 4; lastKnownFileType = sourcecode.c.h; path = DDTTYLogger.h; sourceTree = "<group>"; };
		1F5A161F171D06C300FDF2A0 /* DDTTYLogger.m */ = {isa = PBXFileReference; fileEncoding = 4; lastKnownFileType = sourcecode.c.objc; path = DDTTYLogger.m; sourceTree = "<group>"; };
		1F5A1621171D06C300FDF2A0 /* ContextFilterLogFormatter.h */ = {isa = PBXFileReference; fileEncoding = 4; lastKnownFileType = sourcecode.c.h; path = ContextFilterLogFormatter.h; sourceTree = "<group>"; };
		1F5A1622171D06C300FDF2A0 /* ContextFilterLogFormatter.m */ = {isa = PBXFileReference; fileEncoding = 4; lastKnownFileType = sourcecode.c.objc; path = ContextFilterLogFormatter.m; sourceTree = "<group>"; };
		1F5A1623171D06C300FDF2A0 /* DispatchQueueLogFormatter.h */ = {isa = PBXFileReference; fileEncoding = 4; lastKnownFileType = sourcecode.c.h; path = DispatchQueueLogFormatter.h; sourceTree = "<group>"; };
		1F5A1624171D06C300FDF2A0 /* DispatchQueueLogFormatter.m */ = {isa = PBXFileReference; fileEncoding = 4; lastKnownFileType = sourcecode.c.objc; path = DispatchQueueLogFormatter.m; sourceTree = "<group>"; };
		1F5A1625171D06C300FDF2A0 /* README.txt */ = {isa = PBXFileReference; fileEncoding = 4; lastKnownFileType = text; path = README.txt; sourceTree = "<group>"; };
		1F5A1628171D06C300FDF2A0 /* NSString+DDXML.h */ = {isa = PBXFileReference; fileEncoding = 4; lastKnownFileType = sourcecode.c.h; path = "NSString+DDXML.h"; sourceTree = "<group>"; };
		1F5A1629171D06C300FDF2A0 /* NSString+DDXML.m */ = {isa = PBXFileReference; fileEncoding = 4; lastKnownFileType = sourcecode.c.objc; path = "NSString+DDXML.m"; sourceTree = "<group>"; };
		1F5A162A171D06C300FDF2A0 /* DDXML.h */ = {isa = PBXFileReference; fileEncoding = 4; lastKnownFileType = sourcecode.c.h; path = DDXML.h; sourceTree = "<group>"; };
		1F5A162B171D06C300FDF2A0 /* DDXMLDocument.h */ = {isa = PBXFileReference; fileEncoding = 4; lastKnownFileType = sourcecode.c.h; path = DDXMLDocument.h; sourceTree = "<group>"; };
		1F5A162C171D06C300FDF2A0 /* DDXMLDocument.m */ = {isa = PBXFileReference; fileEncoding = 4; lastKnownFileType = sourcecode.c.objc; path = DDXMLDocument.m; sourceTree = "<group>"; };
		1F5A162D171D06C300FDF2A0 /* DDXMLElement.h */ = {isa = PBXFileReference; fileEncoding = 4; lastKnownFileType = sourcecode.c.h; path = DDXMLElement.h; sourceTree = "<group>"; };
		1F5A162E171D06C300FDF2A0 /* DDXMLElement.m */ = {isa = PBXFileReference; fileEncoding = 4; lastKnownFileType = sourcecode.c.objc; path = DDXMLElement.m; sourceTree = "<group>"; };
		1F5A162F171D06C300FDF2A0 /* DDXMLNode.h */ = {isa = PBXFileReference; fileEncoding = 4; lastKnownFileType = sourcecode.c.h; path = DDXMLNode.h; sourceTree = "<group>"; };
		1F5A1630171D06C300FDF2A0 /* DDXMLNode.m */ = {isa = PBXFileReference; fileEncoding = 4; lastKnownFileType = sourcecode.c.objc; path = DDXMLNode.m; sourceTree = "<group>"; };
		1F5A1632171D06C300FDF2A0 /* DDXMLPrivate.h */ = {isa = PBXFileReference; fileEncoding = 4; lastKnownFileType = sourcecode.c.h; path = DDXMLPrivate.h; sourceTree = "<group>"; };
		1F5A1634171D06C300FDF2A0 /* build-libidn.sh */ = {isa = PBXFileReference; fileEncoding = 4; lastKnownFileType = text.script.sh; path = "build-libidn.sh"; sourceTree = "<group>"; };
		1F5A1635171D06C300FDF2A0 /* idn-int.h */ = {isa = PBXFileReference; fileEncoding = 4; lastKnownFileType = sourcecode.c.h; path = "idn-int.h"; sourceTree = "<group>"; };
		1F5A1636171D06C300FDF2A0 /* libidn.a */ = {isa = PBXFileReference; lastKnownFileType = archive.ar; path = libidn.a; sourceTree = "<group>"; };
		1F5A1637171D06C300FDF2A0 /* stringprep.h */ = {isa = PBXFileReference; fileEncoding = 4; lastKnownFileType = sourcecode.c.h; path = stringprep.h; sourceTree = "<group>"; };
		1F5A165C171D248100FDF2A0 /* UIKit.framework */ = {isa = PBXFileReference; lastKnownFileType = wrapper.framework; name = UIKit.framework; path = System/Library/Frameworks/UIKit.framework; sourceTree = SDKROOT; };
		1F5A165E171D268400FDF2A0 /* libxml2.2.dylib */ = {isa = PBXFileReference; lastKnownFileType = "compiled.mach-o.dylib"; name = libxml2.2.dylib; path = usr/lib/libxml2.2.dylib; sourceTree = SDKROOT; };
		1F5A1660171D269100FDF2A0 /* libxml2.dylib */ = {isa = PBXFileReference; lastKnownFileType = "compiled.mach-o.dylib"; name = libxml2.dylib; path = usr/lib/libxml2.dylib; sourceTree = SDKROOT; };
		1F5A1662171D27EA00FDF2A0 /* libsqlite3.0.dylib */ = {isa = PBXFileReference; lastKnownFileType = "compiled.mach-o.dylib"; name = libsqlite3.0.dylib; path = usr/lib/libsqlite3.0.dylib; sourceTree = SDKROOT; };
		1F5A87A61721109400C5BD0A /* global_bg_pattern.png */ = {isa = PBXFileReference; lastKnownFileType = image.png; path = global_bg_pattern.png; sourceTree = "<group>"; };
		1F5A87A91721181400C5BD0A /* ChatDefinitions.m */ = {isa = PBXFileReference; fileEncoding = 4; lastKnownFileType = sourcecode.c.objc; path = ChatDefinitions.m; sourceTree = "<group>"; };
		1F5A87AC17211C0700C5BD0A /* TestUser.h */ = {isa = PBXFileReference; fileEncoding = 4; lastKnownFileType = sourcecode.c.h; path = TestUser.h; sourceTree = "<group>"; };
		1F5A87AD17211C0700C5BD0A /* TestUser.m */ = {isa = PBXFileReference; fileEncoding = 4; lastKnownFileType = sourcecode.c.objc; path = TestUser.m; sourceTree = "<group>"; };
		1F67AAEA171C011800357955 /* libKechengIphoneChatLib.a */ = {isa = PBXFileReference; explicitFileType = archive.ar; includeInIndex = 0; path = libKechengIphoneChatLib.a; sourceTree = BUILT_PRODUCTS_DIR; };
		1F67AAED171C011800357955 /* Foundation.framework */ = {isa = PBXFileReference; lastKnownFileType = wrapper.framework; name = Foundation.framework; path = System/Library/Frameworks/Foundation.framework; sourceTree = SDKROOT; };
		1F67AAF1171C011800357955 /* KechengIphoneChatLib-Prefix.pch */ = {isa = PBXFileReference; lastKnownFileType = sourcecode.c.h; path = "KechengIphoneChatLib-Prefix.pch"; sourceTree = "<group>"; };
		1F67AAFB171C011800357955 /* KechengIphoneChatLibTests.octest */ = {isa = PBXFileReference; explicitFileType = wrapper.cfbundle; includeInIndex = 0; path = KechengIphoneChatLibTests.octest; sourceTree = BUILT_PRODUCTS_DIR; };
		1F67AAFC171C011800357955 /* SenTestingKit.framework */ = {isa = PBXFileReference; lastKnownFileType = wrapper.framework; name = SenTestingKit.framework; path = Library/Frameworks/SenTestingKit.framework; sourceTree = DEVELOPER_DIR; };
		1F67AAFE171C011800357955 /* UIKit.framework */ = {isa = PBXFileReference; lastKnownFileType = wrapper.framework; name = UIKit.framework; path = Library/Frameworks/UIKit.framework; sourceTree = DEVELOPER_DIR; };
		1F67AB16171C016E00357955 /* ChatManager.h */ = {isa = PBXFileReference; fileEncoding = 4; lastKnownFileType = sourcecode.c.h; path = ChatManager.h; sourceTree = "<group>"; };
		1F67AB17171C016E00357955 /* ChatManager.m */ = {isa = PBXFileReference; fileEncoding = 4; lastKnownFileType = sourcecode.c.objc; path = ChatManager.m; sourceTree = "<group>"; };
/* End PBXFileReference section */

/* Begin PBXFrameworksBuildPhase section */
		1F4B5501171EAFA6004EB4A1 /* Frameworks */ = {
			isa = PBXFrameworksBuildPhase;
			buildActionMask = 2147483647;
			files = (
				1F5A87B4172125AA00C5BD0A /* libxml2.dylib in Frameworks */,
				1F5A87B31721259700C5BD0A /* libidn.a in Frameworks */,
				1F5A87B2172124F100C5BD0A /* libresolv.dylib in Frameworks */,
				1F5A87B11721249600C5BD0A /* Security.framework in Frameworks */,
				1F5A87B01721247300C5BD0A /* CFNetwork.framework in Frameworks */,
				1F294130171EC10600EE3F19 /* libKechengIphoneChatLib.a in Frameworks */,
				1F4B5505171EAFA6004EB4A1 /* UIKit.framework in Frameworks */,
				1F4B5506171EAFA6004EB4A1 /* Foundation.framework in Frameworks */,
				1F4B5508171EAFA6004EB4A1 /* CoreGraphics.framework in Frameworks */,
			);
			runOnlyForDeploymentPostprocessing = 0;
		};
		1F4B5522171EAFA6004EB4A1 /* Frameworks */ = {
			isa = PBXFrameworksBuildPhase;
			buildActionMask = 2147483647;
			files = (
				1F4B5527171EAFA7004EB4A1 /* SenTestingKit.framework in Frameworks */,
				1F4B5528171EAFA7004EB4A1 /* UIKit.framework in Frameworks */,
				1F4B5529171EAFA7004EB4A1 /* Foundation.framework in Frameworks */,
			);
			runOnlyForDeploymentPostprocessing = 0;
		};
		1F67AAE7171C011800357955 /* Frameworks */ = {
			isa = PBXFrameworksBuildPhase;
			buildActionMask = 2147483647;
			files = (
				1F5A1663171D27EA00FDF2A0 /* libsqlite3.0.dylib in Frameworks */,
				1F5A165D171D248100FDF2A0 /* UIKit.framework in Frameworks */,
				1F67AAEE171C011800357955 /* Foundation.framework in Frameworks */,
			);
			runOnlyForDeploymentPostprocessing = 0;
		};
		1F67AAF7171C011800357955 /* Frameworks */ = {
			isa = PBXFrameworksBuildPhase;
			buildActionMask = 2147483647;
			files = (
				1F15519F171FC73E00C7469E /* libresolv.dylib in Frameworks */,
				1F15519B171FC3CD00C7469E /* Security.framework in Frameworks */,
				1F155199171FC3BF00C7469E /* CFNetwork.framework in Frameworks */,
				1F155197171FC36000C7469E /* CoreGraphics.framework in Frameworks */,
				1F155196171FC2FC00C7469E /* UIKit.framework in Frameworks */,
				1F155105171FBCAE00C7469E /* libxml2.2.dylib in Frameworks */,
				1F155104171FBBB100C7469E /* libxml2.dylib in Frameworks */,
				1F67AAFD171C011800357955 /* SenTestingKit.framework in Frameworks */,
				1F67AB00171C011800357955 /* Foundation.framework in Frameworks */,
				1F67AB03171C011800357955 /* libKechengIphoneChatLib.a in Frameworks */,
			);
			runOnlyForDeploymentPostprocessing = 0;
		};
/* End PBXFrameworksBuildPhase section */

/* Begin PBXGroup section */
		1F4B54E3171E61A7004EB4A1 /* ChatView */ = {
			isa = PBXGroup;
			children = (
				1F4B54F5171E9C3F004EB4A1 /* Images */,
				1F4B54F1171E99F7004EB4A1 /* lib */,
				1F492D4C171F8EB50047066C /* ChatViewController.h */,
				1F492D4D171F8EB50047066C /* ChatViewController.m */,
				1F492D4E171F8EB50047066C /* ChatViewController.xib */,
				1F4B54DA171E5976004EB4A1 /* ChatTableView.h */,
				1F4B54DB171E5976004EB4A1 /* ChatTableView.m */,
				1F4B54DD171E5990004EB4A1 /* ChatTableViewCell.h */,
				1F4B54DE171E5990004EB4A1 /* ChatTableViewCell.m */,
				1F4B54E0171E619B004EB4A1 /* ChatInputView.h */,
				1F4B54E1171E619B004EB4A1 /* ChatInputView.m */,
				1F4B54F8171EA071004EB4A1 /* ChatInputView.xib */,
				1F4B54E4171E6200004EB4A1 /* ChatEmoView.h */,
				1F4B54E5171E6200004EB4A1 /* ChatEmoView.m */,
				1F4B54E7171E62D5004EB4A1 /* ChatHeaderView.h */,
				1F4B54E8171E62D5004EB4A1 /* ChatHeaderView.m */,
				1F4B54EB171E6379004EB4A1 /* ChatHeaderView.xib */,
				1F4B54ED171E72F9004EB4A1 /* ChatEmojis.h */,
				1F4B54EE171E72FA004EB4A1 /* ChatEmojis.m */,
				1F4B54F0171E7D95004EB4A1 /* ChatDefinitions.h */,
				1F5A87A91721181400C5BD0A /* ChatDefinitions.m */,
			);
			name = ChatView;
			sourceTree = "<group>";
		};
		1F4B54F1171E99F7004EB4A1 /* lib */ = {
			isa = PBXGroup;
			children = (
				1F4B54F2171E9A21004EB4A1 /* CopyLabel.h */,
				1F4B54F3171E9A21004EB4A1 /* CopyLabel.m */,
			);
			name = lib;
			sourceTree = "<group>";
		};
		1F4B54F5171E9C3F004EB4A1 /* Images */ = {
			isa = PBXGroup;
			children = (
				1F5A87A61721109400C5BD0A /* global_bg_pattern.png */,
				1F4B54FC171EACE2004EB4A1 /* emoji_button_pressed@2x.png */,
				1F4B54FD171EACE2004EB4A1 /* emoji_button@2x.png */,
				1F4B54FE171EACE2004EB4A1 /* keyboard_button_pressed@2x.png */,
				1F4B54FF171EACE2004EB4A1 /* keyboard_button@2x.png */,
				1F4B54FB171EABF6004EB4A1 /* chat@2x.png */,
				1F4B54F9171EAB40004EB4A1 /* button_send_pressed@2x.png */,
				1F4B54FA171EAB40004EB4A1 /* button_send@2x.png */,
				1F4B54F6171E9C5F004EB4A1 /* bubble_1@2x.png */,
				1F4B54F7171E9C5F004EB4A1 /* bubble_2@2x.png */,
			);
			name = Images;
			sourceTree = "<group>";
		};
		1F4B5509171EAFA6004EB4A1 /* KechengIphoneTest */ = {
			isa = PBXGroup;
			children = (
				1F4B5512171EAFA6004EB4A1 /* AppDelegate.h */,
				1F4B5513171EAFA6004EB4A1 /* AppDelegate.m */,
				1F4B550A171EAFA6004EB4A1 /* Supporting Files */,
				1F5A87AC17211C0700C5BD0A /* TestUser.h */,
				1F5A87AD17211C0700C5BD0A /* TestUser.m */,
			);
			path = KechengIphoneTest;
			sourceTree = "<group>";
		};
		1F4B550A171EAFA6004EB4A1 /* Supporting Files */ = {
			isa = PBXGroup;
			children = (
				1F4B550B171EAFA6004EB4A1 /* KechengIphoneTest-Info.plist */,
				1F4B550C171EAFA6004EB4A1 /* InfoPlist.strings */,
				1F4B550F171EAFA6004EB4A1 /* main.m */,
				1F4B5511171EAFA6004EB4A1 /* KechengIphoneTest-Prefix.pch */,
				1F4B5515171EAFA6004EB4A1 /* Default.png */,
				1F4B5517171EAFA6004EB4A1 /* Default@2x.png */,
				1F4B5519171EAFA6004EB4A1 /* Default-568h@2x.png */,
			);
			name = "Supporting Files";
			sourceTree = "<group>";
		};
		1F4B552C171EAFA7004EB4A1 /* KechengIphoneTestTests */ = {
			isa = PBXGroup;
			children = (
				1F4B5532171EAFA7004EB4A1 /* KechengIphoneTestTests.h */,
				1F4B5533171EAFA7004EB4A1 /* KechengIphoneTestTests.m */,
				1F4B552D171EAFA7004EB4A1 /* Supporting Files */,
			);
			path = KechengIphoneTestTests;
			sourceTree = "<group>";
		};
		1F4B552D171EAFA7004EB4A1 /* Supporting Files */ = {
			isa = PBXGroup;
			children = (
				1F4B552E171EAFA7004EB4A1 /* KechengIphoneTestTests-Info.plist */,
				1F4B552F171EAFA7004EB4A1 /* InfoPlist.strings */,
			);
			name = "Supporting Files";
			sourceTree = "<group>";
		};
		1F5A15D2171D066100FDF2A0 /* plugin */ = {
			isa = PBXGroup;
			children = (
				1F5A15D4171D06C300FDF2A0 /* XMPP */,
			);
			name = plugin;
			sourceTree = "<group>";
		};
		1F5A15D4171D06C300FDF2A0 /* XMPP */ = {
			isa = PBXGroup;
			children = (
				1F5A15D5171D06C300FDF2A0 /* Authentication */,
				1F5A15E9171D06C300FDF2A0 /* Categories */,
				1F5A15F0171D06C300FDF2A0 /* Core */,
				1F5A1604171D06C300FDF2A0 /* Utilities */,
				1F5A1611171D06C300FDF2A0 /* Vendor */,
			);
			path = XMPP;
			sourceTree = "<group>";
		};
		1F5A15D5171D06C300FDF2A0 /* Authentication */ = {
			isa = PBXGroup;
			children = (
				1F5A15D6171D06C300FDF2A0 /* Anonymous */,
				1F5A15D9171D06C300FDF2A0 /* Deprecated-Digest */,
				1F5A15DC171D06C300FDF2A0 /* Deprecated-Plain */,
				1F5A15DF171D06C300FDF2A0 /* Digest-MD5 */,
				1F5A15E2171D06C300FDF2A0 /* Plain */,
				1F5A15E5171D06C300FDF2A0 /* X-Facebook-Platform */,
				1F5A15E8171D06C300FDF2A0 /* XMPPSASLAuthentication.h */,
			);
			path = Authentication;
			sourceTree = "<group>";
		};
		1F5A15D6171D06C300FDF2A0 /* Anonymous */ = {
			isa = PBXGroup;
			children = (
				1F5A15D7171D06C300FDF2A0 /* XMPPAnonymousAuthentication.h */,
				1F5A15D8171D06C300FDF2A0 /* XMPPAnonymousAuthentication.m */,
			);
			path = Anonymous;
			sourceTree = "<group>";
		};
		1F5A15D9171D06C300FDF2A0 /* Deprecated-Digest */ = {
			isa = PBXGroup;
			children = (
				1F5A15DA171D06C300FDF2A0 /* XMPPDeprecatedDigestAuthentication.h */,
				1F5A15DB171D06C300FDF2A0 /* XMPPDeprecatedDigestAuthentication.m */,
			);
			path = "Deprecated-Digest";
			sourceTree = "<group>";
		};
		1F5A15DC171D06C300FDF2A0 /* Deprecated-Plain */ = {
			isa = PBXGroup;
			children = (
				1F5A15DD171D06C300FDF2A0 /* XMPPDeprecatedPlainAuthentication.h */,
				1F5A15DE171D06C300FDF2A0 /* XMPPDeprecatedPlainAuthentication.m */,
			);
			path = "Deprecated-Plain";
			sourceTree = "<group>";
		};
		1F5A15DF171D06C300FDF2A0 /* Digest-MD5 */ = {
			isa = PBXGroup;
			children = (
				1F5A15E0171D06C300FDF2A0 /* XMPPDigestMD5Authentication.h */,
				1F5A15E1171D06C300FDF2A0 /* XMPPDigestMD5Authentication.m */,
			);
			path = "Digest-MD5";
			sourceTree = "<group>";
		};
		1F5A15E2171D06C300FDF2A0 /* Plain */ = {
			isa = PBXGroup;
			children = (
				1F5A15E3171D06C300FDF2A0 /* XMPPPlainAuthentication.h */,
				1F5A15E4171D06C300FDF2A0 /* XMPPPlainAuthentication.m */,
			);
			path = Plain;
			sourceTree = "<group>";
		};
		1F5A15E5171D06C300FDF2A0 /* X-Facebook-Platform */ = {
			isa = PBXGroup;
			children = (
				1F5A15E6171D06C300FDF2A0 /* XMPPXFacebookPlatformAuthentication.h */,
				1F5A15E7171D06C300FDF2A0 /* XMPPXFacebookPlatformAuthentication.m */,
			);
			path = "X-Facebook-Platform";
			sourceTree = "<group>";
		};
		1F5A15E9171D06C300FDF2A0 /* Categories */ = {
			isa = PBXGroup;
			children = (
				1F5A15EA171D06C300FDF2A0 /* NSData+XMPP.h */,
				1F5A15EB171D06C300FDF2A0 /* NSData+XMPP.m */,
				1F5A15EC171D06C300FDF2A0 /* NSNumber+XMPP.h */,
				1F5A15ED171D06C300FDF2A0 /* NSNumber+XMPP.m */,
				1F5A15EE171D06C300FDF2A0 /* NSXMLElement+XMPP.h */,
				1F5A15EF171D06C300FDF2A0 /* NSXMLElement+XMPP.m */,
			);
			path = Categories;
			sourceTree = "<group>";
		};
		1F5A15F0171D06C300FDF2A0 /* Core */ = {
			isa = PBXGroup;
			children = (
				1F5A15F1171D06C300FDF2A0 /* XMPP.h */,
				1F5A15F2171D06C300FDF2A0 /* XMPPElement.h */,
				1F5A15F3171D06C300FDF2A0 /* XMPPElement.m */,
				1F5A15F4171D06C300FDF2A0 /* XMPPInternal.h */,
				1F5A15F5171D06C300FDF2A0 /* XMPPIQ.h */,
				1F5A15F6171D06C300FDF2A0 /* XMPPIQ.m */,
				1F5A15F7171D06C300FDF2A0 /* XMPPJID.h */,
				1F5A15F8171D06C300FDF2A0 /* XMPPJID.m */,
				1F5A15F9171D06C300FDF2A0 /* XMPPLogging.h */,
				1F5A15FA171D06C300FDF2A0 /* XMPPMessage.h */,
				1F5A15FB171D06C300FDF2A0 /* XMPPMessage.m */,
				1F5A15FC171D06C300FDF2A0 /* XMPPModule.h */,
				1F5A15FD171D06C300FDF2A0 /* XMPPModule.m */,
				1F5A15FE171D06C300FDF2A0 /* XMPPParser.h */,
				1F5A15FF171D06C300FDF2A0 /* XMPPParser.m */,
				1F5A1600171D06C300FDF2A0 /* XMPPPresence.h */,
				1F5A1601171D06C300FDF2A0 /* XMPPPresence.m */,
				1F5A1602171D06C300FDF2A0 /* XMPPStream.h */,
				1F5A1603171D06C300FDF2A0 /* XMPPStream.m */,
			);
			path = Core;
			sourceTree = "<group>";
		};
		1F5A1604171D06C300FDF2A0 /* Utilities */ = {
			isa = PBXGroup;
			children = (
				1F5A1605171D06C300FDF2A0 /* DDList.h */,
				1F5A1606171D06C300FDF2A0 /* DDList.m */,
				1F5A1607171D06C300FDF2A0 /* GCDMulticastDelegate.h */,
				1F5A1608171D06C300FDF2A0 /* GCDMulticastDelegate.m */,
				1F5A1609171D06C300FDF2A0 /* LibIDN.h */,
				1F5A160A171D06C300FDF2A0 /* LibIDN.m */,
				1F5A160B171D06C300FDF2A0 /* RFImageToDataTransformer.h */,
				1F5A160C171D06C300FDF2A0 /* RFImageToDataTransformer.m */,
				1F5A160D171D06C300FDF2A0 /* XMPPIDTracker.h */,
				1F5A160E171D06C300FDF2A0 /* XMPPIDTracker.m */,
				1F5A160F171D06C300FDF2A0 /* XMPPSRVResolver.h */,
				1F5A1610171D06C300FDF2A0 /* XMPPSRVResolver.m */,
			);
			path = Utilities;
			sourceTree = "<group>";
		};
		1F5A1611171D06C300FDF2A0 /* Vendor */ = {
			isa = PBXGroup;
			children = (
				1F5A1612171D06C300FDF2A0 /* CocoaAsyncSocket */,
				1F5A1615171D06C300FDF2A0 /* CocoaLumberjack */,
				1F5A1626171D06C300FDF2A0 /* KissXML */,
				1F5A1633171D06C300FDF2A0 /* libidn */,
			);
			path = Vendor;
			sourceTree = "<group>";
		};
		1F5A1612171D06C300FDF2A0 /* CocoaAsyncSocket */ = {
			isa = PBXGroup;
			children = (
				1F5A1613171D06C300FDF2A0 /* GCDAsyncSocket.h */,
				1F5A1614171D06C300FDF2A0 /* GCDAsyncSocket.m */,
			);
			path = CocoaAsyncSocket;
			sourceTree = "<group>";
		};
		1F5A1615171D06C300FDF2A0 /* CocoaLumberjack */ = {
			isa = PBXGroup;
			children = (
				1F5A1616171D06C300FDF2A0 /* DDAbstractDatabaseLogger.h */,
				1F5A1617171D06C300FDF2A0 /* DDAbstractDatabaseLogger.m */,
				1F5A1618171D06C300FDF2A0 /* DDASLLogger.h */,
				1F5A1619171D06C300FDF2A0 /* DDASLLogger.m */,
				1F5A161A171D06C300FDF2A0 /* DDFileLogger.h */,
				1F5A161B171D06C300FDF2A0 /* DDFileLogger.m */,
				1F5A161C171D06C300FDF2A0 /* DDLog.h */,
				1F5A161D171D06C300FDF2A0 /* DDLog.m */,
				1F5A161E171D06C300FDF2A0 /* DDTTYLogger.h */,
				1F5A161F171D06C300FDF2A0 /* DDTTYLogger.m */,
				1F5A1620171D06C300FDF2A0 /* Extensions */,
			);
			path = CocoaLumberjack;
			sourceTree = "<group>";
		};
		1F5A1620171D06C300FDF2A0 /* Extensions */ = {
			isa = PBXGroup;
			children = (
				1F5A1621171D06C300FDF2A0 /* ContextFilterLogFormatter.h */,
				1F5A1622171D06C300FDF2A0 /* ContextFilterLogFormatter.m */,
				1F5A1623171D06C300FDF2A0 /* DispatchQueueLogFormatter.h */,
				1F5A1624171D06C300FDF2A0 /* DispatchQueueLogFormatter.m */,
				1F5A1625171D06C300FDF2A0 /* README.txt */,
			);
			path = Extensions;
			sourceTree = "<group>";
		};
		1F5A1626171D06C300FDF2A0 /* KissXML */ = {
			isa = PBXGroup;
			children = (
				1F5A1627171D06C300FDF2A0 /* Categories */,
				1F5A162A171D06C300FDF2A0 /* DDXML.h */,
				1F5A162B171D06C300FDF2A0 /* DDXMLDocument.h */,
				1F5A162C171D06C300FDF2A0 /* DDXMLDocument.m */,
				1F5A162D171D06C300FDF2A0 /* DDXMLElement.h */,
				1F5A162E171D06C300FDF2A0 /* DDXMLElement.m */,
				1F5A162F171D06C300FDF2A0 /* DDXMLNode.h */,
				1F5A1630171D06C300FDF2A0 /* DDXMLNode.m */,
				1F5A1631171D06C300FDF2A0 /* Private */,
			);
			path = KissXML;
			sourceTree = "<group>";
		};
		1F5A1627171D06C300FDF2A0 /* Categories */ = {
			isa = PBXGroup;
			children = (
				1F5A1628171D06C300FDF2A0 /* NSString+DDXML.h */,
				1F5A1629171D06C300FDF2A0 /* NSString+DDXML.m */,
			);
			path = Categories;
			sourceTree = "<group>";
		};
		1F5A1631171D06C300FDF2A0 /* Private */ = {
			isa = PBXGroup;
			children = (
				1F5A1632171D06C300FDF2A0 /* DDXMLPrivate.h */,
			);
			path = Private;
			sourceTree = "<group>";
		};
		1F5A1633171D06C300FDF2A0 /* libidn */ = {
			isa = PBXGroup;
			children = (
				1F5A1634171D06C300FDF2A0 /* build-libidn.sh */,
				1F5A1635171D06C300FDF2A0 /* idn-int.h */,
				1F5A1636171D06C300FDF2A0 /* libidn.a */,
				1F5A1637171D06C300FDF2A0 /* stringprep.h */,
			);
			path = libidn;
			sourceTree = "<group>";
		};
		1F67AAE1171C011800357955 = {
			isa = PBXGroup;
			children = (
				1F15519E171FC73E00C7469E /* libresolv.dylib */,
				1F15519C171FC42D00C7469E /* libdnsinfo.dylib */,
				1F15519A171FC3CD00C7469E /* Security.framework */,
				1F155198171FC3BF00C7469E /* CFNetwork.framework */,
				1F5A1662171D27EA00FDF2A0 /* libsqlite3.0.dylib */,
				1F5A1660171D269100FDF2A0 /* libxml2.dylib */,
				1F5A165E171D268400FDF2A0 /* libxml2.2.dylib */,
				1F5A165C171D248100FDF2A0 /* UIKit.framework */,
				1F67AAEF171C011800357955 /* KechengIphoneChatLib */,
				1F4B5509171EAFA6004EB4A1 /* KechengIphoneTest */,
				1F4B552C171EAFA7004EB4A1 /* KechengIphoneTestTests */,
				1F67AAEC171C011800357955 /* Frameworks */,
				1F67AAEB171C011800357955 /* Products */,
			);
			sourceTree = "<group>";
		};
		1F67AAEB171C011800357955 /* Products */ = {
			isa = PBXGroup;
			children = (
				1F67AAEA171C011800357955 /* libKechengIphoneChatLib.a */,
				1F67AAFB171C011800357955 /* KechengIphoneChatLibTests.octest */,
				1F4B5504171EAFA6004EB4A1 /* KechengIphoneTest.app */,
				1F4B5526171EAFA6004EB4A1 /* KechengIphoneTestTests.octest */,
			);
			name = Products;
			sourceTree = "<group>";
		};
		1F67AAEC171C011800357955 /* Frameworks */ = {
			isa = PBXGroup;
			children = (
				1F67AAED171C011800357955 /* Foundation.framework */,
				1F67AAFC171C011800357955 /* SenTestingKit.framework */,
				1F67AAFE171C011800357955 /* UIKit.framework */,
				1F4B5507171EAFA6004EB4A1 /* CoreGraphics.framework */,
			);
			name = Frameworks;
			sourceTree = "<group>";
		};
		1F67AAEF171C011800357955 /* KechengIphoneChatLib */ = {
			isa = PBXGroup;
			children = (
				1F5A15D2171D066100FDF2A0 /* plugin */,
				1F4B54E3171E61A7004EB4A1 /* ChatView */,
				1F67AB16171C016E00357955 /* ChatManager.h */,
				1F67AB17171C016E00357955 /* ChatManager.m */,
				1F5A15CA171CE58F00FDF2A0 /* ChatMessage.h */,
				1F5A15CB171CE58F00FDF2A0 /* ChatMessage.m */,
				1F5A15CD171CE63E00FDF2A0 /* ChatUser.h */,
				1F5A15CE171CE7C900FDF2A0 /* ChatDBHelper.h */,
				1F5A15CF171CE7C900FDF2A0 /* ChatDBHelper.m */,
				1F67AAF0171C011800357955 /* Supporting Files */,
			);
			path = KechengIphoneChatLib;
			sourceTree = "<group>";
		};
		1F67AAF0171C011800357955 /* Supporting Files */ = {
			isa = PBXGroup;
			children = (
				1F67AAF1171C011800357955 /* KechengIphoneChatLib-Prefix.pch */,
			);
			name = "Supporting Files";
			sourceTree = "<group>";
		};
/* End PBXGroup section */

/* Begin PBXNativeTarget section */
		1F4B5503171EAFA6004EB4A1 /* KechengIphoneTest */ = {
			isa = PBXNativeTarget;
			buildConfigurationList = 1F4B5535171EAFA7004EB4A1 /* Build configuration list for PBXNativeTarget "KechengIphoneTest" */;
			buildPhases = (
				1F4B5500171EAFA6004EB4A1 /* Sources */,
				1F4B5501171EAFA6004EB4A1 /* Frameworks */,
				1F4B5502171EAFA6004EB4A1 /* Resources */,
			);
			buildRules = (
			);
			dependencies = (
				1F29412F171EC10100EE3F19 /* PBXTargetDependency */,
			);
			name = KechengIphoneTest;
			productName = KechengIphoneTest;
			productReference = 1F4B5504171EAFA6004EB4A1 /* KechengIphoneTest.app */;
			productType = "com.apple.product-type.application";
		};
		1F4B5525171EAFA6004EB4A1 /* KechengIphoneTestTests */ = {
			isa = PBXNativeTarget;
			buildConfigurationList = 1F4B5538171EAFA7004EB4A1 /* Build configuration list for PBXNativeTarget "KechengIphoneTestTests" */;
			buildPhases = (
				1F4B5521171EAFA6004EB4A1 /* Sources */,
				1F4B5522171EAFA6004EB4A1 /* Frameworks */,
				1F4B5523171EAFA6004EB4A1 /* Resources */,
				1F4B5524171EAFA6004EB4A1 /* ShellScript */,
			);
			buildRules = (
			);
			dependencies = (
				1F4B552B171EAFA7004EB4A1 /* PBXTargetDependency */,
			);
			name = KechengIphoneTestTests;
			productName = KechengIphoneTestTests;
			productReference = 1F4B5526171EAFA6004EB4A1 /* KechengIphoneTestTests.octest */;
			productType = "com.apple.product-type.bundle";
		};
		1F67AAE9171C011800357955 /* KechengIphoneChatLib */ = {
			isa = PBXNativeTarget;
			buildConfigurationList = 1F67AB0F171C011800357955 /* Build configuration list for PBXNativeTarget "KechengIphoneChatLib" */;
			buildPhases = (
				1F67AAE6171C011800357955 /* Sources */,
				1F67AAE7171C011800357955 /* Frameworks */,
				1F67AAE8171C011800357955 /* CopyFiles */,
			);
			buildRules = (
			);
			dependencies = (
			);
			name = KechengIphoneChatLib;
			productName = KechengIphoneChatLib;
			productReference = 1F67AAEA171C011800357955 /* libKechengIphoneChatLib.a */;
			productType = "com.apple.product-type.library.static";
		};
		1F67AAFA171C011800357955 /* KechengIphoneChatLibTests */ = {
			isa = PBXNativeTarget;
			buildConfigurationList = 1F67AB12171C011800357955 /* Build configuration list for PBXNativeTarget "KechengIphoneChatLibTests" */;
			buildPhases = (
				1F67AAF6171C011800357955 /* Sources */,
				1F67AAF7171C011800357955 /* Frameworks */,
				1F67AAF8171C011800357955 /* Resources */,
				1F67AAF9171C011800357955 /* ShellScript */,
			);
			buildRules = (
			);
			dependencies = (
				1F67AB02171C011800357955 /* PBXTargetDependency */,
			);
			name = KechengIphoneChatLibTests;
			productName = KechengIphoneChatLibTests;
			productReference = 1F67AAFB171C011800357955 /* KechengIphoneChatLibTests.octest */;
			productType = "com.apple.product-type.bundle";
		};
/* End PBXNativeTarget section */

/* Begin PBXProject section */
		1F67AAE2171C011800357955 /* Project object */ = {
			isa = PBXProject;
			attributes = {
				LastUpgradeCheck = 0460;
				ORGANIZATIONNAME = zuoyl;
			};
			buildConfigurationList = 1F67AAE5171C011800357955 /* Build configuration list for PBXProject "KechengIphoneChatLib" */;
			compatibilityVersion = "Xcode 3.2";
			developmentRegion = English;
			hasScannedForEncodings = 0;
			knownRegions = (
				en,
			);
			mainGroup = 1F67AAE1171C011800357955;
			productRefGroup = 1F67AAEB171C011800357955 /* Products */;
			projectDirPath = "";
			projectRoot = "";
			targets = (
				1F67AAE9171C011800357955 /* KechengIphoneChatLib */,
				1F67AAFA171C011800357955 /* KechengIphoneChatLibTests */,
				1F4B5503171EAFA6004EB4A1 /* KechengIphoneTest */,
				1F4B5525171EAFA6004EB4A1 /* KechengIphoneTestTests */,
			);
		};
/* End PBXProject section */

/* Begin PBXResourcesBuildPhase section */
		1F4B5502171EAFA6004EB4A1 /* Resources */ = {
			isa = PBXResourcesBuildPhase;
			buildActionMask = 2147483647;
			files = (
				1F4B550E171EAFA6004EB4A1 /* InfoPlist.strings in Resources */,
				1F4B5516171EAFA6004EB4A1 /* Default.png in Resources */,
				1F4B5518171EAFA6004EB4A1 /* Default@2x.png in Resources */,
				1F4B551A171EAFA6004EB4A1 /* Default-568h@2x.png in Resources */,
				1F492D50171F92460047066C /* ChatViewController.xib in Resources */,
				1F492D51171F93BC0047066C /* ChatInputView.xib in Resources */,
				1F492D70171F96AC0047066C /* emoji_button_pressed@2x.png in Resources */,
				1F492D71171F96AC0047066C /* emoji_button@2x.png in Resources */,
				1F492D72171F96AC0047066C /* keyboard_button_pressed@2x.png in Resources */,
				1F492D73171F96AC0047066C /* keyboard_button@2x.png in Resources */,
				1F492D74171F96AC0047066C /* chat@2x.png in Resources */,
				1F492D75171F96AC0047066C /* button_send_pressed@2x.png in Resources */,
				1F492D76171F96AC0047066C /* button_send@2x.png in Resources */,
				1F492D77171F96AC0047066C /* bubble_1@2x.png in Resources */,
				1F492D78171F96AC0047066C /* bubble_2@2x.png in Resources */,
				1F5A87A71721109400C5BD0A /* global_bg_pattern.png in Resources */,
			);
			runOnlyForDeploymentPostprocessing = 0;
		};
		1F4B5523171EAFA6004EB4A1 /* Resources */ = {
			isa = PBXResourcesBuildPhase;
			buildActionMask = 2147483647;
			files = (
				1F4B5531171EAFA7004EB4A1 /* InfoPlist.strings in Resources */,
			);
			runOnlyForDeploymentPostprocessing = 0;
		};
		1F67AAF8171C011800357955 /* Resources */ = {
			isa = PBXResourcesBuildPhase;
			buildActionMask = 2147483647;
			files = (
			);
			runOnlyForDeploymentPostprocessing = 0;
		};
/* End PBXResourcesBuildPhase section */

/* Begin PBXShellScriptBuildPhase section */
		1F4B5524171EAFA6004EB4A1 /* ShellScript */ = {
			isa = PBXShellScriptBuildPhase;
			buildActionMask = 2147483647;
			files = (
			);
			inputPaths = (
			);
			outputPaths = (
			);
			runOnlyForDeploymentPostprocessing = 0;
			shellPath = /bin/sh;
			shellScript = "# Run the unit tests in this test bundle.\n\"${SYSTEM_DEVELOPER_DIR}/Tools/RunUnitTests\"\n";
		};
		1F67AAF9171C011800357955 /* ShellScript */ = {
			isa = PBXShellScriptBuildPhase;
			buildActionMask = 2147483647;
			files = (
			);
			inputPaths = (
			);
			outputPaths = (
			);
			runOnlyForDeploymentPostprocessing = 0;
			shellPath = /bin/sh;
			shellScript = "# Run the unit tests in this test bundle.\n\"${SYSTEM_DEVELOPER_DIR}/Tools/RunUnitTests\"\n";
		};
/* End PBXShellScriptBuildPhase section */

/* Begin PBXSourcesBuildPhase section */
		1F4B5500171EAFA6004EB4A1 /* Sources */ = {
			isa = PBXSourcesBuildPhase;
			buildActionMask = 2147483647;
			files = (
				1F4B5510171EAFA6004EB4A1 /* main.m in Sources */,
				1F4B5514171EAFA6004EB4A1 /* AppDelegate.m in Sources */,
				1F492D5B171F94B70047066C /* ChatInputView.m in Sources */,
				1F5A87AB1721181400C5BD0A /* ChatDefinitions.m in Sources */,
				1F5A87AF17211C0700C5BD0A /* TestUser.m in Sources */,
			);
			runOnlyForDeploymentPostprocessing = 0;
		};
		1F4B5521171EAFA6004EB4A1 /* Sources */ = {
			isa = PBXSourcesBuildPhase;
			buildActionMask = 2147483647;
			files = (
				1F4B5534171EAFA7004EB4A1 /* KechengIphoneTestTests.m in Sources */,
			);
			runOnlyForDeploymentPostprocessing = 0;
		};
		1F67AAE6171C011800357955 /* Sources */ = {
			isa = PBXSourcesBuildPhase;
			buildActionMask = 2147483647;
			files = (
				1F67AB18171C016E00357955 /* ChatManager.m in Sources */,
				1F5A15CC171CE58F00FDF2A0 /* ChatMessage.m in Sources */,
				1F5A15D0171CE7C900FDF2A0 /* ChatDBHelper.m in Sources */,
				1F5A1638171D06C300FDF2A0 /* XMPPAnonymousAuthentication.m in Sources */,
				1F5A1639171D06C300FDF2A0 /* XMPPDeprecatedDigestAuthentication.m in Sources */,
				1F5A163A171D06C300FDF2A0 /* XMPPDeprecatedPlainAuthentication.m in Sources */,
				1F5A163B171D06C300FDF2A0 /* XMPPDigestMD5Authentication.m in Sources */,
				1F5A163C171D06C300FDF2A0 /* XMPPPlainAuthentication.m in Sources */,
				1F5A163D171D06C300FDF2A0 /* XMPPXFacebookPlatformAuthentication.m in Sources */,
				1F5A163E171D06C300FDF2A0 /* NSData+XMPP.m in Sources */,
				1F5A163F171D06C300FDF2A0 /* NSNumber+XMPP.m in Sources */,
				1F5A1640171D06C300FDF2A0 /* NSXMLElement+XMPP.m in Sources */,
				1F5A1641171D06C300FDF2A0 /* XMPPElement.m in Sources */,
				1F5A1642171D06C300FDF2A0 /* XMPPIQ.m in Sources */,
				1F5A1643171D06C300FDF2A0 /* XMPPJID.m in Sources */,
				1F5A1644171D06C300FDF2A0 /* XMPPMessage.m in Sources */,
				1F5A1645171D06C300FDF2A0 /* XMPPModule.m in Sources */,
				1F5A1646171D06C300FDF2A0 /* XMPPParser.m in Sources */,
				1F5A1647171D06C300FDF2A0 /* XMPPPresence.m in Sources */,
				1F5A1648171D06C300FDF2A0 /* XMPPStream.m in Sources */,
				1F5A1649171D06C300FDF2A0 /* DDList.m in Sources */,
				1F5A164A171D06C300FDF2A0 /* GCDMulticastDelegate.m in Sources */,
				1F5A164B171D06C300FDF2A0 /* LibIDN.m in Sources */,
				1F5A164C171D06C300FDF2A0 /* RFImageToDataTransformer.m in Sources */,
				1F5A164D171D06C300FDF2A0 /* XMPPIDTracker.m in Sources */,
				1F5A164E171D06C300FDF2A0 /* XMPPSRVResolver.m in Sources */,
				1F5A164F171D06C300FDF2A0 /* GCDAsyncSocket.m in Sources */,
				1F5A1650171D06C300FDF2A0 /* DDAbstractDatabaseLogger.m in Sources */,
				1F5A1651171D06C300FDF2A0 /* DDASLLogger.m in Sources */,
				1F5A1652171D06C300FDF2A0 /* DDFileLogger.m in Sources */,
				1F5A1653171D06C300FDF2A0 /* DDLog.m in Sources */,
				1F5A1654171D06C300FDF2A0 /* DDTTYLogger.m in Sources */,
				1F5A1655171D06C300FDF2A0 /* ContextFilterLogFormatter.m in Sources */,
				1F5A1656171D06C300FDF2A0 /* DispatchQueueLogFormatter.m in Sources */,
				1F5A1657171D06C300FDF2A0 /* NSString+DDXML.m in Sources */,
				1F5A1658171D06C300FDF2A0 /* DDXMLDocument.m in Sources */,
				1F5A1659171D06C300FDF2A0 /* DDXMLElement.m in Sources */,
				1F5A165A171D06C300FDF2A0 /* DDXMLNode.m in Sources */,
				1F4B54DC171E5976004EB4A1 /* ChatTableView.m in Sources */,
				1F4B54DF171E5990004EB4A1 /* ChatTableViewCell.m in Sources */,
				1F4B54E2171E619B004EB4A1 /* ChatInputView.m in Sources */,
				1F4B54E6171E6200004EB4A1 /* ChatEmoView.m in Sources */,
				1F4B54E9171E62D5004EB4A1 /* ChatHeaderView.m in Sources */,
				1F4B54EF171E72FA004EB4A1 /* ChatEmojis.m in Sources */,
				1F4B54F4171E9A21004EB4A1 /* CopyLabel.m in Sources */,
				1F492D4F171F8EB50047066C /* ChatViewController.m in Sources */,
				1F5A87AA1721181400C5BD0A /* ChatDefinitions.m in Sources */,
				1F5A87AE17211C0700C5BD0A /* TestUser.m in Sources */,
			);
			runOnlyForDeploymentPostprocessing = 0;
		};
		1F67AAF6171C011800357955 /* Sources */ = {
			isa = PBXSourcesBuildPhase;
			buildActionMask = 2147483647;
			files = (
			);
			runOnlyForDeploymentPostprocessing = 0;
		};
/* End PBXSourcesBuildPhase section */

/* Begin PBXTargetDependency section */
		1F29412F171EC10100EE3F19 /* PBXTargetDependency */ = {
			isa = PBXTargetDependency;
			target = 1F67AAE9171C011800357955 /* KechengIphoneChatLib */;
			targetProxy = 1F29412E171EC10100EE3F19 /* PBXContainerItemProxy */;
		};
		1F4B552B171EAFA7004EB4A1 /* PBXTargetDependency */ = {
			isa = PBXTargetDependency;
			target = 1F4B5503171EAFA6004EB4A1 /* KechengIphoneTest */;
			targetProxy = 1F4B552A171EAFA7004EB4A1 /* PBXContainerItemProxy */;
		};
		1F67AB02171C011800357955 /* PBXTargetDependency */ = {
			isa = PBXTargetDependency;
			target = 1F67AAE9171C011800357955 /* KechengIphoneChatLib */;
			targetProxy = 1F67AB01171C011800357955 /* PBXContainerItemProxy */;
		};
/* End PBXTargetDependency section */

/* Begin PBXVariantGroup section */
		1F4B550C171EAFA6004EB4A1 /* InfoPlist.strings */ = {
			isa = PBXVariantGroup;
			children = (
				1F4B550D171EAFA6004EB4A1 /* en */,
			);
			name = InfoPlist.strings;
			sourceTree = "<group>";
		};
		1F4B552F171EAFA7004EB4A1 /* InfoPlist.strings */ = {
			isa = PBXVariantGroup;
			children = (
				1F4B5530171EAFA7004EB4A1 /* en */,
			);
			name = InfoPlist.strings;
			sourceTree = "<group>";
		};
/* End PBXVariantGroup section */

/* Begin XCBuildConfiguration section */
		1F4B5536171EAFA7004EB4A1 /* Debug */ = {
			isa = XCBuildConfiguration;
			buildSettings = {
				ALWAYS_SEARCH_USER_PATHS = NO;
				"CODE_SIGN_IDENTITY[sdk=iphoneos*]" = "iPhone Developer";
				FRAMEWORK_SEARCH_PATHS = (
					"$(inherited)",
					"\"$(SYSTEM_APPS_DIR)/Xcode.app/Contents/Developer/Library/Frameworks\"",
				);
				GCC_PRECOMPILE_PREFIX_HEADER = YES;
				GCC_PREFIX_HEADER = "KechengIphoneTest/KechengIphoneTest-Prefix.pch";
				INFOPLIST_FILE = "KechengIphoneTest/KechengIphoneTest-Info.plist";
				LIBRARY_SEARCH_PATHS = (
					"$(inherited)",
					"\"$(SRCROOT)/KechengIphoneChatLib/XMPP/Vendor/libidn\"",
				);
				PRODUCT_NAME = "$(TARGET_NAME)";
				WRAPPER_EXTENSION = app;
			};
			name = Debug;
		};
		1F4B5537171EAFA7004EB4A1 /* Release */ = {
			isa = XCBuildConfiguration;
			buildSettings = {
				ALWAYS_SEARCH_USER_PATHS = NO;
				"CODE_SIGN_IDENTITY[sdk=iphoneos*]" = "iPhone Developer";
				FRAMEWORK_SEARCH_PATHS = (
					"$(inherited)",
					"\"$(SYSTEM_APPS_DIR)/Xcode.app/Contents/Developer/Library/Frameworks\"",
				);
				GCC_PRECOMPILE_PREFIX_HEADER = YES;
				GCC_PREFIX_HEADER = "KechengIphoneTest/KechengIphoneTest-Prefix.pch";
				INFOPLIST_FILE = "KechengIphoneTest/KechengIphoneTest-Info.plist";
				LIBRARY_SEARCH_PATHS = (
					"$(inherited)",
					"\"$(SRCROOT)/KechengIphoneChatLib/XMPP/Vendor/libidn\"",
				);
				OTHER_CFLAGS = "-DNS_BLOCK_ASSERTIONS=1";
				PRODUCT_NAME = "$(TARGET_NAME)";
				WRAPPER_EXTENSION = app;
			};
			name = Release;
		};
		1F4B5539171EAFA7004EB4A1 /* Debug */ = {
			isa = XCBuildConfiguration;
			buildSettings = {
				ALWAYS_SEARCH_USER_PATHS = NO;
				BUNDLE_LOADER = "$(BUILT_PRODUCTS_DIR)/KechengIphoneTest.app/KechengIphoneTest";
				FRAMEWORK_SEARCH_PATHS = (
					"\"$(SDKROOT)/Developer/Library/Frameworks\"",
					"\"$(DEVELOPER_LIBRARY_DIR)/Frameworks\"",
				);
				GCC_PRECOMPILE_PREFIX_HEADER = YES;
				GCC_PREFIX_HEADER = "KechengIphoneTest/KechengIphoneTest-Prefix.pch";
				INFOPLIST_FILE = "KechengIphoneTestTests/KechengIphoneTestTests-Info.plist";
				PRODUCT_NAME = "$(TARGET_NAME)";
				TEST_HOST = "$(BUNDLE_LOADER)";
				WRAPPER_EXTENSION = octest;
			};
			name = Debug;
		};
		1F4B553A171EAFA7004EB4A1 /* Release */ = {
			isa = XCBuildConfiguration;
			buildSettings = {
				ALWAYS_SEARCH_USER_PATHS = NO;
				BUNDLE_LOADER = "$(BUILT_PRODUCTS_DIR)/KechengIphoneTest.app/KechengIphoneTest";
				FRAMEWORK_SEARCH_PATHS = (
					"\"$(SDKROOT)/Developer/Library/Frameworks\"",
					"\"$(DEVELOPER_LIBRARY_DIR)/Frameworks\"",
				);
				GCC_PRECOMPILE_PREFIX_HEADER = YES;
				GCC_PREFIX_HEADER = "KechengIphoneTest/KechengIphoneTest-Prefix.pch";
				INFOPLIST_FILE = "KechengIphoneTestTests/KechengIphoneTestTests-Info.plist";
				PRODUCT_NAME = "$(TARGET_NAME)";
				TEST_HOST = "$(BUNDLE_LOADER)";
				WRAPPER_EXTENSION = octest;
			};
			name = Release;
		};
		1F67AB0D171C011800357955 /* Debug */ = {
			isa = XCBuildConfiguration;
			buildSettings = {
				ALWAYS_SEARCH_USER_PATHS = YES;
				CLANG_CXX_LANGUAGE_STANDARD = "gnu++0x";
				CLANG_CXX_LIBRARY = "libc++";
				CLANG_WARN_CONSTANT_CONVERSION = YES;
				CLANG_WARN_EMPTY_BODY = YES;
				CLANG_WARN_ENUM_CONVERSION = YES;
				CLANG_WARN_INT_CONVERSION = YES;
				CLANG_WARN__DUPLICATE_METHOD_MATCH = YES;
				COPY_PHASE_STRIP = NO;
				GCC_C_LANGUAGE_STANDARD = gnu99;
				GCC_DYNAMIC_NO_PIC = NO;
				GCC_OPTIMIZATION_LEVEL = 0;
				GCC_PREPROCESSOR_DEFINITIONS = (
					"DEBUG=1",
					"$(inherited)",
				);
				GCC_SYMBOLS_PRIVATE_EXTERN = NO;
				GCC_WARN_ABOUT_RETURN_TYPE = YES;
				GCC_WARN_UNINITIALIZED_AUTOS = YES;
				GCC_WARN_UNUSED_VARIABLE = YES;
				HEADER_SEARCH_PATHS = "$(SDKROOT)/usr/include/libxml2";
				IPHONEOS_DEPLOYMENT_TARGET = 6.1;
				ONLY_ACTIVE_ARCH = YES;
				SDKROOT = iphoneos;
			};
			name = Debug;
		};
		1F67AB0E171C011800357955 /* Release */ = {
			isa = XCBuildConfiguration;
			buildSettings = {
				ALWAYS_SEARCH_USER_PATHS = YES;
				CLANG_CXX_LANGUAGE_STANDARD = "gnu++0x";
				CLANG_CXX_LIBRARY = "libc++";
				CLANG_WARN_CONSTANT_CONVERSION = YES;
				CLANG_WARN_EMPTY_BODY = YES;
				CLANG_WARN_ENUM_CONVERSION = YES;
				CLANG_WARN_INT_CONVERSION = YES;
				CLANG_WARN__DUPLICATE_METHOD_MATCH = YES;
				COPY_PHASE_STRIP = YES;
				GCC_C_LANGUAGE_STANDARD = gnu99;
				GCC_WARN_ABOUT_RETURN_TYPE = YES;
				GCC_WARN_UNINITIALIZED_AUTOS = YES;
				GCC_WARN_UNUSED_VARIABLE = YES;
				HEADER_SEARCH_PATHS = "$(SDKROOT)/usr/include/libxml2";
				IPHONEOS_DEPLOYMENT_TARGET = 6.1;
				SDKROOT = iphoneos;
				VALIDATE_PRODUCT = YES;
			};
			name = Release;
		};
		1F67AB10171C011800357955 /* Debug */ = {
			isa = XCBuildConfiguration;
			buildSettings = {
				DEPLOYMENT_LOCATION = YES;
				DSTROOT = /tmp/KechengIphoneChatLib.dst;
				GCC_PRECOMPILE_PREFIX_HEADER = YES;
				GCC_PREFIX_HEADER = "KechengIphoneChatLib/KechengIphoneChatLib-Prefix.pch";
				GCC_WARN_ABOUT_DEPRECATED_FUNCTIONS = NO;
				HEADER_SEARCH_PATHS = "$(SDKROOT)/usr/include/libxml2";
				LIBRARY_SEARCH_PATHS = (
					"$(inherited)",
					"\"$(SRCROOT)/KechengIphoneChatLib/XMPP/Vendor/libidn\"",
				);
				OTHER_LDFLAGS = "-ObjC";
				PRODUCT_NAME = "$(TARGET_NAME)";
				SKIP_INSTALL = YES;
			};
			name = Debug;
		};
		1F67AB11171C011800357955 /* Release */ = {
			isa = XCBuildConfiguration;
			buildSettings = {
				DEPLOYMENT_LOCATION = YES;
				DSTROOT = /tmp/KechengIphoneChatLib.dst;
				GCC_PRECOMPILE_PREFIX_HEADER = YES;
				GCC_PREFIX_HEADER = "KechengIphoneChatLib/KechengIphoneChatLib-Prefix.pch";
				GCC_WARN_ABOUT_DEPRECATED_FUNCTIONS = NO;
				HEADER_SEARCH_PATHS = "$(SDKROOT)/usr/include/libxml2";
				LIBRARY_SEARCH_PATHS = (
					"$(inherited)",
					"\"$(SRCROOT)/KechengIphoneChatLib/XMPP/Vendor/libidn\"",
				);
				OTHER_LDFLAGS = "-ObjC";
				PRODUCT_NAME = "$(TARGET_NAME)";
				SKIP_INSTALL = YES;
			};
			name = Release;
		};
		1F67AB13171C011800357955 /* Debug */ = {
			isa = XCBuildConfiguration;
			buildSettings = {
				FRAMEWORK_SEARCH_PATHS = (
					"\"$(SDKROOT)/Developer/Library/Frameworks\"",
					"\"$(DEVELOPER_LIBRARY_DIR)/Frameworks\"",
				);
				GCC_PRECOMPILE_PREFIX_HEADER = YES;
				GCC_PREFIX_HEADER = "KechengIphoneChatLib/KechengIphoneChatLib-Prefix.pch";
				HEADER_SEARCH_PATHS = (
					"$(SDKROOT)/usr/include",
					"$(SDKROOT)/usr/include/libxml2",
				);
				INFOPLIST_FILE = "KechengIphoneChatLibTests/KechengIphoneChatLibTests-Info.plist";
				LIBRARY_SEARCH_PATHS = (
					"\"$(SRCROOT)/KechengIphoneChatLibTests\"",
					"\"$(SRCROOT)/KechengIphoneChatLibTests/XMPP/Vendor/libidn\"",
					"\"$(SDKROOT)/usr/lib/system\"",
				);
				PRODUCT_NAME = "$(TARGET_NAME)";
				WRAPPER_EXTENSION = octest;
			};
			name = Debug;
		};
		1F67AB14171C011800357955 /* Release */ = {
			isa = XCBuildConfiguration;
			buildSettings = {
				FRAMEWORK_SEARCH_PATHS = (
					"\"$(SDKROOT)/Developer/Library/Frameworks\"",
					"\"$(DEVELOPER_LIBRARY_DIR)/Frameworks\"",
				);
				GCC_PRECOMPILE_PREFIX_HEADER = YES;
				GCC_PREFIX_HEADER = "KechengIphoneChatLib/KechengIphoneChatLib-Prefix.pch";
				HEADER_SEARCH_PATHS = (
					"$(SDKROOT)/usr/include",
					"$(SDKROOT)/usr/include/libxml2",
				);
				INFOPLIST_FILE = "KechengIphoneChatLibTests/KechengIphoneChatLibTests-Info.plist";
				LIBRARY_SEARCH_PATHS = (
					"\"$(SRCROOT)/KechengIphoneChatLibTests\"",
					"\"$(SRCROOT)/KechengIphoneChatLibTests/XMPP/Vendor/libidn\"",
					"\"$(SDKROOT)/usr/lib/system\"",
				);
				PRODUCT_NAME = "$(TARGET_NAME)";
				WRAPPER_EXTENSION = octest;
			};
			name = Release;
		};
/* End XCBuildConfiguration section */

/* Begin XCConfigurationList section */
		1F4B5535171EAFA7004EB4A1 /* Build configuration list for PBXNativeTarget "KechengIphoneTest" */ = {
			isa = XCConfigurationList;
			buildConfigurations = (
				1F4B5536171EAFA7004EB4A1 /* Debug */,
				1F4B5537171EAFA7004EB4A1 /* Release */,
			);
			defaultConfigurationIsVisible = 0;
			defaultConfigurationName = Release;
		};
		1F4B5538171EAFA7004EB4A1 /* Build configuration list for PBXNativeTarget "KechengIphoneTestTests" */ = {
			isa = XCConfigurationList;
			buildConfigurations = (
				1F4B5539171EAFA7004EB4A1 /* Debug */,
				1F4B553A171EAFA7004EB4A1 /* Release */,
			);
			defaultConfigurationIsVisible = 0;
			defaultConfigurationName = Release;
		};
		1F67AAE5171C011800357955 /* Build configuration list for PBXProject "KechengIphoneChatLib" */ = {
			isa = XCConfigurationList;
			buildConfigurations = (
				1F67AB0D171C011800357955 /* Debug */,
				1F67AB0E171C011800357955 /* Release */,
			);
			defaultConfigurationIsVisible = 0;
			defaultConfigurationName = Release;
		};
		1F67AB0F171C011800357955 /* Build configuration list for PBXNativeTarget "KechengIphoneChatLib" */ = {
			isa = XCConfigurationList;
			buildConfigurations = (
				1F67AB10171C011800357955 /* Debug */,
				1F67AB11171C011800357955 /* Release */,
			);
			defaultConfigurationIsVisible = 0;
			defaultConfigurationName = Release;
		};
		1F67AB12171C011800357955 /* Build configuration list for PBXNativeTarget "KechengIphoneChatLibTests" */ = {
			isa = XCConfigurationList;
			buildConfigurations = (
				1F67AB13171C011800357955 /* Debug */,
				1F67AB14171C011800357955 /* Release */,
			);
			defaultConfigurationIsVisible = 0;
			defaultConfigurationName = Release;
		};
/* End XCConfigurationList section */
	};
	rootObject = 1F67AAE2171C011800357955 /* Project object */;
}
