// !$*UTF8*$!
{
	archiveVersion = 1;
	classes = {
	};
	objectVersion = 46;
	objects = {

/* Begin PBXBuildFile section */
		1F155104171FBBB100C7469E /* libxml2.dylib in Frameworks */ = {isa = PBXBuildFile; fileRef = 1F5A1660171D269100FDF2A0 /* libxml2.dylib */; };
		1F155105171FBCAE00C7469E /* libxml2.2.dylib in Frameworks */ = {isa = PBXBuildFile; fileRef = 1F5A165E171D268400FDF2A0 /* libxml2.2.dylib */; };
		1F155196171FC2FC00C7469E /* UIKit.framework in Frameworks */ = {isa = PBXBuildFile; fileRef = 1F5A165C171D248100FDF2A0 /* UIKit.framework */; };
		1F155197171FC36000C7469E /* CoreGraphics.framework in Frameworks */ = {isa = PBXBuildFile; fileRef = 1F4B5507171EAFA6004EB4A1 /* CoreGraphics.framework */; };
		1F155199171FC3BF00C7469E /* CFNetwork.framework in Frameworks */ = {isa = PBXBuildFile; fileRef = 1F155198171FC3BF00C7469E /* CFNetwork.framework */; };
		1F15519B171FC3CD00C7469E /* Security.framework in Frameworks */ = {isa = PBXBuildFile; fileRef = 1F15519A171FC3CD00C7469E /* Security.framework */; };
		1F15519F171FC73E00C7469E /* libresolv.dylib in Frameworks */ = {isa = PBXBuildFile; fileRef = 1F15519E171FC73E00C7469E /* libresolv.dylib */; };
		1F294130171EC10600EE3F19 /* libKechengIphoneChatLib.a in Frameworks */ = {isa = PBXBuildFile; fileRef = 1F67AAEA171C011800357955 /* libKechengIphoneChatLib.a */; };
		1F419A1F1724DED700ADF24B /* libsqlite3.dylib in Frameworks */ = {isa = PBXBuildFile; fileRef = 1F419A1E1724DED700ADF24B /* libsqlite3.dylib */; };
		1F4B5505171EAFA6004EB4A1 /* UIKit.framework in Frameworks */ = {isa = PBXBuildFile; fileRef = 1F67AAFE171C011800357955 /* UIKit.framework */; };
		1F4B5506171EAFA6004EB4A1 /* Foundation.framework in Frameworks */ = {isa = PBXBuildFile; fileRef = 1F67AAED171C011800357955 /* Foundation.framework */; };
		1F4B5508171EAFA6004EB4A1 /* CoreGraphics.framework in Frameworks */ = {isa = PBXBuildFile; fileRef = 1F4B5507171EAFA6004EB4A1 /* CoreGraphics.framework */; };
		1F4B550E171EAFA6004EB4A1 /* InfoPlist.strings in Resources */ = {isa = PBXBuildFile; fileRef = 1F4B550C171EAFA6004EB4A1 /* InfoPlist.strings */; };
		1F4B5510171EAFA6004EB4A1 /* main.m in Sources */ = {isa = PBXBuildFile; fileRef = 1F4B550F171EAFA6004EB4A1 /* main.m */; };
		1F4B5514171EAFA6004EB4A1 /* AppDelegate.m in Sources */ = {isa = PBXBuildFile; fileRef = 1F4B5513171EAFA6004EB4A1 /* AppDelegate.m */; };
		1F4B5516171EAFA6004EB4A1 /* Default.png in Resources */ = {isa = PBXBuildFile; fileRef = 1F4B5515171EAFA6004EB4A1 /* Default.png */; };
		1F4B5518171EAFA6004EB4A1 /* Default@2x.png in Resources */ = {isa = PBXBuildFile; fileRef = 1F4B5517171EAFA6004EB4A1 /* Default@2x.png */; };
		1F4B551A171EAFA6004EB4A1 /* Default-568h@2x.png in Resources */ = {isa = PBXBuildFile; fileRef = 1F4B5519171EAFA6004EB4A1 /* Default-568h@2x.png */; };
		1F4B5527171EAFA7004EB4A1 /* SenTestingKit.framework in Frameworks */ = {isa = PBXBuildFile; fileRef = 1F67AAFC171C011800357955 /* SenTestingKit.framework */; };
		1F4B5528171EAFA7004EB4A1 /* UIKit.framework in Frameworks */ = {isa = PBXBuildFile; fileRef = 1F67AAFE171C011800357955 /* UIKit.framework */; };
		1F4B5529171EAFA7004EB4A1 /* Foundation.framework in Frameworks */ = {isa = PBXBuildFile; fileRef = 1F67AAED171C011800357955 /* Foundation.framework */; };
		1F4B5531171EAFA7004EB4A1 /* InfoPlist.strings in Resources */ = {isa = PBXBuildFile; fileRef = 1F4B552F171EAFA7004EB4A1 /* InfoPlist.strings */; };
		1F4B5534171EAFA7004EB4A1 /* KechengIphoneTestTests.m in Sources */ = {isa = PBXBuildFile; fileRef = 1F4B5533171EAFA7004EB4A1 /* KechengIphoneTestTests.m */; };
		1F5A15CC171CE58F00FDF2A0 /* ChatMessage.m in Sources */ = {isa = PBXBuildFile; fileRef = 1F5A15CB171CE58F00FDF2A0 /* ChatMessage.m */; };
		1F5A15D0171CE7C900FDF2A0 /* ChatDBHelper.m in Sources */ = {isa = PBXBuildFile; fileRef = 1F5A15CF171CE7C900FDF2A0 /* ChatDBHelper.m */; };
		1F5A165D171D248100FDF2A0 /* UIKit.framework in Frameworks */ = {isa = PBXBuildFile; fileRef = 1F5A165C171D248100FDF2A0 /* UIKit.framework */; };
		1F5A1663171D27EA00FDF2A0 /* libsqlite3.0.dylib in Frameworks */ = {isa = PBXBuildFile; fileRef = 1F5A1662171D27EA00FDF2A0 /* libsqlite3.0.dylib */; };
		1F5A87AE17211C0700C5BD0A /* TestUser.m in Sources */ = {isa = PBXBuildFile; fileRef = 1F5A87AD17211C0700C5BD0A /* TestUser.m */; };
		1F5A87AF17211C0700C5BD0A /* TestUser.m in Sources */ = {isa = PBXBuildFile; fileRef = 1F5A87AD17211C0700C5BD0A /* TestUser.m */; };
		1F5A87B01721247300C5BD0A /* CFNetwork.framework in Frameworks */ = {isa = PBXBuildFile; fileRef = 1F155198171FC3BF00C7469E /* CFNetwork.framework */; };
		1F5A87B11721249600C5BD0A /* Security.framework in Frameworks */ = {isa = PBXBuildFile; fileRef = 1F15519A171FC3CD00C7469E /* Security.framework */; };
		1F5A87B2172124F100C5BD0A /* libresolv.dylib in Frameworks */ = {isa = PBXBuildFile; fileRef = 1F15519E171FC73E00C7469E /* libresolv.dylib */; };
		1F5A87B4172125AA00C5BD0A /* libxml2.dylib in Frameworks */ = {isa = PBXBuildFile; fileRef = 1F5A1660171D269100FDF2A0 /* libxml2.dylib */; };
		1F67AAEE171C011800357955 /* Foundation.framework in Frameworks */ = {isa = PBXBuildFile; fileRef = 1F67AAED171C011800357955 /* Foundation.framework */; };
		1F67AAFD171C011800357955 /* SenTestingKit.framework in Frameworks */ = {isa = PBXBuildFile; fileRef = 1F67AAFC171C011800357955 /* SenTestingKit.framework */; };
		1F67AB00171C011800357955 /* Foundation.framework in Frameworks */ = {isa = PBXBuildFile; fileRef = 1F67AAED171C011800357955 /* Foundation.framework */; };
		1F67AB03171C011800357955 /* libKechengIphoneChatLib.a in Frameworks */ = {isa = PBXBuildFile; fileRef = 1F67AAEA171C011800357955 /* libKechengIphoneChatLib.a */; };
		1F67AB18171C016E00357955 /* ChatManager.m in Sources */ = {isa = PBXBuildFile; fileRef = 1F67AB17171C016E00357955 /* ChatManager.m */; };
		1FD93F28172781D700A44111 /* ChatDefinitions.m in Sources */ = {isa = PBXBuildFile; fileRef = 1FD93EA2172781D700A44111 /* ChatDefinitions.m */; };
		1FD93F29172781D700A44111 /* ChatDefinitions.m in Sources */ = {isa = PBXBuildFile; fileRef = 1FD93EA2172781D700A44111 /* ChatDefinitions.m */; };
		1FD93F2A172781D700A44111 /* ChatEmojis.m in Sources */ = {isa = PBXBuildFile; fileRef = 1FD93EA4172781D700A44111 /* ChatEmojis.m */; };
		1FD93F2B172781D700A44111 /* ChatEmojis.m in Sources */ = {isa = PBXBuildFile; fileRef = 1FD93EA4172781D700A44111 /* ChatEmojis.m */; };
		1FD93F2C172781D700A44111 /* ChatEmoView.m in Sources */ = {isa = PBXBuildFile; fileRef = 1FD93EA6172781D700A44111 /* ChatEmoView.m */; };
		1FD93F2D172781D700A44111 /* ChatEmoView.m in Sources */ = {isa = PBXBuildFile; fileRef = 1FD93EA6172781D700A44111 /* ChatEmoView.m */; };
		1FD93F2E172781D700A44111 /* ChatHeaderView.m in Sources */ = {isa = PBXBuildFile; fileRef = 1FD93EA8172781D700A44111 /* ChatHeaderView.m */; };
		1FD93F2F172781D700A44111 /* ChatHeaderView.m in Sources */ = {isa = PBXBuildFile; fileRef = 1FD93EA8172781D700A44111 /* ChatHeaderView.m */; };
		1FD93F30172781D700A44111 /* ChatHeaderView.xib in Resources */ = {isa = PBXBuildFile; fileRef = 1FD93EA9172781D700A44111 /* ChatHeaderView.xib */; };
		1FD93F31172781D700A44111 /* ChatInputView.m in Sources */ = {isa = PBXBuildFile; fileRef = 1FD93EAB172781D700A44111 /* ChatInputView.m */; };
		1FD93F32172781D700A44111 /* ChatInputView.m in Sources */ = {isa = PBXBuildFile; fileRef = 1FD93EAB172781D700A44111 /* ChatInputView.m */; };
		1FD93F33172781D700A44111 /* ChatInputView.xib in Resources */ = {isa = PBXBuildFile; fileRef = 1FD93EAC172781D700A44111 /* ChatInputView.xib */; };
		1FD93F34172781D700A44111 /* ChatTableView.m in Sources */ = {isa = PBXBuildFile; fileRef = 1FD93EAE172781D700A44111 /* ChatTableView.m */; };
		1FD93F35172781D700A44111 /* ChatTableView.m in Sources */ = {isa = PBXBuildFile; fileRef = 1FD93EAE172781D700A44111 /* ChatTableView.m */; };
		1FD93F36172781D700A44111 /* ChatTableViewCell.m in Sources */ = {isa = PBXBuildFile; fileRef = 1FD93EB0172781D700A44111 /* ChatTableViewCell.m */; };
		1FD93F37172781D700A44111 /* ChatTableViewCell.m in Sources */ = {isa = PBXBuildFile; fileRef = 1FD93EB0172781D700A44111 /* ChatTableViewCell.m */; };
		1FD93F38172781D700A44111 /* ChatViewController.m in Sources */ = {isa = PBXBuildFile; fileRef = 1FD93EB2172781D700A44111 /* ChatViewController.m */; };
		1FD93F39172781D700A44111 /* ChatViewController.m in Sources */ = {isa = PBXBuildFile; fileRef = 1FD93EB2172781D700A44111 /* ChatViewController.m */; };
		1FD93F3A172781D700A44111 /* ChatViewController.xib in Resources */ = {isa = PBXBuildFile; fileRef = 1FD93EB3172781D700A44111 /* ChatViewController.xib */; };
		1FD93F3B172781D700A44111 /* avatar_shadow@2x.png in Resources */ = {isa = PBXBuildFile; fileRef = 1FD93EB5172781D700A44111 /* avatar_shadow@2x.png */; };
		1FD93F3C172781D700A44111 /* bubble_1@2x.png in Resources */ = {isa = PBXBuildFile; fileRef = 1FD93EB6172781D700A44111 /* bubble_1@2x.png */; };
		1FD93F3D172781D700A44111 /* bubble_2@2x.png in Resources */ = {isa = PBXBuildFile; fileRef = 1FD93EB7172781D700A44111 /* bubble_2@2x.png */; };
		1FD93F3E172781D700A44111 /* button_send@2x.png in Resources */ = {isa = PBXBuildFile; fileRef = 1FD93EB8172781D700A44111 /* button_send@2x.png */; };
		1FD93F3F172781D700A44111 /* button_send_pressed@2x.png in Resources */ = {isa = PBXBuildFile; fileRef = 1FD93EB9172781D700A44111 /* button_send_pressed@2x.png */; };
		1FD93F40172781D700A44111 /* chat@2x.png in Resources */ = {isa = PBXBuildFile; fileRef = 1FD93EBA172781D700A44111 /* chat@2x.png */; };
		1FD93F41172781D700A44111 /* emoji_button@2x.png in Resources */ = {isa = PBXBuildFile; fileRef = 1FD93EBB172781D700A44111 /* emoji_button@2x.png */; };
		1FD93F42172781D700A44111 /* emoji_button_pressed@2x.png in Resources */ = {isa = PBXBuildFile; fileRef = 1FD93EBC172781D700A44111 /* emoji_button_pressed@2x.png */; };
		1FD93F43172781D700A44111 /* facade_avatar@2x.png in Resources */ = {isa = PBXBuildFile; fileRef = 1FD93EBD172781D700A44111 /* facade_avatar@2x.png */; };
		1FD93F44172781D700A44111 /* global_bg_pattern.png in Resources */ = {isa = PBXBuildFile; fileRef = 1FD93EBE172781D700A44111 /* global_bg_pattern.png */; };
		1FD93F45172781D700A44111 /* keyboard_button@2x.png in Resources */ = {isa = PBXBuildFile; fileRef = 1FD93EBF172781D700A44111 /* keyboard_button@2x.png */; };
		1FD93F46172781D700A44111 /* keyboard_button_pressed@2x.png in Resources */ = {isa = PBXBuildFile; fileRef = 1FD93EC0172781D700A44111 /* keyboard_button_pressed@2x.png */; };
		1FD93F47172781D700A44111 /* CopyLabel.m in Sources */ = {isa = PBXBuildFile; fileRef = 1FD93EC3172781D700A44111 /* CopyLabel.m */; };
		1FD93F48172781D700A44111 /* CopyLabel.m in Sources */ = {isa = PBXBuildFile; fileRef = 1FD93EC3172781D700A44111 /* CopyLabel.m */; };
		1FD93F49172781D700A44111 /* XMPPAnonymousAuthentication.m in Sources */ = {isa = PBXBuildFile; fileRef = 1FD93EC8172781D700A44111 /* XMPPAnonymousAuthentication.m */; settings = {COMPILER_FLAGS = "-fobjc-arc"; }; };
		1FD93F4A172781D700A44111 /* XMPPAnonymousAuthentication.m in Sources */ = {isa = PBXBuildFile; fileRef = 1FD93EC8172781D700A44111 /* XMPPAnonymousAuthentication.m */; settings = {COMPILER_FLAGS = "-fobjc-arc"; }; };
		1FD93F4B172781D700A44111 /* XMPPDeprecatedDigestAuthentication.m in Sources */ = {isa = PBXBuildFile; fileRef = 1FD93ECB172781D700A44111 /* XMPPDeprecatedDigestAuthentication.m */; settings = {COMPILER_FLAGS = "-fobjc-arc"; }; };
		1FD93F4C172781D700A44111 /* XMPPDeprecatedDigestAuthentication.m in Sources */ = {isa = PBXBuildFile; fileRef = 1FD93ECB172781D700A44111 /* XMPPDeprecatedDigestAuthentication.m */; settings = {COMPILER_FLAGS = "-fobjc-arc"; }; };
		1FD93F4D172781D700A44111 /* XMPPDeprecatedPlainAuthentication.m in Sources */ = {isa = PBXBuildFile; fileRef = 1FD93ECE172781D700A44111 /* XMPPDeprecatedPlainAuthentication.m */; settings = {COMPILER_FLAGS = "-fobjc-arc"; }; };
		1FD93F4E172781D700A44111 /* XMPPDeprecatedPlainAuthentication.m in Sources */ = {isa = PBXBuildFile; fileRef = 1FD93ECE172781D700A44111 /* XMPPDeprecatedPlainAuthentication.m */; settings = {COMPILER_FLAGS = "-fobjc-arc"; }; };
		1FD93F4F172781D700A44111 /* XMPPDigestMD5Authentication.m in Sources */ = {isa = PBXBuildFile; fileRef = 1FD93ED1172781D700A44111 /* XMPPDigestMD5Authentication.m */; settings = {COMPILER_FLAGS = "-fobjc-arc"; }; };
		1FD93F50172781D700A44111 /* XMPPDigestMD5Authentication.m in Sources */ = {isa = PBXBuildFile; fileRef = 1FD93ED1172781D700A44111 /* XMPPDigestMD5Authentication.m */; settings = {COMPILER_FLAGS = "-fobjc-arc"; }; };
		1FD93F51172781D700A44111 /* XMPPPlainAuthentication.m in Sources */ = {isa = PBXBuildFile; fileRef = 1FD93ED4172781D700A44111 /* XMPPPlainAuthentication.m */; settings = {COMPILER_FLAGS = "-fobjc-arc"; }; };
		1FD93F52172781D700A44111 /* XMPPPlainAuthentication.m in Sources */ = {isa = PBXBuildFile; fileRef = 1FD93ED4172781D700A44111 /* XMPPPlainAuthentication.m */; settings = {COMPILER_FLAGS = "-fobjc-arc"; }; };
		1FD93F53172781D700A44111 /* XMPPXFacebookPlatformAuthentication.m in Sources */ = {isa = PBXBuildFile; fileRef = 1FD93ED7172781D700A44111 /* XMPPXFacebookPlatformAuthentication.m */; settings = {COMPILER_FLAGS = "-fobjc-arc"; }; };
		1FD93F54172781D700A44111 /* XMPPXFacebookPlatformAuthentication.m in Sources */ = {isa = PBXBuildFile; fileRef = 1FD93ED7172781D700A44111 /* XMPPXFacebookPlatformAuthentication.m */; settings = {COMPILER_FLAGS = "-fobjc-arc"; }; };
		1FD93F55172781D700A44111 /* NSData+XMPP.m in Sources */ = {isa = PBXBuildFile; fileRef = 1FD93EDB172781D700A44111 /* NSData+XMPP.m */; settings = {COMPILER_FLAGS = "-fobjc-arc"; }; };
		1FD93F56172781D700A44111 /* NSData+XMPP.m in Sources */ = {isa = PBXBuildFile; fileRef = 1FD93EDB172781D700A44111 /* NSData+XMPP.m */; settings = {COMPILER_FLAGS = "-fobjc-arc"; }; };
		1FD93F57172781D700A44111 /* NSNumber+XMPP.m in Sources */ = {isa = PBXBuildFile; fileRef = 1FD93EDD172781D700A44111 /* NSNumber+XMPP.m */; settings = {COMPILER_FLAGS = "-fobjc-arc"; }; };
		1FD93F58172781D700A44111 /* NSNumber+XMPP.m in Sources */ = {isa = PBXBuildFile; fileRef = 1FD93EDD172781D700A44111 /* NSNumber+XMPP.m */; settings = {COMPILER_FLAGS = "-fobjc-arc"; }; };
		1FD93F59172781D700A44111 /* NSXMLElement+XMPP.m in Sources */ = {isa = PBXBuildFile; fileRef = 1FD93EDF172781D700A44111 /* NSXMLElement+XMPP.m */; settings = {COMPILER_FLAGS = "-fobjc-arc"; }; };
		1FD93F5A172781D700A44111 /* NSXMLElement+XMPP.m in Sources */ = {isa = PBXBuildFile; fileRef = 1FD93EDF172781D700A44111 /* NSXMLElement+XMPP.m */; settings = {COMPILER_FLAGS = "-fobjc-arc"; }; };
		1FD93F5B172781D700A44111 /* XMPPElement.m in Sources */ = {isa = PBXBuildFile; fileRef = 1FD93EE3172781D700A44111 /* XMPPElement.m */; settings = {COMPILER_FLAGS = "-fobjc-arc"; }; };
		1FD93F5C172781D700A44111 /* XMPPElement.m in Sources */ = {isa = PBXBuildFile; fileRef = 1FD93EE3172781D700A44111 /* XMPPElement.m */; settings = {COMPILER_FLAGS = "-fobjc-arc"; }; };
		1FD93F5D172781D700A44111 /* XMPPIQ.m in Sources */ = {isa = PBXBuildFile; fileRef = 1FD93EE6172781D700A44111 /* XMPPIQ.m */; settings = {COMPILER_FLAGS = "-fobjc-arc"; }; };
		1FD93F5E172781D700A44111 /* XMPPIQ.m in Sources */ = {isa = PBXBuildFile; fileRef = 1FD93EE6172781D700A44111 /* XMPPIQ.m */; settings = {COMPILER_FLAGS = "-fobjc-arc"; }; };
		1FD93F5F172781D700A44111 /* XMPPJID.m in Sources */ = {isa = PBXBuildFile; fileRef = 1FD93EE8172781D700A44111 /* XMPPJID.m */; settings = {COMPILER_FLAGS = "-fobjc-arc"; }; };
		1FD93F60172781D700A44111 /* XMPPJID.m in Sources */ = {isa = PBXBuildFile; fileRef = 1FD93EE8172781D700A44111 /* XMPPJID.m */; settings = {COMPILER_FLAGS = "-fobjc-arc"; }; };
		1FD93F61172781D700A44111 /* XMPPMessage.m in Sources */ = {isa = PBXBuildFile; fileRef = 1FD93EEB172781D700A44111 /* XMPPMessage.m */; settings = {COMPILER_FLAGS = "-fobjc-arc"; }; };
		1FD93F62172781D700A44111 /* XMPPMessage.m in Sources */ = {isa = PBXBuildFile; fileRef = 1FD93EEB172781D700A44111 /* XMPPMessage.m */; settings = {COMPILER_FLAGS = "-fobjc-arc"; }; };
		1FD93F63172781D700A44111 /* XMPPModule.m in Sources */ = {isa = PBXBuildFile; fileRef = 1FD93EED172781D700A44111 /* XMPPModule.m */; settings = {COMPILER_FLAGS = "-fobjc-arc"; }; };
		1FD93F64172781D700A44111 /* XMPPModule.m in Sources */ = {isa = PBXBuildFile; fileRef = 1FD93EED172781D700A44111 /* XMPPModule.m */; settings = {COMPILER_FLAGS = "-fobjc-arc"; }; };
		1FD93F65172781D700A44111 /* XMPPParser.m in Sources */ = {isa = PBXBuildFile; fileRef = 1FD93EEF172781D700A44111 /* XMPPParser.m */; settings = {COMPILER_FLAGS = "-fobjc-arc"; }; };
		1FD93F66172781D700A44111 /* XMPPParser.m in Sources */ = {isa = PBXBuildFile; fileRef = 1FD93EEF172781D700A44111 /* XMPPParser.m */; settings = {COMPILER_FLAGS = "-fobjc-arc"; }; };
		1FD93F67172781D700A44111 /* XMPPPresence.m in Sources */ = {isa = PBXBuildFile; fileRef = 1FD93EF1172781D700A44111 /* XMPPPresence.m */; settings = {COMPILER_FLAGS = "-fobjc-arc"; }; };
		1FD93F68172781D700A44111 /* XMPPPresence.m in Sources */ = {isa = PBXBuildFile; fileRef = 1FD93EF1172781D700A44111 /* XMPPPresence.m */; settings = {COMPILER_FLAGS = "-fobjc-arc"; }; };
		1FD93F69172781D700A44111 /* XMPPStream.m in Sources */ = {isa = PBXBuildFile; fileRef = 1FD93EF3172781D700A44111 /* XMPPStream.m */; settings = {COMPILER_FLAGS = "-fobjc-arc"; }; };
		1FD93F6A172781D700A44111 /* XMPPStream.m in Sources */ = {isa = PBXBuildFile; fileRef = 1FD93EF3172781D700A44111 /* XMPPStream.m */; settings = {COMPILER_FLAGS = "-fobjc-arc"; }; };
		1FD93F6B172781D700A44111 /* DDList.m in Sources */ = {isa = PBXBuildFile; fileRef = 1FD93EF6172781D700A44111 /* DDList.m */; settings = {COMPILER_FLAGS = "-fobjc-arc"; }; };
		1FD93F6C172781D700A44111 /* DDList.m in Sources */ = {isa = PBXBuildFile; fileRef = 1FD93EF6172781D700A44111 /* DDList.m */; settings = {COMPILER_FLAGS = "-fobjc-arc"; }; };
		1FD93F6D172781D700A44111 /* GCDMulticastDelegate.m in Sources */ = {isa = PBXBuildFile; fileRef = 1FD93EF8172781D700A44111 /* GCDMulticastDelegate.m */; settings = {COMPILER_FLAGS = "-fobjc-arc"; }; };
		1FD93F6E172781D700A44111 /* GCDMulticastDelegate.m in Sources */ = {isa = PBXBuildFile; fileRef = 1FD93EF8172781D700A44111 /* GCDMulticastDelegate.m */; settings = {COMPILER_FLAGS = "-fobjc-arc"; }; };
		1FD93F6F172781D700A44111 /* LibIDN.m in Sources */ = {isa = PBXBuildFile; fileRef = 1FD93EFA172781D700A44111 /* LibIDN.m */; settings = {COMPILER_FLAGS = "-fobjc-arc"; }; };
		1FD93F70172781D700A44111 /* LibIDN.m in Sources */ = {isa = PBXBuildFile; fileRef = 1FD93EFA172781D700A44111 /* LibIDN.m */; settings = {COMPILER_FLAGS = "-fobjc-arc"; }; };
		1FD93F71172781D700A44111 /* RFImageToDataTransformer.m in Sources */ = {isa = PBXBuildFile; fileRef = 1FD93EFC172781D700A44111 /* RFImageToDataTransformer.m */; settings = {COMPILER_FLAGS = "-fobjc-arc"; }; };
		1FD93F72172781D700A44111 /* RFImageToDataTransformer.m in Sources */ = {isa = PBXBuildFile; fileRef = 1FD93EFC172781D700A44111 /* RFImageToDataTransformer.m */; settings = {COMPILER_FLAGS = "-fobjc-arc"; }; };
		1FD93F73172781D700A44111 /* XMPPIDTracker.m in Sources */ = {isa = PBXBuildFile; fileRef = 1FD93EFE172781D700A44111 /* XMPPIDTracker.m */; settings = {COMPILER_FLAGS = "-fobjc-arc"; }; };
		1FD93F74172781D700A44111 /* XMPPIDTracker.m in Sources */ = {isa = PBXBuildFile; fileRef = 1FD93EFE172781D700A44111 /* XMPPIDTracker.m */; settings = {COMPILER_FLAGS = "-fobjc-arc"; }; };
		1FD93F75172781D700A44111 /* XMPPSRVResolver.m in Sources */ = {isa = PBXBuildFile; fileRef = 1FD93F00172781D700A44111 /* XMPPSRVResolver.m */; settings = {COMPILER_FLAGS = "-fobjc-arc"; }; };
		1FD93F76172781D700A44111 /* XMPPSRVResolver.m in Sources */ = {isa = PBXBuildFile; fileRef = 1FD93F00172781D700A44111 /* XMPPSRVResolver.m */; settings = {COMPILER_FLAGS = "-fobjc-arc"; }; };
		1FD93F77172781D700A44111 /* GCDAsyncSocket.m in Sources */ = {isa = PBXBuildFile; fileRef = 1FD93F04172781D700A44111 /* GCDAsyncSocket.m */; settings = {COMPILER_FLAGS = "-fobjc-arc"; }; };
		1FD93F78172781D700A44111 /* GCDAsyncSocket.m in Sources */ = {isa = PBXBuildFile; fileRef = 1FD93F04172781D700A44111 /* GCDAsyncSocket.m */; settings = {COMPILER_FLAGS = "-fobjc-arc"; }; };
		1FD93F79172781D700A44111 /* DDAbstractDatabaseLogger.m in Sources */ = {isa = PBXBuildFile; fileRef = 1FD93F07172781D700A44111 /* DDAbstractDatabaseLogger.m */; settings = {COMPILER_FLAGS = "-fobjc-arc"; }; };
		1FD93F7A172781D700A44111 /* DDAbstractDatabaseLogger.m in Sources */ = {isa = PBXBuildFile; fileRef = 1FD93F07172781D700A44111 /* DDAbstractDatabaseLogger.m */; settings = {COMPILER_FLAGS = "-fobjc-arc"; }; };
		1FD93F7B172781D700A44111 /* DDASLLogger.m in Sources */ = {isa = PBXBuildFile; fileRef = 1FD93F09172781D700A44111 /* DDASLLogger.m */; settings = {COMPILER_FLAGS = "-fobjc-arc"; }; };
		1FD93F7C172781D700A44111 /* DDASLLogger.m in Sources */ = {isa = PBXBuildFile; fileRef = 1FD93F09172781D700A44111 /* DDASLLogger.m */; settings = {COMPILER_FLAGS = "-fobjc-arc"; }; };
		1FD93F7D172781D700A44111 /* DDFileLogger.m in Sources */ = {isa = PBXBuildFile; fileRef = 1FD93F0B172781D700A44111 /* DDFileLogger.m */; settings = {COMPILER_FLAGS = "-fobjc-arc"; }; };
		1FD93F7E172781D700A44111 /* DDFileLogger.m in Sources */ = {isa = PBXBuildFile; fileRef = 1FD93F0B172781D700A44111 /* DDFileLogger.m */; settings = {COMPILER_FLAGS = "-fobjc-arc"; }; };
		1FD93F7F172781D700A44111 /* DDLog.m in Sources */ = {isa = PBXBuildFile; fileRef = 1FD93F0D172781D700A44111 /* DDLog.m */; settings = {COMPILER_FLAGS = "-fobjc-arc"; }; };
		1FD93F80172781D700A44111 /* DDLog.m in Sources */ = {isa = PBXBuildFile; fileRef = 1FD93F0D172781D700A44111 /* DDLog.m */; settings = {COMPILER_FLAGS = "-fobjc-arc"; }; };
		1FD93F81172781D700A44111 /* DDTTYLogger.m in Sources */ = {isa = PBXBuildFile; fileRef = 1FD93F0F172781D700A44111 /* DDTTYLogger.m */; settings = {COMPILER_FLAGS = "-fobjc-arc"; }; };
		1FD93F82172781D700A44111 /* DDTTYLogger.m in Sources */ = {isa = PBXBuildFile; fileRef = 1FD93F0F172781D700A44111 /* DDTTYLogger.m */; settings = {COMPILER_FLAGS = "-fobjc-arc"; }; };
		1FD93F83172781D700A44111 /* ContextFilterLogFormatter.m in Sources */ = {isa = PBXBuildFile; fileRef = 1FD93F12172781D700A44111 /* ContextFilterLogFormatter.m */; settings = {COMPILER_FLAGS = "-fobjc-arc"; }; };
		1FD93F84172781D700A44111 /* ContextFilterLogFormatter.m in Sources */ = {isa = PBXBuildFile; fileRef = 1FD93F12172781D700A44111 /* ContextFilterLogFormatter.m */; settings = {COMPILER_FLAGS = "-fobjc-arc"; }; };
		1FD93F85172781D700A44111 /* DispatchQueueLogFormatter.m in Sources */ = {isa = PBXBuildFile; fileRef = 1FD93F14172781D700A44111 /* DispatchQueueLogFormatter.m */; settings = {COMPILER_FLAGS = "-fobjc-arc"; }; };
		1FD93F86172781D700A44111 /* DispatchQueueLogFormatter.m in Sources */ = {isa = PBXBuildFile; fileRef = 1FD93F14172781D700A44111 /* DispatchQueueLogFormatter.m */; settings = {COMPILER_FLAGS = "-fobjc-arc"; }; };
		1FD93F87172781D700A44111 /* README.txt in Resources */ = {isa = PBXBuildFile; fileRef = 1FD93F15172781D700A44111 /* README.txt */; };
		1FD93F88172781D700A44111 /* NSString+DDXML.m in Sources */ = {isa = PBXBuildFile; fileRef = 1FD93F19172781D700A44111 /* NSString+DDXML.m */; settings = {COMPILER_FLAGS = "-fobjc-arc"; }; };
		1FD93F89172781D700A44111 /* NSString+DDXML.m in Sources */ = {isa = PBXBuildFile; fileRef = 1FD93F19172781D700A44111 /* NSString+DDXML.m */; settings = {COMPILER_FLAGS = "-fobjc-arc"; }; };
		1FD93F8A172781D700A44111 /* DDXMLDocument.m in Sources */ = {isa = PBXBuildFile; fileRef = 1FD93F1C172781D700A44111 /* DDXMLDocument.m */; settings = {COMPILER_FLAGS = "-fobjc-arc"; }; };
		1FD93F8B172781D700A44111 /* DDXMLDocument.m in Sources */ = {isa = PBXBuildFile; fileRef = 1FD93F1C172781D700A44111 /* DDXMLDocument.m */; settings = {COMPILER_FLAGS = "-fobjc-arc"; }; };
		1FD93F8C172781D700A44111 /* DDXMLElement.m in Sources */ = {isa = PBXBuildFile; fileRef = 1FD93F1E172781D700A44111 /* DDXMLElement.m */; settings = {COMPILER_FLAGS = "-fobjc-arc"; }; };
		1FD93F8D172781D700A44111 /* DDXMLElement.m in Sources */ = {isa = PBXBuildFile; fileRef = 1FD93F1E172781D700A44111 /* DDXMLElement.m */; settings = {COMPILER_FLAGS = "-fobjc-arc"; }; };
		1FD93F8E172781D700A44111 /* DDXMLNode.m in Sources */ = {isa = PBXBuildFile; fileRef = 1FD93F20172781D700A44111 /* DDXMLNode.m */; settings = {COMPILER_FLAGS = "-fobjc-arc"; }; };
		1FD93F8F172781D700A44111 /* DDXMLNode.m in Sources */ = {isa = PBXBuildFile; fileRef = 1FD93F20172781D700A44111 /* DDXMLNode.m */; settings = {COMPILER_FLAGS = "-fobjc-arc"; }; };
		1FD93F90172781D700A44111 /* build-libidn.sh in Resources */ = {isa = PBXBuildFile; fileRef = 1FD93F24172781D700A44111 /* build-libidn.sh */; };
		1FD93F91172781D700A44111 /* libidn.a in Frameworks */ = {isa = PBXBuildFile; fileRef = 1FD93F26172781D700A44111 /* libidn.a */; };
		1FD93F92172781D700A44111 /* libidn.a in Frameworks */ = {isa = PBXBuildFile; fileRef = 1FD93F26172781D700A44111 /* libidn.a */; };
/* End PBXBuildFile section */

/* Begin PBXContainerItemProxy section */
		1F29412E171EC10100EE3F19 /* PBXContainerItemProxy */ = {
			isa = PBXContainerItemProxy;
			containerPortal = 1F67AAE2171C011800357955 /* Project object */;
			proxyType = 1;
			remoteGlobalIDString = 1F67AAE9171C011800357955;
			remoteInfo = KechengIphoneChatLib;
		};
		1F4B552A171EAFA7004EB4A1 /* PBXContainerItemProxy */ = {
			isa = PBXContainerItemProxy;
			containerPortal = 1F67AAE2171C011800357955 /* Project object */;
			proxyType = 1;
			remoteGlobalIDString = 1F4B5503171EAFA6004EB4A1;
			remoteInfo = KechengIphoneTest;
		};
		1F67AB01171C011800357955 /* PBXContainerItemProxy */ = {
			isa = PBXContainerItemProxy;
			containerPortal = 1F67AAE2171C011800357955 /* Project object */;
			proxyType = 1;
			remoteGlobalIDString = 1F67AAE9171C011800357955;
			remoteInfo = KechengIphoneChatLib;
		};
/* End PBXContainerItemProxy section */

/* Begin PBXCopyFilesBuildPhase section */
		1F67AAE8171C011800357955 /* CopyFiles */ = {
			isa = PBXCopyFilesBuildPhase;
			buildActionMask = 2147483647;
			dstPath = "include/${PRODUCT_NAME}";
			dstSubfolderSpec = 16;
			files = (
			);
			runOnlyForDeploymentPostprocessing = 0;
		};
/* End PBXCopyFilesBuildPhase section */

/* Begin PBXFileReference section */
		1F155198171FC3BF00C7469E /* CFNetwork.framework */ = {isa = PBXFileReference; lastKnownFileType = wrapper.framework; name = CFNetwork.framework; path = System/Library/Frameworks/CFNetwork.framework; sourceTree = SDKROOT; };
		1F15519A171FC3CD00C7469E /* Security.framework */ = {isa = PBXFileReference; lastKnownFileType = wrapper.framework; name = Security.framework; path = System/Library/Frameworks/Security.framework; sourceTree = SDKROOT; };
		1F15519C171FC42D00C7469E /* libdnsinfo.dylib */ = {isa = PBXFileReference; lastKnownFileType = "compiled.mach-o.dylib"; name = libdnsinfo.dylib; path = usr/lib/system/libdnsinfo.dylib; sourceTree = SDKROOT; };
		1F15519E171FC73E00C7469E /* libresolv.dylib */ = {isa = PBXFileReference; lastKnownFileType = "compiled.mach-o.dylib"; name = libresolv.dylib; path = usr/lib/libresolv.dylib; sourceTree = SDKROOT; };
		1F419A1E1724DED700ADF24B /* libsqlite3.dylib */ = {isa = PBXFileReference; lastKnownFileType = "compiled.mach-o.dylib"; name = libsqlite3.dylib; path = usr/lib/libsqlite3.dylib; sourceTree = SDKROOT; };
		1F4B5504171EAFA6004EB4A1 /* KechengIphoneTest.app */ = {isa = PBXFileReference; explicitFileType = wrapper.application; includeInIndex = 0; path = KechengIphoneTest.app; sourceTree = BUILT_PRODUCTS_DIR; };
		1F4B5507171EAFA6004EB4A1 /* CoreGraphics.framework */ = {isa = PBXFileReference; lastKnownFileType = wrapper.framework; name = CoreGraphics.framework; path = System/Library/Frameworks/CoreGraphics.framework; sourceTree = SDKROOT; };
		1F4B550B171EAFA6004EB4A1 /* KechengIphoneTest-Info.plist */ = {isa = PBXFileReference; lastKnownFileType = text.plist.xml; path = "KechengIphoneTest-Info.plist"; sourceTree = "<group>"; };
		1F4B550D171EAFA6004EB4A1 /* en */ = {isa = PBXFileReference; lastKnownFileType = text.plist.strings; name = en; path = en.lproj/InfoPlist.strings; sourceTree = "<group>"; };
		1F4B550F171EAFA6004EB4A1 /* main.m */ = {isa = PBXFileReference; lastKnownFileType = sourcecode.c.objc; path = main.m; sourceTree = "<group>"; };
		1F4B5511171EAFA6004EB4A1 /* KechengIphoneTest-Prefix.pch */ = {isa = PBXFileReference; lastKnownFileType = sourcecode.c.h; path = "KechengIphoneTest-Prefix.pch"; sourceTree = "<group>"; };
		1F4B5512171EAFA6004EB4A1 /* AppDelegate.h */ = {isa = PBXFileReference; lastKnownFileType = sourcecode.c.h; path = AppDelegate.h; sourceTree = "<group>"; };
		1F4B5513171EAFA6004EB4A1 /* AppDelegate.m */ = {isa = PBXFileReference; lastKnownFileType = sourcecode.c.objc; path = AppDelegate.m; sourceTree = "<group>"; };
		1F4B5515171EAFA6004EB4A1 /* Default.png */ = {isa = PBXFileReference; lastKnownFileType = image.png; path = Default.png; sourceTree = "<group>"; };
		1F4B5517171EAFA6004EB4A1 /* Default@2x.png */ = {isa = PBXFileReference; lastKnownFileType = image.png; path = "Default@2x.png"; sourceTree = "<group>"; };
		1F4B5519171EAFA6004EB4A1 /* Default-568h@2x.png */ = {isa = PBXFileReference; lastKnownFileType = image.png; path = "Default-568h@2x.png"; sourceTree = "<group>"; };
		1F4B5526171EAFA6004EB4A1 /* KechengIphoneTestTests.octest */ = {isa = PBXFileReference; explicitFileType = wrapper.cfbundle; includeInIndex = 0; path = KechengIphoneTestTests.octest; sourceTree = BUILT_PRODUCTS_DIR; };
		1F4B552E171EAFA7004EB4A1 /* KechengIphoneTestTests-Info.plist */ = {isa = PBXFileReference; lastKnownFileType = text.plist.xml; path = "KechengIphoneTestTests-Info.plist"; sourceTree = "<group>"; };
		1F4B5530171EAFA7004EB4A1 /* en */ = {isa = PBXFileReference; lastKnownFileType = text.plist.strings; name = en; path = en.lproj/InfoPlist.strings; sourceTree = "<group>"; };
		1F4B5532171EAFA7004EB4A1 /* KechengIphoneTestTests.h */ = {isa = PBXFileReference; lastKnownFileType = sourcecode.c.h; path = KechengIphoneTestTests.h; sourceTree = "<group>"; };
		1F4B5533171EAFA7004EB4A1 /* KechengIphoneTestTests.m */ = {isa = PBXFileReference; lastKnownFileType = sourcecode.c.objc; path = KechengIphoneTestTests.m; sourceTree = "<group>"; };
		1F5A15CA171CE58F00FDF2A0 /* ChatMessage.h */ = {isa = PBXFileReference; fileEncoding = 4; lastKnownFileType = sourcecode.c.h; path = ChatMessage.h; sourceTree = "<group>"; };
		1F5A15CB171CE58F00FDF2A0 /* ChatMessage.m */ = {isa = PBXFileReference; fileEncoding = 4; lastKnownFileType = sourcecode.c.objc; path = ChatMessage.m; sourceTree = "<group>"; };
		1F5A15CD171CE63E00FDF2A0 /* ChatUser.h */ = {isa = PBXFileReference; lastKnownFileType = sourcecode.c.h; path = ChatUser.h; sourceTree = "<group>"; };
		1F5A15CE171CE7C900FDF2A0 /* ChatDBHelper.h */ = {isa = PBXFileReference; fileEncoding = 4; lastKnownFileType = sourcecode.c.h; path = ChatDBHelper.h; sourceTree = "<group>"; };
		1F5A15CF171CE7C900FDF2A0 /* ChatDBHelper.m */ = {isa = PBXFileReference; fileEncoding = 4; lastKnownFileType = sourcecode.c.objc; path = ChatDBHelper.m; sourceTree = "<group>"; };
		1F5A165C171D248100FDF2A0 /* UIKit.framework */ = {isa = PBXFileReference; lastKnownFileType = wrapper.framework; name = UIKit.framework; path = System/Library/Frameworks/UIKit.framework; sourceTree = SDKROOT; };
		1F5A165E171D268400FDF2A0 /* libxml2.2.dylib */ = {isa = PBXFileReference; lastKnownFileType = "compiled.mach-o.dylib"; name = libxml2.2.dylib; path = usr/lib/libxml2.2.dylib; sourceTree = SDKROOT; };
		1F5A1660171D269100FDF2A0 /* libxml2.dylib */ = {isa = PBXFileReference; lastKnownFileType = "compiled.mach-o.dylib"; name = libxml2.dylib; path = usr/lib/libxml2.dylib; sourceTree = SDKROOT; };
		1F5A1662171D27EA00FDF2A0 /* libsqlite3.0.dylib */ = {isa = PBXFileReference; lastKnownFileType = "compiled.mach-o.dylib"; name = libsqlite3.0.dylib; path = usr/lib/libsqlite3.0.dylib; sourceTree = SDKROOT; };
		1F5A87AC17211C0700C5BD0A /* TestUser.h */ = {isa = PBXFileReference; fileEncoding = 4; lastKnownFileType = sourcecode.c.h; path = TestUser.h; sourceTree = "<group>"; };
		1F5A87AD17211C0700C5BD0A /* TestUser.m */ = {isa = PBXFileReference; fileEncoding = 4; lastKnownFileType = sourcecode.c.objc; path = TestUser.m; sourceTree = "<group>"; };
		1F67AAEA171C011800357955 /* libKechengIphoneChatLib.a */ = {isa = PBXFileReference; explicitFileType = archive.ar; includeInIndex = 0; path = libKechengIphoneChatLib.a; sourceTree = BUILT_PRODUCTS_DIR; };
		1F67AAED171C011800357955 /* Foundation.framework */ = {isa = PBXFileReference; lastKnownFileType = wrapper.framework; name = Foundation.framework; path = System/Library/Frameworks/Foundation.framework; sourceTree = SDKROOT; };
		1F67AAF1171C011800357955 /* KechengIphoneChatLib-Prefix.pch */ = {isa = PBXFileReference; lastKnownFileType = sourcecode.c.h; path = "KechengIphoneChatLib-Prefix.pch"; sourceTree = "<group>"; };
		1F67AAFB171C011800357955 /* KechengIphoneChatLibTests.octest */ = {isa = PBXFileReference; explicitFileType = wrapper.cfbundle; includeInIndex = 0; path = KechengIphoneChatLibTests.octest; sourceTree = BUILT_PRODUCTS_DIR; };
		1F67AAFC171C011800357955 /* SenTestingKit.framework */ = {isa = PBXFileReference; lastKnownFileType = wrapper.framework; name = SenTestingKit.framework; path = Library/Frameworks/SenTestingKit.framework; sourceTree = DEVELOPER_DIR; };
		1F67AAFE171C011800357955 /* UIKit.framework */ = {isa = PBXFileReference; lastKnownFileType = wrapper.framework; name = UIKit.framework; path = Library/Frameworks/UIKit.framework; sourceTree = DEVELOPER_DIR; };
		1F67AB16171C016E00357955 /* ChatManager.h */ = {isa = PBXFileReference; fileEncoding = 4; lastKnownFileType = sourcecode.c.h; path = ChatManager.h; sourceTree = "<group>"; };
		1F67AB17171C016E00357955 /* ChatManager.m */ = {isa = PBXFileReference; fileEncoding = 4; lastKnownFileType = sourcecode.c.objc; path = ChatManager.m; sourceTree = "<group>"; };
		1FD93EA1172781D700A44111 /* ChatDefinitions.h */ = {isa = PBXFileReference; fileEncoding = 4; lastKnownFileType = sourcecode.c.h; path = ChatDefinitions.h; sourceTree = "<group>"; };
		1FD93EA2172781D700A44111 /* ChatDefinitions.m */ = {isa = PBXFileReference; fileEncoding = 4; lastKnownFileType = sourcecode.c.objc; path = ChatDefinitions.m; sourceTree = "<group>"; };
		1FD93EA3172781D700A44111 /* ChatEmojis.h */ = {isa = PBXFileReference; fileEncoding = 4; lastKnownFileType = sourcecode.c.h; path = ChatEmojis.h; sourceTree = "<group>"; };
		1FD93EA4172781D700A44111 /* ChatEmojis.m */ = {isa = PBXFileReference; fileEncoding = 4; lastKnownFileType = sourcecode.c.objc; path = ChatEmojis.m; sourceTree = "<group>"; };
		1FD93EA5172781D700A44111 /* ChatEmoView.h */ = {isa = PBXFileReference; fileEncoding = 4; lastKnownFileType = sourcecode.c.h; path = ChatEmoView.h; sourceTree = "<group>"; };
		1FD93EA6172781D700A44111 /* ChatEmoView.m */ = {isa = PBXFileReference; fileEncoding = 4; lastKnownFileType = sourcecode.c.objc; path = ChatEmoView.m; sourceTree = "<group>"; };
		1FD93EA7172781D700A44111 /* ChatHeaderView.h */ = {isa = PBXFileReference; fileEncoding = 4; lastKnownFileType = sourcecode.c.h; path = ChatHeaderView.h; sourceTree = "<group>"; };
		1FD93EA8172781D700A44111 /* ChatHeaderView.m */ = {isa = PBXFileReference; fileEncoding = 4; lastKnownFileType = sourcecode.c.objc; path = ChatHeaderView.m; sourceTree = "<group>"; };
		1FD93EA9172781D700A44111 /* ChatHeaderView.xib */ = {isa = PBXFileReference; fileEncoding = 4; lastKnownFileType = file.xib; path = ChatHeaderView.xib; sourceTree = "<group>"; };
		1FD93EAA172781D700A44111 /* ChatInputView.h */ = {isa = PBXFileReference; fileEncoding = 4; lastKnownFileType = sourcecode.c.h; path = ChatInputView.h; sourceTree = "<group>"; };
		1FD93EAB172781D700A44111 /* ChatInputView.m */ = {isa = PBXFileReference; fileEncoding = 4; lastKnownFileType = sourcecode.c.objc; path = ChatInputView.m; sourceTree = "<group>"; };
		1FD93EAC172781D700A44111 /* ChatInputView.xib */ = {isa = PBXFileReference; fileEncoding = 4; lastKnownFileType = file.xib; path = ChatInputView.xib; sourceTree = "<group>"; };
		1FD93EAD172781D700A44111 /* ChatTableView.h */ = {isa = PBXFileReference; fileEncoding = 4; lastKnownFileType = sourcecode.c.h; path = ChatTableView.h; sourceTree = "<group>"; };
		1FD93EAE172781D700A44111 /* ChatTableView.m */ = {isa = PBXFileReference; fileEncoding = 4; lastKnownFileType = sourcecode.c.objc; path = ChatTableView.m; sourceTree = "<group>"; };
		1FD93EAF172781D700A44111 /* ChatTableViewCell.h */ = {isa = PBXFileReference; fileEncoding = 4; lastKnownFileType = sourcecode.c.h; path = ChatTableViewCell.h; sourceTree = "<group>"; };
		1FD93EB0172781D700A44111 /* ChatTableViewCell.m */ = {isa = PBXFileReference; fileEncoding = 4; lastKnownFileType = sourcecode.c.objc; path = ChatTableViewCell.m; sourceTree = "<group>"; };
		1FD93EB1172781D700A44111 /* ChatViewController.h */ = {isa = PBXFileReference; fileEncoding = 4; lastKnownFileType = sourcecode.c.h; path = ChatViewController.h; sourceTree = "<group>"; };
		1FD93EB2172781D700A44111 /* ChatViewController.m */ = {isa = PBXFileReference; fileEncoding = 4; lastKnownFileType = sourcecode.c.objc; path = ChatViewController.m; sourceTree = "<group>"; };
		1FD93EB3172781D700A44111 /* ChatViewController.xib */ = {isa = PBXFileReference; fileEncoding = 4; lastKnownFileType = file.xib; path = ChatViewController.xib; sourceTree = "<group>"; };
		1FD93EB5172781D700A44111 /* avatar_shadow@2x.png */ = {isa = PBXFileReference; lastKnownFileType = image.png; path = "avatar_shadow@2x.png"; sourceTree = "<group>"; };
		1FD93EB6172781D700A44111 /* bubble_1@2x.png */ = {isa = PBXFileReference; lastKnownFileType = image.png; path = "bubble_1@2x.png"; sourceTree = "<group>"; };
		1FD93EB7172781D700A44111 /* bubble_2@2x.png */ = {isa = PBXFileReference; lastKnownFileType = image.png; path = "bubble_2@2x.png"; sourceTree = "<group>"; };
		1FD93EB8172781D700A44111 /* button_send@2x.png */ = {isa = PBXFileReference; lastKnownFileType = image.png; path = "button_send@2x.png"; sourceTree = "<group>"; };
		1FD93EB9172781D700A44111 /* button_send_pressed@2x.png */ = {isa = PBXFileReference; lastKnownFileType = image.png; path = "button_send_pressed@2x.png"; sourceTree = "<group>"; };
		1FD93EBA172781D700A44111 /* chat@2x.png */ = {isa = PBXFileReference; lastKnownFileType = image.png; path = "chat@2x.png"; sourceTree = "<group>"; };
		1FD93EBB172781D700A44111 /* emoji_button@2x.png */ = {isa = PBXFileReference; lastKnownFileType = image.png; path = "emoji_button@2x.png"; sourceTree = "<group>"; };
		1FD93EBC172781D700A44111 /* emoji_button_pressed@2x.png */ = {isa = PBXFileReference; lastKnownFileType = image.png; path = "emoji_button_pressed@2x.png"; sourceTree = "<group>"; };
		1FD93EBD172781D700A44111 /* facade_avatar@2x.png */ = {isa = PBXFileReference; lastKnownFileType = image.png; path = "facade_avatar@2x.png"; sourceTree = "<group>"; };
		1FD93EBE172781D700A44111 /* global_bg_pattern.png */ = {isa = PBXFileReference; lastKnownFileType = image.png; path = global_bg_pattern.png; sourceTree = "<group>"; };
		1FD93EBF172781D700A44111 /* keyboard_button@2x.png */ = {isa = PBXFileReference; lastKnownFileType = image.png; path = "keyboard_button@2x.png"; sourceTree = "<group>"; };
		1FD93EC0172781D700A44111 /* keyboard_button_pressed@2x.png */ = {isa = PBXFileReference; lastKnownFileType = image.png; path = "keyboard_button_pressed@2x.png"; sourceTree = "<group>"; };
		1FD93EC2172781D700A44111 /* CopyLabel.h */ = {isa = PBXFileReference; fileEncoding = 4; lastKnownFileType = sourcecode.c.h; path = CopyLabel.h; sourceTree = "<group>"; };
		1FD93EC3172781D700A44111 /* CopyLabel.m */ = {isa = PBXFileReference; fileEncoding = 4; lastKnownFileType = sourcecode.c.objc; path = CopyLabel.m; sourceTree = "<group>"; };
		1FD93EC7172781D700A44111 /* XMPPAnonymousAuthentication.h */ = {isa = PBXFileReference; fileEncoding = 4; lastKnownFileType = sourcecode.c.h; path = XMPPAnonymousAuthentication.h; sourceTree = "<group>"; };
		1FD93EC8172781D700A44111 /* XMPPAnonymousAuthentication.m */ = {isa = PBXFileReference; fileEncoding = 4; lastKnownFileType = sourcecode.c.objc; path = XMPPAnonymousAuthentication.m; sourceTree = "<group>"; };
		1FD93ECA172781D700A44111 /* XMPPDeprecatedDigestAuthentication.h */ = {isa = PBXFileReference; fileEncoding = 4; lastKnownFileType = sourcecode.c.h; path = XMPPDeprecatedDigestAuthentication.h; sourceTree = "<group>"; };
		1FD93ECB172781D700A44111 /* XMPPDeprecatedDigestAuthentication.m */ = {isa = PBXFileReference; fileEncoding = 4; lastKnownFileType = sourcecode.c.objc; path = XMPPDeprecatedDigestAuthentication.m; sourceTree = "<group>"; };
		1FD93ECD172781D700A44111 /* XMPPDeprecatedPlainAuthentication.h */ = {isa = PBXFileReference; fileEncoding = 4; lastKnownFileType = sourcecode.c.h; path = XMPPDeprecatedPlainAuthentication.h; sourceTree = "<group>"; };
		1FD93ECE172781D700A44111 /* XMPPDeprecatedPlainAuthentication.m */ = {isa = PBXFileReference; fileEncoding = 4; lastKnownFileType = sourcecode.c.objc; path = XMPPDeprecatedPlainAuthentication.m; sourceTree = "<group>"; };
		1FD93ED0172781D700A44111 /* XMPPDigestMD5Authentication.h */ = {isa = PBXFileReference; fileEncoding = 4; lastKnownFileType = sourcecode.c.h; path = XMPPDigestMD5Authentication.h; sourceTree = "<group>"; };
		1FD93ED1172781D700A44111 /* XMPPDigestMD5Authentication.m */ = {isa = PBXFileReference; fileEncoding = 4; lastKnownFileType = sourcecode.c.objc; path = XMPPDigestMD5Authentication.m; sourceTree = "<group>"; };
		1FD93ED3172781D700A44111 /* XMPPPlainAuthentication.h */ = {isa = PBXFileReference; fileEncoding = 4; lastKnownFileType = sourcecode.c.h; path = XMPPPlainAuthentication.h; sourceTree = "<group>"; };
		1FD93ED4172781D700A44111 /* XMPPPlainAuthentication.m */ = {isa = PBXFileReference; fileEncoding = 4; lastKnownFileType = sourcecode.c.objc; path = XMPPPlainAuthentication.m; sourceTree = "<group>"; };
		1FD93ED6172781D700A44111 /* XMPPXFacebookPlatformAuthentication.h */ = {isa = PBXFileReference; fileEncoding = 4; lastKnownFileType = sourcecode.c.h; path = XMPPXFacebookPlatformAuthentication.h; sourceTree = "<group>"; };
		1FD93ED7172781D700A44111 /* XMPPXFacebookPlatformAuthentication.m */ = {isa = PBXFileReference; fileEncoding = 4; lastKnownFileType = sourcecode.c.objc; path = XMPPXFacebookPlatformAuthentication.m; sourceTree = "<group>"; };
		1FD93ED8172781D700A44111 /* XMPPSASLAuthentication.h */ = {isa = PBXFileReference; fileEncoding = 4; lastKnownFileType = sourcecode.c.h; path = XMPPSASLAuthentication.h; sourceTree = "<group>"; };
		1FD93EDA172781D700A44111 /* NSData+XMPP.h */ = {isa = PBXFileReference; fileEncoding = 4; lastKnownFileType = sourcecode.c.h; path = "NSData+XMPP.h"; sourceTree = "<group>"; };
		1FD93EDB172781D700A44111 /* NSData+XMPP.m */ = {isa = PBXFileReference; fileEncoding = 4; lastKnownFileType = sourcecode.c.objc; path = "NSData+XMPP.m"; sourceTree = "<group>"; };
		1FD93EDC172781D700A44111 /* NSNumber+XMPP.h */ = {isa = PBXFileReference; fileEncoding = 4; lastKnownFileType = sourcecode.c.h; path = "NSNumber+XMPP.h"; sourceTree = "<group>"; };
		1FD93EDD172781D700A44111 /* NSNumber+XMPP.m */ = {isa = PBXFileReference; fileEncoding = 4; lastKnownFileType = sourcecode.c.objc; path = "NSNumber+XMPP.m"; sourceTree = "<group>"; };
		1FD93EDE172781D700A44111 /* NSXMLElement+XMPP.h */ = {isa = PBXFileReference; fileEncoding = 4; lastKnownFileType = sourcecode.c.h; path = "NSXMLElement+XMPP.h"; sourceTree = "<group>"; };
		1FD93EDF172781D700A44111 /* NSXMLElement+XMPP.m */ = {isa = PBXFileReference; fileEncoding = 4; lastKnownFileType = sourcecode.c.objc; path = "NSXMLElement+XMPP.m"; sourceTree = "<group>"; };
		1FD93EE1172781D700A44111 /* XMPP.h */ = {isa = PBXFileReference; fileEncoding = 4; lastKnownFileType = sourcecode.c.h; path = XMPP.h; sourceTree = "<group>"; };
		1FD93EE2172781D700A44111 /* XMPPElement.h */ = {isa = PBXFileReference; fileEncoding = 4; lastKnownFileType = sourcecode.c.h; path = XMPPElement.h; sourceTree = "<group>"; };
		1FD93EE3172781D700A44111 /* XMPPElement.m */ = {isa = PBXFileReference; fileEncoding = 4; lastKnownFileType = sourcecode.c.objc; path = XMPPElement.m; sourceTree = "<group>"; };
		1FD93EE4172781D700A44111 /* XMPPInternal.h */ = {isa = PBXFileReference; fileEncoding = 4; lastKnownFileType = sourcecode.c.h; path = XMPPInternal.h; sourceTree = "<group>"; };
		1FD93EE5172781D700A44111 /* XMPPIQ.h */ = {isa = PBXFileReference; fileEncoding = 4; lastKnownFileType = sourcecode.c.h; path = XMPPIQ.h; sourceTree = "<group>"; };
		1FD93EE6172781D700A44111 /* XMPPIQ.m */ = {isa = PBXFileReference; fileEncoding = 4; lastKnownFileType = sourcecode.c.objc; path = XMPPIQ.m; sourceTree = "<group>"; };
		1FD93EE7172781D700A44111 /* XMPPJID.h */ = {isa = PBXFileReference; fileEncoding = 4; lastKnownFileType = sourcecode.c.h; path = XMPPJID.h; sourceTree = "<group>"; };
		1FD93EE8172781D700A44111 /* XMPPJID.m */ = {isa = PBXFileReference; fileEncoding = 4; lastKnownFileType = sourcecode.c.objc; path = XMPPJID.m; sourceTree = "<group>"; };
		1FD93EE9172781D700A44111 /* XMPPLogging.h */ = {isa = PBXFileReference; fileEncoding = 4; lastKnownFileType = sourcecode.c.h; path = XMPPLogging.h; sourceTree = "<group>"; };
		1FD93EEA172781D700A44111 /* XMPPMessage.h */ = {isa = PBXFileReference; fileEncoding = 4; lastKnownFileType = sourcecode.c.h; path = XMPPMessage.h; sourceTree = "<group>"; };
		1FD93EEB172781D700A44111 /* XMPPMessage.m */ = {isa = PBXFileReference; fileEncoding = 4; lastKnownFileType = sourcecode.c.objc; path = XMPPMessage.m; sourceTree = "<group>"; };
		1FD93EEC172781D700A44111 /* XMPPModule.h */ = {isa = PBXFileReference; fileEncoding = 4; lastKnownFileType = sourcecode.c.h; path = XMPPModule.h; sourceTree = "<group>"; };
		1FD93EED172781D700A44111 /* XMPPModule.m */ = {isa = PBXFileReference; fileEncoding = 4; lastKnownFileType = sourcecode.c.objc; path = XMPPModule.m; sourceTree = "<group>"; };
		1FD93EEE172781D700A44111 /* XMPPParser.h */ = {isa = PBXFileReference; fileEncoding = 4; lastKnownFileType = sourcecode.c.h; path = XMPPParser.h; sourceTree = "<group>"; };
		1FD93EEF172781D700A44111 /* XMPPParser.m */ = {isa = PBXFileReference; fileEncoding = 4; lastKnownFileType = sourcecode.c.objc; path = XMPPParser.m; sourceTree = "<group>"; };
		1FD93EF0172781D700A44111 /* XMPPPresence.h */ = {isa = PBXFileReference; fileEncoding = 4; lastKnownFileType = sourcecode.c.h; path = XMPPPresence.h; sourceTree = "<group>"; };
		1FD93EF1172781D700A44111 /* XMPPPresence.m */ = {isa = PBXFileReference; fileEncoding = 4; lastKnownFileType = sourcecode.c.objc; path = XMPPPresence.m; sourceTree = "<group>"; };
		1FD93EF2172781D700A44111 /* XMPPStream.h */ = {isa = PBXFileReference; fileEncoding = 4; lastKnownFileType = sourcecode.c.h; path = XMPPStream.h; sourceTree = "<group>"; };
		1FD93EF3172781D700A44111 /* XMPPStream.m */ = {isa = PBXFileReference; fileEncoding = 4; lastKnownFileType = sourcecode.c.objc; path = XMPPStream.m; sourceTree = "<group>"; };
		1FD93EF5172781D700A44111 /* DDList.h */ = {isa = PBXFileReference; fileEncoding = 4; lastKnownFileType = sourcecode.c.h; path = DDList.h; sourceTree = "<group>"; };
		1FD93EF6172781D700A44111 /* DDList.m */ = {isa = PBXFileReference; fileEncoding = 4; lastKnownFileType = sourcecode.c.objc; path = DDList.m; sourceTree = "<group>"; };
		1FD93EF7172781D700A44111 /* GCDMulticastDelegate.h */ = {isa = PBXFileReference; fileEncoding = 4; lastKnownFileType = sourcecode.c.h; path = GCDMulticastDelegate.h; sourceTree = "<group>"; };
		1FD93EF8172781D700A44111 /* GCDMulticastDelegate.m */ = {isa = PBXFileReference; fileEncoding = 4; lastKnownFileType = sourcecode.c.objc; path = GCDMulticastDelegate.m; sourceTree = "<group>"; };
		1FD93EF9172781D700A44111 /* LibIDN.h */ = {isa = PBXFileReference; fileEncoding = 4; lastKnownFileType = sourcecode.c.h; path = LibIDN.h; sourceTree = "<group>"; };
		1FD93EFA172781D700A44111 /* LibIDN.m */ = {isa = PBXFileReference; fileEncoding = 4; lastKnownFileType = sourcecode.c.objc; path = LibIDN.m; sourceTree = "<group>"; };
		1FD93EFB172781D700A44111 /* RFImageToDataTransformer.h */ = {isa = PBXFileReference; fileEncoding = 4; lastKnownFileType = sourcecode.c.h; path = RFImageToDataTransformer.h; sourceTree = "<group>"; };
		1FD93EFC172781D700A44111 /* RFImageToDataTransformer.m */ = {isa = PBXFileReference; fileEncoding = 4; lastKnownFileType = sourcecode.c.objc; path = RFImageToDataTransformer.m; sourceTree = "<group>"; };
		1FD93EFD172781D700A44111 /* XMPPIDTracker.h */ = {isa = PBXFileReference; fileEncoding = 4; lastKnownFileType = sourcecode.c.h; path = XMPPIDTracker.h; sourceTree = "<group>"; };
		1FD93EFE172781D700A44111 /* XMPPIDTracker.m */ = {isa = PBXFileReference; fileEncoding = 4; lastKnownFileType = sourcecode.c.objc; path = XMPPIDTracker.m; sourceTree = "<group>"; };
		1FD93EFF172781D700A44111 /* XMPPSRVResolver.h */ = {isa = PBXFileReference; fileEncoding = 4; lastKnownFileType = sourcecode.c.h; path = XMPPSRVResolver.h; sourceTree = "<group>"; };
		1FD93F00172781D700A44111 /* XMPPSRVResolver.m */ = {isa = PBXFileReference; fileEncoding = 4; lastKnownFileType = sourcecode.c.objc; path = XMPPSRVResolver.m; sourceTree = "<group>"; };
		1FD93F03172781D700A44111 /* GCDAsyncSocket.h */ = {isa = PBXFileReference; fileEncoding = 4; lastKnownFileType = sourcecode.c.h; path = GCDAsyncSocket.h; sourceTree = "<group>"; };
		1FD93F04172781D700A44111 /* GCDAsyncSocket.m */ = {isa = PBXFileReference; fileEncoding = 4; lastKnownFileType = sourcecode.c.objc; path = GCDAsyncSocket.m; sourceTree = "<group>"; };
		1FD93F06172781D700A44111 /* DDAbstractDatabaseLogger.h */ = {isa = PBXFileReference; fileEncoding = 4; lastKnownFileType = sourcecode.c.h; path = DDAbstractDatabaseLogger.h; sourceTree = "<group>"; };
		1FD93F07172781D700A44111 /* DDAbstractDatabaseLogger.m */ = {isa = PBXFileReference; fileEncoding = 4; lastKnownFileType = sourcecode.c.objc; path = DDAbstractDatabaseLogger.m; sourceTree = "<group>"; };
		1FD93F08172781D700A44111 /* DDASLLogger.h */ = {isa = PBXFileReference; fileEncoding = 4; lastKnownFileType = sourcecode.c.h; path = DDASLLogger.h; sourceTree = "<group>"; };
		1FD93F09172781D700A44111 /* DDASLLogger.m */ = {isa = PBXFileReference; fileEncoding = 4; lastKnownFileType = sourcecode.c.objc; path = DDASLLogger.m; sourceTree = "<group>"; };
		1FD93F0A172781D700A44111 /* DDFileLogger.h */ = {isa = PBXFileReference; fileEncoding = 4; lastKnownFileType = sourcecode.c.h; path = DDFileLogger.h; sourceTree = "<group>"; };
		1FD93F0B172781D700A44111 /* DDFileLogger.m */ = {isa = PBXFileReference; fileEncoding = 4; lastKnownFileType = sourcecode.c.objc; path = DDFileLogger.m; sourceTree = "<group>"; };
		1FD93F0C172781D700A44111 /* DDLog.h */ = {isa = PBXFileReference; fileEncoding = 4; lastKnownFileType = sourcecode.c.h; path = DDLog.h; sourceTree = "<group>"; };
		1FD93F0D172781D700A44111 /* DDLog.m */ = {isa = PBXFileReference; fileEncoding = 4; lastKnownFileType = sourcecode.c.objc; path = DDLog.m; sourceTree = "<group>"; };
		1FD93F0E172781D700A44111 /* DDTTYLogger.h */ = {isa = PBXFileReference; fileEncoding = 4; lastKnownFileType = sourcecode.c.h; path = DDTTYLogger.h; sourceTree = "<group>"; };
		1FD93F0F172781D700A44111 /* DDTTYLogger.m */ = {isa = PBXFileReference; fileEncoding = 4; lastKnownFileType = sourcecode.c.objc; path = DDTTYLogger.m; sourceTree = "<group>"; };
		1FD93F11172781D700A44111 /* ContextFilterLogFormatter.h */ = {isa = PBXFileReference; fileEncoding = 4; lastKnownFileType = sourcecode.c.h; path = ContextFilterLogFormatter.h; sourceTree = "<group>"; };
		1FD93F12172781D700A44111 /* ContextFilterLogFormatter.m */ = {isa = PBXFileReference; fileEncoding = 4; lastKnownFileType = sourcecode.c.objc; path = ContextFilterLogFormatter.m; sourceTree = "<group>"; };
		1FD93F13172781D700A44111 /* DispatchQueueLogFormatter.h */ = {isa = PBXFileReference; fileEncoding = 4; lastKnownFileType = sourcecode.c.h; path = DispatchQueueLogFormatter.h; sourceTree = "<group>"; };
		1FD93F14172781D700A44111 /* DispatchQueueLogFormatter.m */ = {isa = PBXFileReference; fileEncoding = 4; lastKnownFileType = sourcecode.c.objc; path = DispatchQueueLogFormatter.m; sourceTree = "<group>"; };
		1FD93F15172781D700A44111 /* README.txt */ = {isa = PBXFileReference; fileEncoding = 4; lastKnownFileType = text; path = README.txt; sourceTree = "<group>"; };
		1FD93F18172781D700A44111 /* NSString+DDXML.h */ = {isa = PBXFileReference; fileEncoding = 4; lastKnownFileType = sourcecode.c.h; path = "NSString+DDXML.h"; sourceTree = "<group>"; };
		1FD93F19172781D700A44111 /* NSString+DDXML.m */ = {isa = PBXFileReference; fileEncoding = 4; lastKnownFileType = sourcecode.c.objc; path = "NSString+DDXML.m"; sourceTree = "<group>"; };
		1FD93F1A172781D700A44111 /* DDXML.h */ = {isa = PBXFileReference; fileEncoding = 4; lastKnownFileType = sourcecode.c.h; path = DDXML.h; sourceTree = "<group>"; };
		1FD93F1B172781D700A44111 /* DDXMLDocument.h */ = {isa = PBXFileReference; fileEncoding = 4; lastKnownFileType = sourcecode.c.h; path = DDXMLDocument.h; sourceTree = "<group>"; };
		1FD93F1C172781D700A44111 /* DDXMLDocument.m */ = {isa = PBXFileReference; fileEncoding = 4; lastKnownFileType = sourcecode.c.objc; path = DDXMLDocument.m; sourceTree = "<group>"; };
		1FD93F1D172781D700A44111 /* DDXMLElement.h */ = {isa = PBXFileReference; fileEncoding = 4; lastKnownFileType = sourcecode.c.h; path = DDXMLElement.h; sourceTree = "<group>"; };
		1FD93F1E172781D700A44111 /* DDXMLElement.m */ = {isa = PBXFileReference; fileEncoding = 4; lastKnownFileType = sourcecode.c.objc; path = DDXMLElement.m; sourceTree = "<group>"; };
		1FD93F1F172781D700A44111 /* DDXMLNode.h */ = {isa = PBXFileReference; fileEncoding = 4; lastKnownFileType = sourcecode.c.h; path = DDXMLNode.h; sourceTree = "<group>"; };
		1FD93F20172781D700A44111 /* DDXMLNode.m */ = {isa = PBXFileReference; fileEncoding = 4; lastKnownFileType = sourcecode.c.objc; path = DDXMLNode.m; sourceTree = "<group>"; };
		1FD93F22172781D700A44111 /* DDXMLPrivate.h */ = {isa = PBXFileReference; fileEncoding = 4; lastKnownFileType = sourcecode.c.h; path = DDXMLPrivate.h; sourceTree = "<group>"; };
		1FD93F24172781D700A44111 /* build-libidn.sh */ = {isa = PBXFileReference; fileEncoding = 4; lastKnownFileType = text.script.sh; path = "build-libidn.sh"; sourceTree = "<group>"; };
		1FD93F25172781D700A44111 /* idn-int.h */ = {isa = PBXFileReference; fileEncoding = 4; lastKnownFileType = sourcecode.c.h; path = "idn-int.h"; sourceTree = "<group>"; };
		1FD93F26172781D700A44111 /* libidn.a */ = {isa = PBXFileReference; lastKnownFileType = archive.ar; path = libidn.a; sourceTree = "<group>"; };
		1FD93F27172781D700A44111 /* stringprep.h */ = {isa = PBXFileReference; fileEncoding = 4; lastKnownFileType = sourcecode.c.h; path = stringprep.h; sourceTree = "<group>"; };
/* End PBXFileReference section */

/* Begin PBXFrameworksBuildPhase section */
		1F4B5501171EAFA6004EB4A1 /* Frameworks */ = {
			isa = PBXFrameworksBuildPhase;
			buildActionMask = 2147483647;
			files = (
				1F419A1F1724DED700ADF24B /* libsqlite3.dylib in Frameworks */,
				1F5A87B4172125AA00C5BD0A /* libxml2.dylib in Frameworks */,
				1F5A87B2172124F100C5BD0A /* libresolv.dylib in Frameworks */,
				1F5A87B11721249600C5BD0A /* Security.framework in Frameworks */,
				1F5A87B01721247300C5BD0A /* CFNetwork.framework in Frameworks */,
				1F294130171EC10600EE3F19 /* libKechengIphoneChatLib.a in Frameworks */,
				1F4B5505171EAFA6004EB4A1 /* UIKit.framework in Frameworks */,
				1F4B5506171EAFA6004EB4A1 /* Foundation.framework in Frameworks */,
				1F4B5508171EAFA6004EB4A1 /* CoreGraphics.framework in Frameworks */,
				1FD93F92172781D700A44111 /* libidn.a in Frameworks */,
			);
			runOnlyForDeploymentPostprocessing = 0;
		};
		1F4B5522171EAFA6004EB4A1 /* Frameworks */ = {
			isa = PBXFrameworksBuildPhase;
			buildActionMask = 2147483647;
			files = (
				1F4B5527171EAFA7004EB4A1 /* SenTestingKit.framework in Frameworks */,
				1F4B5528171EAFA7004EB4A1 /* UIKit.framework in Frameworks */,
				1F4B5529171EAFA7004EB4A1 /* Foundation.framework in Frameworks */,
			);
			runOnlyForDeploymentPostprocessing = 0;
		};
		1F67AAE7171C011800357955 /* Frameworks */ = {
			isa = PBXFrameworksBuildPhase;
			buildActionMask = 2147483647;
			files = (
				1F5A1663171D27EA00FDF2A0 /* libsqlite3.0.dylib in Frameworks */,
				1F5A165D171D248100FDF2A0 /* UIKit.framework in Frameworks */,
				1F67AAEE171C011800357955 /* Foundation.framework in Frameworks */,
				1FD93F91172781D700A44111 /* libidn.a in Frameworks */,
			);
			runOnlyForDeploymentPostprocessing = 0;
		};
		1F67AAF7171C011800357955 /* Frameworks */ = {
			isa = PBXFrameworksBuildPhase;
			buildActionMask = 2147483647;
			files = (
				1F15519F171FC73E00C7469E /* libresolv.dylib in Frameworks */,
				1F15519B171FC3CD00C7469E /* Security.framework in Frameworks */,
				1F155199171FC3BF00C7469E /* CFNetwork.framework in Frameworks */,
				1F155197171FC36000C7469E /* CoreGraphics.framework in Frameworks */,
				1F155196171FC2FC00C7469E /* UIKit.framework in Frameworks */,
				1F155105171FBCAE00C7469E /* libxml2.2.dylib in Frameworks */,
				1F155104171FBBB100C7469E /* libxml2.dylib in Frameworks */,
				1F67AAFD171C011800357955 /* SenTestingKit.framework in Frameworks */,
				1F67AB00171C011800357955 /* Foundation.framework in Frameworks */,
				1F67AB03171C011800357955 /* libKechengIphoneChatLib.a in Frameworks */,
			);
			runOnlyForDeploymentPostprocessing = 0;
		};
/* End PBXFrameworksBuildPhase section */

/* Begin PBXGroup section */
		1F4B5509171EAFA6004EB4A1 /* KechengIphoneTest */ = {
			isa = PBXGroup;
			children = (
				1F4B5512171EAFA6004EB4A1 /* AppDelegate.h */,
				1F4B5513171EAFA6004EB4A1 /* AppDelegate.m */,
				1F4B550A171EAFA6004EB4A1 /* Supporting Files */,
				1F5A87AC17211C0700C5BD0A /* TestUser.h */,
				1F5A87AD17211C0700C5BD0A /* TestUser.m */,
			);
			path = KechengIphoneTest;
			sourceTree = "<group>";
		};
		1F4B550A171EAFA6004EB4A1 /* Supporting Files */ = {
			isa = PBXGroup;
			children = (
				1F4B550B171EAFA6004EB4A1 /* KechengIphoneTest-Info.plist */,
				1F4B550C171EAFA6004EB4A1 /* InfoPlist.strings */,
				1F4B550F171EAFA6004EB4A1 /* main.m */,
				1F4B5511171EAFA6004EB4A1 /* KechengIphoneTest-Prefix.pch */,
				1F4B5515171EAFA6004EB4A1 /* Default.png */,
				1F4B5517171EAFA6004EB4A1 /* Default@2x.png */,
				1F4B5519171EAFA6004EB4A1 /* Default-568h@2x.png */,
			);
			name = "Supporting Files";
			sourceTree = "<group>";
		};
		1F4B552C171EAFA7004EB4A1 /* KechengIphoneTestTests */ = {
			isa = PBXGroup;
			children = (
				1F4B5532171EAFA7004EB4A1 /* KechengIphoneTestTests.h */,
				1F4B5533171EAFA7004EB4A1 /* KechengIphoneTestTests.m */,
				1F4B552D171EAFA7004EB4A1 /* Supporting Files */,
			);
			path = KechengIphoneTestTests;
			sourceTree = "<group>";
		};
		1F4B552D171EAFA7004EB4A1 /* Supporting Files */ = {
			isa = PBXGroup;
			children = (
				1F4B552E171EAFA7004EB4A1 /* KechengIphoneTestTests-Info.plist */,
				1F4B552F171EAFA7004EB4A1 /* InfoPlist.strings */,
			);
			name = "Supporting Files";
			sourceTree = "<group>";
		};
		1F67AAE1171C011800357955 = {
			isa = PBXGroup;
			children = (
				1F419A1E1724DED700ADF24B /* libsqlite3.dylib */,
				1F15519E171FC73E00C7469E /* libresolv.dylib */,
				1F15519C171FC42D00C7469E /* libdnsinfo.dylib */,
				1F15519A171FC3CD00C7469E /* Security.framework */,
				1F155198171FC3BF00C7469E /* CFNetwork.framework */,
				1F5A1662171D27EA00FDF2A0 /* libsqlite3.0.dylib */,
				1F5A1660171D269100FDF2A0 /* libxml2.dylib */,
				1F5A165E171D268400FDF2A0 /* libxml2.2.dylib */,
				1F5A165C171D248100FDF2A0 /* UIKit.framework */,
				1F67AAEF171C011800357955 /* KechengIphoneChatLib */,
				1F4B5509171EAFA6004EB4A1 /* KechengIphoneTest */,
				1F4B552C171EAFA7004EB4A1 /* KechengIphoneTestTests */,
				1F67AAEC171C011800357955 /* Frameworks */,
				1F67AAEB171C011800357955 /* Products */,
			);
			sourceTree = "<group>";
		};
		1F67AAEB171C011800357955 /* Products */ = {
			isa = PBXGroup;
			children = (
				1F67AAEA171C011800357955 /* libKechengIphoneChatLib.a */,
				1F67AAFB171C011800357955 /* KechengIphoneChatLibTests.octest */,
				1F4B5504171EAFA6004EB4A1 /* KechengIphoneTest.app */,
				1F4B5526171EAFA6004EB4A1 /* KechengIphoneTestTests.octest */,
			);
			name = Products;
			sourceTree = "<group>";
		};
		1F67AAEC171C011800357955 /* Frameworks */ = {
			isa = PBXGroup;
			children = (
				1F67AAED171C011800357955 /* Foundation.framework */,
				1F67AAFC171C011800357955 /* SenTestingKit.framework */,
				1F67AAFE171C011800357955 /* UIKit.framework */,
				1F4B5507171EAFA6004EB4A1 /* CoreGraphics.framework */,
			);
			name = Frameworks;
			sourceTree = "<group>";
		};
		1F67AAEF171C011800357955 /* KechengIphoneChatLib */ = {
			isa = PBXGroup;
			children = (
				1FD93EA0172781D700A44111 /* ChatView */,
				1F67AB16171C016E00357955 /* ChatManager.h */,
				1F67AB17171C016E00357955 /* ChatManager.m */,
				1F5A15CA171CE58F00FDF2A0 /* ChatMessage.h */,
				1F5A15CB171CE58F00FDF2A0 /* ChatMessage.m */,
				1F5A15CD171CE63E00FDF2A0 /* ChatUser.h */,
				1F5A15CE171CE7C900FDF2A0 /* ChatDBHelper.h */,
				1F5A15CF171CE7C900FDF2A0 /* ChatDBHelper.m */,
				1F67AAF0171C011800357955 /* Supporting Files */,
			);
			path = KechengIphoneChatLib;
			sourceTree = "<group>";
		};
		1F67AAF0171C011800357955 /* Supporting Files */ = {
			isa = PBXGroup;
			children = (
				1F67AAF1171C011800357955 /* KechengIphoneChatLib-Prefix.pch */,
			);
			name = "Supporting Files";
			sourceTree = "<group>";
		};
		1FD93EA0172781D700A44111 /* ChatView */ = {
			isa = PBXGroup;
			children = (
				1FD93EA1172781D700A44111 /* ChatDefinitions.h */,
				1FD93EA2172781D700A44111 /* ChatDefinitions.m */,
				1FD93EA3172781D700A44111 /* ChatEmojis.h */,
				1FD93EA4172781D700A44111 /* ChatEmojis.m */,
				1FD93EA5172781D700A44111 /* ChatEmoView.h */,
				1FD93EA6172781D700A44111 /* ChatEmoView.m */,
				1FD93EA7172781D700A44111 /* ChatHeaderView.h */,
				1FD93EA8172781D700A44111 /* ChatHeaderView.m */,
				1FD93EA9172781D700A44111 /* ChatHeaderView.xib */,
				1FD93EAA172781D700A44111 /* ChatInputView.h */,
				1FD93EAB172781D700A44111 /* ChatInputView.m */,
				1FD93EAC172781D700A44111 /* ChatInputView.xib */,
				1FD93EAD172781D700A44111 /* ChatTableView.h */,
				1FD93EAE172781D700A44111 /* ChatTableView.m */,
				1FD93EAF172781D700A44111 /* ChatTableViewCell.h */,
				1FD93EB0172781D700A44111 /* ChatTableViewCell.m */,
				1FD93EB1172781D700A44111 /* ChatViewController.h */,
				1FD93EB2172781D700A44111 /* ChatViewController.m */,
				1FD93EB3172781D700A44111 /* ChatViewController.xib */,
				1FD93EB4172781D700A44111 /* images */,
				1FD93EC1172781D700A44111 /* Lib */,
			);
			path = ChatView;
			sourceTree = "<group>";
		};
		1FD93EB4172781D700A44111 /* images */ = {
			isa = PBXGroup;
			children = (
				1FD93EB5172781D700A44111 /* avatar_shadow@2x.png */,
				1FD93EB6172781D700A44111 /* bubble_1@2x.png */,
				1FD93EB7172781D700A44111 /* bubble_2@2x.png */,
				1FD93EB8172781D700A44111 /* button_send@2x.png */,
				1FD93EB9172781D700A44111 /* button_send_pressed@2x.png */,
				1FD93EBA172781D700A44111 /* chat@2x.png */,
				1FD93EBB172781D700A44111 /* emoji_button@2x.png */,
				1FD93EBC172781D700A44111 /* emoji_button_pressed@2x.png */,
				1FD93EBD172781D700A44111 /* facade_avatar@2x.png */,
				1FD93EBE172781D700A44111 /* global_bg_pattern.png */,
				1FD93EBF172781D700A44111 /* keyboard_button@2x.png */,
				1FD93EC0172781D700A44111 /* keyboard_button_pressed@2x.png */,
			);
			path = images;
			sourceTree = "<group>";
		};
		1FD93EC1172781D700A44111 /* Lib */ = {
			isa = PBXGroup;
			children = (
				1FD93EC2172781D700A44111 /* CopyLabel.h */,
				1FD93EC3172781D700A44111 /* CopyLabel.m */,
				1FD93EC4172781D700A44111 /* XMPP */,
			);
			path = Lib;
			sourceTree = "<group>";
		};
		1FD93EC4172781D700A44111 /* XMPP */ = {
			isa = PBXGroup;
			children = (
				1FD93EC5172781D700A44111 /* Authentication */,
				1FD93ED9172781D700A44111 /* Categories */,
				1FD93EE0172781D700A44111 /* Core */,
				1FD93EF4172781D700A44111 /* Utilities */,
				1FD93F01172781D700A44111 /* Vendor */,
			);
			path = XMPP;
			sourceTree = "<group>";
		};
		1FD93EC5172781D700A44111 /* Authentication */ = {
			isa = PBXGroup;
			children = (
				1FD93EC6172781D700A44111 /* Anonymous */,
				1FD93EC9172781D700A44111 /* Deprecated-Digest */,
				1FD93ECC172781D700A44111 /* Deprecated-Plain */,
				1FD93ECF172781D700A44111 /* Digest-MD5 */,
				1FD93ED2172781D700A44111 /* Plain */,
				1FD93ED5172781D700A44111 /* X-Facebook-Platform */,
				1FD93ED8172781D700A44111 /* XMPPSASLAuthentication.h */,
			);
			path = Authentication;
			sourceTree = "<group>";
		};
		1FD93EC6172781D700A44111 /* Anonymous */ = {
			isa = PBXGroup;
			children = (
				1FD93EC7172781D700A44111 /* XMPPAnonymousAuthentication.h */,
				1FD93EC8172781D700A44111 /* XMPPAnonymousAuthentication.m */,
			);
			path = Anonymous;
			sourceTree = "<group>";
		};
		1FD93EC9172781D700A44111 /* Deprecated-Digest */ = {
			isa = PBXGroup;
			children = (
				1FD93ECA172781D700A44111 /* XMPPDeprecatedDigestAuthentication.h */,
				1FD93ECB172781D700A44111 /* XMPPDeprecatedDigestAuthentication.m */,
			);
			path = "Deprecated-Digest";
			sourceTree = "<group>";
		};
		1FD93ECC172781D700A44111 /* Deprecated-Plain */ = {
			isa = PBXGroup;
			children = (
				1FD93ECD172781D700A44111 /* XMPPDeprecatedPlainAuthentication.h */,
				1FD93ECE172781D700A44111 /* XMPPDeprecatedPlainAuthentication.m */,
			);
			path = "Deprecated-Plain";
			sourceTree = "<group>";
		};
		1FD93ECF172781D700A44111 /* Digest-MD5 */ = {
			isa = PBXGroup;
			children = (
				1FD93ED0172781D700A44111 /* XMPPDigestMD5Authentication.h */,
				1FD93ED1172781D700A44111 /* XMPPDigestMD5Authentication.m */,
			);
			path = "Digest-MD5";
			sourceTree = "<group>";
		};
		1FD93ED2172781D700A44111 /* Plain */ = {
			isa = PBXGroup;
			children = (
				1FD93ED3172781D700A44111 /* XMPPPlainAuthentication.h */,
				1FD93ED4172781D700A44111 /* XMPPPlainAuthentication.m */,
			);
			path = Plain;
			sourceTree = "<group>";
		};
		1FD93ED5172781D700A44111 /* X-Facebook-Platform */ = {
			isa = PBXGroup;
			children = (
				1FD93ED6172781D700A44111 /* XMPPXFacebookPlatformAuthentication.h */,
				1FD93ED7172781D700A44111 /* XMPPXFacebookPlatformAuthentication.m */,
			);
			path = "X-Facebook-Platform";
			sourceTree = "<group>";
		};
		1FD93ED9172781D700A44111 /* Categories */ = {
			isa = PBXGroup;
			children = (
				1FD93EDA172781D700A44111 /* NSData+XMPP.h */,
				1FD93EDB172781D700A44111 /* NSData+XMPP.m */,
				1FD93EDC172781D700A44111 /* NSNumber+XMPP.h */,
				1FD93EDD172781D700A44111 /* NSNumber+XMPP.m */,
				1FD93EDE172781D700A44111 /* NSXMLElement+XMPP.h */,
				1FD93EDF172781D700A44111 /* NSXMLElement+XMPP.m */,
			);
			path = Categories;
			sourceTree = "<group>";
		};
		1FD93EE0172781D700A44111 /* Core */ = {
			isa = PBXGroup;
			children = (
				1FD93EE1172781D700A44111 /* XMPP.h */,
				1FD93EE2172781D700A44111 /* XMPPElement.h */,
				1FD93EE3172781D700A44111 /* XMPPElement.m */,
				1FD93EE4172781D700A44111 /* XMPPInternal.h */,
				1FD93EE5172781D700A44111 /* XMPPIQ.h */,
				1FD93EE6172781D700A44111 /* XMPPIQ.m */,
				1FD93EE7172781D700A44111 /* XMPPJID.h */,
				1FD93EE8172781D700A44111 /* XMPPJID.m */,
				1FD93EE9172781D700A44111 /* XMPPLogging.h */,
				1FD93EEA172781D700A44111 /* XMPPMessage.h */,
				1FD93EEB172781D700A44111 /* XMPPMessage.m */,
				1FD93EEC172781D700A44111 /* XMPPModule.h */,
				1FD93EED172781D700A44111 /* XMPPModule.m */,
				1FD93EEE172781D700A44111 /* XMPPParser.h */,
				1FD93EEF172781D700A44111 /* XMPPParser.m */,
				1FD93EF0172781D700A44111 /* XMPPPresence.h */,
				1FD93EF1172781D700A44111 /* XMPPPresence.m */,
				1FD93EF2172781D700A44111 /* XMPPStream.h */,
				1FD93EF3172781D700A44111 /* XMPPStream.m */,
			);
			path = Core;
			sourceTree = "<group>";
		};
		1FD93EF4172781D700A44111 /* Utilities */ = {
			isa = PBXGroup;
			children = (
				1FD93EF5172781D700A44111 /* DDList.h */,
				1FD93EF6172781D700A44111 /* DDList.m */,
				1FD93EF7172781D700A44111 /* GCDMulticastDelegate.h */,
				1FD93EF8172781D700A44111 /* GCDMulticastDelegate.m */,
				1FD93EF9172781D700A44111 /* LibIDN.h */,
				1FD93EFA172781D700A44111 /* LibIDN.m */,
				1FD93EFB172781D700A44111 /* RFImageToDataTransformer.h */,
				1FD93EFC172781D700A44111 /* RFImageToDataTransformer.m */,
				1FD93EFD172781D700A44111 /* XMPPIDTracker.h */,
				1FD93EFE172781D700A44111 /* XMPPIDTracker.m */,
				1FD93EFF172781D700A44111 /* XMPPSRVResolver.h */,
				1FD93F00172781D700A44111 /* XMPPSRVResolver.m */,
			);
			path = Utilities;
			sourceTree = "<group>";
		};
		1FD93F01172781D700A44111 /* Vendor */ = {
			isa = PBXGroup;
			children = (
				1FD93F02172781D700A44111 /* CocoaAsyncSocket */,
				1FD93F05172781D700A44111 /* CocoaLumberjack */,
				1FD93F16172781D700A44111 /* KissXML */,
				1FD93F23172781D700A44111 /* libidn */,
			);
			path = Vendor;
			sourceTree = "<group>";
		};
		1FD93F02172781D700A44111 /* CocoaAsyncSocket */ = {
			isa = PBXGroup;
			children = (
				1FD93F03172781D700A44111 /* GCDAsyncSocket.h */,
				1FD93F04172781D700A44111 /* GCDAsyncSocket.m */,
			);
			path = CocoaAsyncSocket;
			sourceTree = "<group>";
		};
		1FD93F05172781D700A44111 /* CocoaLumberjack */ = {
			isa = PBXGroup;
			children = (
				1FD93F06172781D700A44111 /* DDAbstractDatabaseLogger.h */,
				1FD93F07172781D700A44111 /* DDAbstractDatabaseLogger.m */,
				1FD93F08172781D700A44111 /* DDASLLogger.h */,
				1FD93F09172781D700A44111 /* DDASLLogger.m */,
				1FD93F0A172781D700A44111 /* DDFileLogger.h */,
				1FD93F0B172781D700A44111 /* DDFileLogger.m */,
				1FD93F0C172781D700A44111 /* DDLog.h */,
				1FD93F0D172781D700A44111 /* DDLog.m */,
				1FD93F0E172781D700A44111 /* DDTTYLogger.h */,
				1FD93F0F172781D700A44111 /* DDTTYLogger.m */,
				1FD93F10172781D700A44111 /* Extensions */,
			);
			path = CocoaLumberjack;
			sourceTree = "<group>";
		};
		1FD93F10172781D700A44111 /* Extensions */ = {
			isa = PBXGroup;
			children = (
				1FD93F11172781D700A44111 /* ContextFilterLogFormatter.h */,
				1FD93F12172781D700A44111 /* ContextFilterLogFormatter.m */,
				1FD93F13172781D700A44111 /* DispatchQueueLogFormatter.h */,
				1FD93F14172781D700A44111 /* DispatchQueueLogFormatter.m */,
				1FD93F15172781D700A44111 /* README.txt */,
			);
			path = Extensions;
			sourceTree = "<group>";
		};
		1FD93F16172781D700A44111 /* KissXML */ = {
			isa = PBXGroup;
			children = (
				1FD93F17172781D700A44111 /* Categories */,
				1FD93F1A172781D700A44111 /* DDXML.h */,
				1FD93F1B172781D700A44111 /* DDXMLDocument.h */,
				1FD93F1C172781D700A44111 /* DDXMLDocument.m */,
				1FD93F1D172781D700A44111 /* DDXMLElement.h */,
				1FD93F1E172781D700A44111 /* DDXMLElement.m */,
				1FD93F1F172781D700A44111 /* DDXMLNode.h */,
				1FD93F20172781D700A44111 /* DDXMLNode.m */,
				1FD93F21172781D700A44111 /* Private */,
			);
			path = KissXML;
			sourceTree = "<group>";
		};
		1FD93F17172781D700A44111 /* Categories */ = {
			isa = PBXGroup;
			children = (
				1FD93F18172781D700A44111 /* NSString+DDXML.h */,
				1FD93F19172781D700A44111 /* NSString+DDXML.m */,
			);
			path = Categories;
			sourceTree = "<group>";
		};
		1FD93F21172781D700A44111 /* Private */ = {
			isa = PBXGroup;
			children = (
				1FD93F22172781D700A44111 /* DDXMLPrivate.h */,
			);
			path = Private;
			sourceTree = "<group>";
		};
		1FD93F23172781D700A44111 /* libidn */ = {
			isa = PBXGroup;
			children = (
				1FD93F24172781D700A44111 /* build-libidn.sh */,
				1FD93F25172781D700A44111 /* idn-int.h */,
				1FD93F26172781D700A44111 /* libidn.a */,
				1FD93F27172781D700A44111 /* stringprep.h */,
			);
			path = libidn;
			sourceTree = "<group>";
		};
/* End PBXGroup section */

/* Begin PBXNativeTarget section */
		1F4B5503171EAFA6004EB4A1 /* KechengIphoneTest */ = {
			isa = PBXNativeTarget;
			buildConfigurationList = 1F4B5535171EAFA7004EB4A1 /* Build configuration list for PBXNativeTarget "KechengIphoneTest" */;
			buildPhases = (
				1F4B5500171EAFA6004EB4A1 /* Sources */,
				1F4B5501171EAFA6004EB4A1 /* Frameworks */,
				1F4B5502171EAFA6004EB4A1 /* Resources */,
			);
			buildRules = (
			);
			dependencies = (
				1F29412F171EC10100EE3F19 /* PBXTargetDependency */,
			);
			name = KechengIphoneTest;
			productName = KechengIphoneTest;
			productReference = 1F4B5504171EAFA6004EB4A1 /* KechengIphoneTest.app */;
			productType = "com.apple.product-type.application";
		};
		1F4B5525171EAFA6004EB4A1 /* KechengIphoneTestTests */ = {
			isa = PBXNativeTarget;
			buildConfigurationList = 1F4B5538171EAFA7004EB4A1 /* Build configuration list for PBXNativeTarget "KechengIphoneTestTests" */;
			buildPhases = (
				1F4B5521171EAFA6004EB4A1 /* Sources */,
				1F4B5522171EAFA6004EB4A1 /* Frameworks */,
				1F4B5523171EAFA6004EB4A1 /* Resources */,
				1F4B5524171EAFA6004EB4A1 /* ShellScript */,
			);
			buildRules = (
			);
			dependencies = (
				1F4B552B171EAFA7004EB4A1 /* PBXTargetDependency */,
			);
			name = KechengIphoneTestTests;
			productName = KechengIphoneTestTests;
			productReference = 1F4B5526171EAFA6004EB4A1 /* KechengIphoneTestTests.octest */;
			productType = "com.apple.product-type.bundle";
		};
		1F67AAE9171C011800357955 /* KechengIphoneChatLib */ = {
			isa = PBXNativeTarget;
			buildConfigurationList = 1F67AB0F171C011800357955 /* Build configuration list for PBXNativeTarget "KechengIphoneChatLib" */;
			buildPhases = (
				1F67AAE6171C011800357955 /* Sources */,
				1F67AAE7171C011800357955 /* Frameworks */,
				1F67AAE8171C011800357955 /* CopyFiles */,
			);
			buildRules = (
			);
			dependencies = (
			);
			name = KechengIphoneChatLib;
			productName = KechengIphoneChatLib;
			productReference = 1F67AAEA171C011800357955 /* libKechengIphoneChatLib.a */;
			productType = "com.apple.product-type.library.static";
		};
		1F67AAFA171C011800357955 /* KechengIphoneChatLibTests */ = {
			isa = PBXNativeTarget;
			buildConfigurationList = 1F67AB12171C011800357955 /* Build configuration list for PBXNativeTarget "KechengIphoneChatLibTests" */;
			buildPhases = (
				1F67AAF6171C011800357955 /* Sources */,
				1F67AAF7171C011800357955 /* Frameworks */,
				1F67AAF8171C011800357955 /* Resources */,
				1F67AAF9171C011800357955 /* ShellScript */,
			);
			buildRules = (
			);
			dependencies = (
				1F67AB02171C011800357955 /* PBXTargetDependency */,
			);
			name = KechengIphoneChatLibTests;
			productName = KechengIphoneChatLibTests;
			productReference = 1F67AAFB171C011800357955 /* KechengIphoneChatLibTests.octest */;
			productType = "com.apple.product-type.bundle";
		};
/* End PBXNativeTarget section */

/* Begin PBXProject section */
		1F67AAE2171C011800357955 /* Project object */ = {
			isa = PBXProject;
			attributes = {
				LastUpgradeCheck = 0460;
				ORGANIZATIONNAME = zuoyl;
			};
			buildConfigurationList = 1F67AAE5171C011800357955 /* Build configuration list for PBXProject "KechengIphoneChatLib" */;
			compatibilityVersion = "Xcode 3.2";
			developmentRegion = English;
			hasScannedForEncodings = 0;
			knownRegions = (
				en,
			);
			mainGroup = 1F67AAE1171C011800357955;
			productRefGroup = 1F67AAEB171C011800357955 /* Products */;
			projectDirPath = "";
			projectRoot = "";
			targets = (
				1F67AAE9171C011800357955 /* KechengIphoneChatLib */,
				1F67AAFA171C011800357955 /* KechengIphoneChatLibTests */,
				1F4B5503171EAFA6004EB4A1 /* KechengIphoneTest */,
				1F4B5525171EAFA6004EB4A1 /* KechengIphoneTestTests */,
			);
		};
/* End PBXProject section */

/* Begin PBXResourcesBuildPhase section */
		1F4B5502171EAFA6004EB4A1 /* Resources */ = {
			isa = PBXResourcesBuildPhase;
			buildActionMask = 2147483647;
			files = (
				1F4B550E171EAFA6004EB4A1 /* InfoPlist.strings in Resources */,
				1F4B5516171EAFA6004EB4A1 /* Default.png in Resources */,
				1F4B5518171EAFA6004EB4A1 /* Default@2x.png in Resources */,
				1F4B551A171EAFA6004EB4A1 /* Default-568h@2x.png in Resources */,
				1FD93F30172781D700A44111 /* ChatHeaderView.xib in Resources */,
				1FD93F33172781D700A44111 /* ChatInputView.xib in Resources */,
				1FD93F3A172781D700A44111 /* ChatViewController.xib in Resources */,
				1FD93F3B172781D700A44111 /* avatar_shadow@2x.png in Resources */,
				1FD93F3C172781D700A44111 /* bubble_1@2x.png in Resources */,
				1FD93F3D172781D700A44111 /* bubble_2@2x.png in Resources */,
				1FD93F3E172781D700A44111 /* button_send@2x.png in Resources */,
				1FD93F3F172781D700A44111 /* button_send_pressed@2x.png in Resources */,
				1FD93F40172781D700A44111 /* chat@2x.png in Resources */,
				1FD93F41172781D700A44111 /* emoji_button@2x.png in Resources */,
				1FD93F42172781D700A44111 /* emoji_button_pressed@2x.png in Resources */,
				1FD93F43172781D700A44111 /* facade_avatar@2x.png in Resources */,
				1FD93F44172781D700A44111 /* global_bg_pattern.png in Resources */,
				1FD93F45172781D700A44111 /* keyboard_button@2x.png in Resources */,
				1FD93F46172781D700A44111 /* keyboard_button_pressed@2x.png in Resources */,
				1FD93F87172781D700A44111 /* README.txt in Resources */,
				1FD93F90172781D700A44111 /* build-libidn.sh in Resources */,
			);
			runOnlyForDeploymentPostprocessing = 0;
		};
		1F4B5523171EAFA6004EB4A1 /* Resources */ = {
			isa = PBXResourcesBuildPhase;
			buildActionMask = 2147483647;
			files = (
				1F4B5531171EAFA7004EB4A1 /* InfoPlist.strings in Resources */,
			);
			runOnlyForDeploymentPostprocessing = 0;
		};
		1F67AAF8171C011800357955 /* Resources */ = {
			isa = PBXResourcesBuildPhase;
			buildActionMask = 2147483647;
			files = (
			);
			runOnlyForDeploymentPostprocessing = 0;
		};
/* End PBXResourcesBuildPhase section */

/* Begin PBXShellScriptBuildPhase section */
		1F4B5524171EAFA6004EB4A1 /* ShellScript */ = {
			isa = PBXShellScriptBuildPhase;
			buildActionMask = 2147483647;
			files = (
			);
			inputPaths = (
			);
			outputPaths = (
			);
			runOnlyForDeploymentPostprocessing = 0;
			shellPath = /bin/sh;
			shellScript = "# Run the unit tests in this test bundle.\n\"${SYSTEM_DEVELOPER_DIR}/Tools/RunUnitTests\"\n";
		};
		1F67AAF9171C011800357955 /* ShellScript */ = {
			isa = PBXShellScriptBuildPhase;
			buildActionMask = 2147483647;
			files = (
			);
			inputPaths = (
			);
			outputPaths = (
			);
			runOnlyForDeploymentPostprocessing = 0;
			shellPath = /bin/sh;
			shellScript = "# Run the unit tests in this test bundle.\n\"${SYSTEM_DEVELOPER_DIR}/Tools/RunUnitTests\"\n";
		};
/* End PBXShellScriptBuildPhase section */

/* Begin PBXSourcesBuildPhase section */
		1F4B5500171EAFA6004EB4A1 /* Sources */ = {
			isa = PBXSourcesBuildPhase;
			buildActionMask = 2147483647;
			files = (
				1F4B5510171EAFA6004EB4A1 /* main.m in Sources */,
				1F4B5514171EAFA6004EB4A1 /* AppDelegate.m in Sources */,
				1F5A87AF17211C0700C5BD0A /* TestUser.m in Sources */,
				1FD93F29172781D700A44111 /* ChatDefinitions.m in Sources */,
				1FD93F2B172781D700A44111 /* ChatEmojis.m in Sources */,
				1FD93F2D172781D700A44111 /* ChatEmoView.m in Sources */,
				1FD93F2F172781D700A44111 /* ChatHeaderView.m in Sources */,
				1FD93F32172781D700A44111 /* ChatInputView.m in Sources */,
				1FD93F35172781D700A44111 /* ChatTableView.m in Sources */,
				1FD93F37172781D700A44111 /* ChatTableViewCell.m in Sources */,
				1FD93F39172781D700A44111 /* ChatViewController.m in Sources */,
				1FD93F48172781D700A44111 /* CopyLabel.m in Sources */,
				1FD93F4A172781D700A44111 /* XMPPAnonymousAuthentication.m in Sources */,
				1FD93F4C172781D700A44111 /* XMPPDeprecatedDigestAuthentication.m in Sources */,
				1FD93F4E172781D700A44111 /* XMPPDeprecatedPlainAuthentication.m in Sources */,
				1FD93F50172781D700A44111 /* XMPPDigestMD5Authentication.m in Sources */,
				1FD93F52172781D700A44111 /* XMPPPlainAuthentication.m in Sources */,
				1FD93F54172781D700A44111 /* XMPPXFacebookPlatformAuthentication.m in Sources */,
				1FD93F56172781D700A44111 /* NSData+XMPP.m in Sources */,
				1FD93F58172781D700A44111 /* NSNumber+XMPP.m in Sources */,
				1FD93F5A172781D700A44111 /* NSXMLElement+XMPP.m in Sources */,
				1FD93F5C172781D700A44111 /* XMPPElement.m in Sources */,
				1FD93F5E172781D700A44111 /* XMPPIQ.m in Sources */,
				1FD93F60172781D700A44111 /* XMPPJID.m in Sources */,
				1FD93F62172781D700A44111 /* XMPPMessage.m in Sources */,
				1FD93F64172781D700A44111 /* XMPPModule.m in Sources */,
				1FD93F66172781D700A44111 /* XMPPParser.m in Sources */,
				1FD93F68172781D700A44111 /* XMPPPresence.m in Sources */,
				1FD93F6A172781D700A44111 /* XMPPStream.m in Sources */,
				1FD93F6C172781D700A44111 /* DDList.m in Sources */,
				1FD93F6E172781D700A44111 /* GCDMulticastDelegate.m in Sources */,
				1FD93F70172781D700A44111 /* LibIDN.m in Sources */,
				1FD93F72172781D700A44111 /* RFImageToDataTransformer.m in Sources */,
				1FD93F74172781D700A44111 /* XMPPIDTracker.m in Sources */,
				1FD93F76172781D700A44111 /* XMPPSRVResolver.m in Sources */,
				1FD93F78172781D700A44111 /* GCDAsyncSocket.m in Sources */,
				1FD93F7A172781D700A44111 /* DDAbstractDatabaseLogger.m in Sources */,
				1FD93F7C172781D700A44111 /* DDASLLogger.m in Sources */,
				1FD93F7E172781D700A44111 /* DDFileLogger.m in Sources */,
				1FD93F80172781D700A44111 /* DDLog.m in Sources */,
				1FD93F82172781D700A44111 /* DDTTYLogger.m in Sources */,
				1FD93F84172781D700A44111 /* ContextFilterLogFormatter.m in Sources */,
				1FD93F86172781D700A44111 /* DispatchQueueLogFormatter.m in Sources */,
				1FD93F89172781D700A44111 /* NSString+DDXML.m in Sources */,
				1FD93F8B172781D700A44111 /* DDXMLDocument.m in Sources */,
				1FD93F8D172781D700A44111 /* DDXMLElement.m in Sources */,
				1FD93F8F172781D700A44111 /* DDXMLNode.m in Sources */,
			);
			runOnlyForDeploymentPostprocessing = 0;
		};
		1F4B5521171EAFA6004EB4A1 /* Sources */ = {
			isa = PBXSourcesBuildPhase;
			buildActionMask = 2147483647;
			files = (
				1F4B5534171EAFA7004EB4A1 /* KechengIphoneTestTests.m in Sources */,
			);
			runOnlyForDeploymentPostprocessing = 0;
		};
		1F67AAE6171C011800357955 /* Sources */ = {
			isa = PBXSourcesBuildPhase;
			buildActionMask = 2147483647;
			files = (
				1F67AB18171C016E00357955 /* ChatManager.m in Sources */,
				1F5A15CC171CE58F00FDF2A0 /* ChatMessage.m in Sources */,
				1F5A15D0171CE7C900FDF2A0 /* ChatDBHelper.m in Sources */,
				1F5A87AE17211C0700C5BD0A /* TestUser.m in Sources */,
				1FD93F28172781D700A44111 /* ChatDefinitions.m in Sources */,
				1FD93F2A172781D700A44111 /* ChatEmojis.m in Sources */,
				1FD93F2C172781D700A44111 /* ChatEmoView.m in Sources */,
				1FD93F2E172781D700A44111 /* ChatHeaderView.m in Sources */,
				1FD93F31172781D700A44111 /* ChatInputView.m in Sources */,
				1FD93F34172781D700A44111 /* ChatTableView.m in Sources */,
				1FD93F36172781D700A44111 /* ChatTableViewCell.m in Sources */,
				1FD93F38172781D700A44111 /* ChatViewController.m in Sources */,
				1FD93F47172781D700A44111 /* CopyLabel.m in Sources */,
				1FD93F49172781D700A44111 /* XMPPAnonymousAuthentication.m in Sources */,
				1FD93F4B172781D700A44111 /* XMPPDeprecatedDigestAuthentication.m in Sources */,
				1FD93F4D172781D700A44111 /* XMPPDeprecatedPlainAuthentication.m in Sources */,
				1FD93F4F172781D700A44111 /* XMPPDigestMD5Authentication.m in Sources */,
				1FD93F51172781D700A44111 /* XMPPPlainAuthentication.m in Sources */,
				1FD93F53172781D700A44111 /* XMPPXFacebookPlatformAuthentication.m in Sources */,
				1FD93F55172781D700A44111 /* NSData+XMPP.m in Sources */,
				1FD93F57172781D700A44111 /* NSNumber+XMPP.m in Sources */,
				1FD93F59172781D700A44111 /* NSXMLElement+XMPP.m in Sources */,
				1FD93F5B172781D700A44111 /* XMPPElement.m in Sources */,
				1FD93F5D172781D700A44111 /* XMPPIQ.m in Sources */,
				1FD93F5F172781D700A44111 /* XMPPJID.m in Sources */,
				1FD93F61172781D700A44111 /* XMPPMessage.m in Sources */,
				1FD93F63172781D700A44111 /* XMPPModule.m in Sources */,
				1FD93F65172781D700A44111 /* XMPPParser.m in Sources */,
				1FD93F67172781D700A44111 /* XMPPPresence.m in Sources */,
				1FD93F69172781D700A44111 /* XMPPStream.m in Sources */,
				1FD93F6B172781D700A44111 /* DDList.m in Sources */,
				1FD93F6D172781D700A44111 /* GCDMulticastDelegate.m in Sources */,
				1FD93F6F172781D700A44111 /* LibIDN.m in Sources */,
				1FD93F71172781D700A44111 /* RFImageToDataTransformer.m in Sources */,
				1FD93F73172781D700A44111 /* XMPPIDTracker.m in Sources */,
				1FD93F75172781D700A44111 /* XMPPSRVResolver.m in Sources */,
				1FD93F77172781D700A44111 /* GCDAsyncSocket.m in Sources */,
				1FD93F79172781D700A44111 /* DDAbstractDatabaseLogger.m in Sources */,
				1FD93F7B172781D700A44111 /* DDASLLogger.m in Sources */,
				1FD93F7D172781D700A44111 /* DDFileLogger.m in Sources */,
				1FD93F7F172781D700A44111 /* DDLog.m in Sources */,
				1FD93F81172781D700A44111 /* DDTTYLogger.m in Sources */,
				1FD93F83172781D700A44111 /* ContextFilterLogFormatter.m in Sources */,
				1FD93F85172781D700A44111 /* DispatchQueueLogFormatter.m in Sources */,
				1FD93F88172781D700A44111 /* NSString+DDXML.m in Sources */,
				1FD93F8A172781D700A44111 /* DDXMLDocument.m in Sources */,
				1FD93F8C172781D700A44111 /* DDXMLElement.m in Sources */,
				1FD93F8E172781D700A44111 /* DDXMLNode.m in Sources */,
			);
			runOnlyForDeploymentPostprocessing = 0;
		};
		1F67AAF6171C011800357955 /* Sources */ = {
			isa = PBXSourcesBuildPhase;
			buildActionMask = 2147483647;
			files = (
			);
			runOnlyForDeploymentPostprocessing = 0;
		};
/* End PBXSourcesBuildPhase section */

/* Begin PBXTargetDependency section */
		1F29412F171EC10100EE3F19 /* PBXTargetDependency */ = {
			isa = PBXTargetDependency;
			target = 1F67AAE9171C011800357955 /* KechengIphoneChatLib */;
			targetProxy = 1F29412E171EC10100EE3F19 /* PBXContainerItemProxy */;
		};
		1F4B552B171EAFA7004EB4A1 /* PBXTargetDependency */ = {
			isa = PBXTargetDependency;
			target = 1F4B5503171EAFA6004EB4A1 /* KechengIphoneTest */;
			targetProxy = 1F4B552A171EAFA7004EB4A1 /* PBXContainerItemProxy */;
		};
		1F67AB02171C011800357955 /* PBXTargetDependency */ = {
			isa = PBXTargetDependency;
			target = 1F67AAE9171C011800357955 /* KechengIphoneChatLib */;
			targetProxy = 1F67AB01171C011800357955 /* PBXContainerItemProxy */;
		};
/* End PBXTargetDependency section */

/* Begin PBXVariantGroup section */
		1F4B550C171EAFA6004EB4A1 /* InfoPlist.strings */ = {
			isa = PBXVariantGroup;
			children = (
				1F4B550D171EAFA6004EB4A1 /* en */,
			);
			name = InfoPlist.strings;
			sourceTree = "<group>";
		};
		1F4B552F171EAFA7004EB4A1 /* InfoPlist.strings */ = {
			isa = PBXVariantGroup;
			children = (
				1F4B5530171EAFA7004EB4A1 /* en */,
			);
			name = InfoPlist.strings;
			sourceTree = "<group>";
		};
/* End PBXVariantGroup section */

/* Begin XCBuildConfiguration section */
		1F4B5536171EAFA7004EB4A1 /* Debug */ = {
			isa = XCBuildConfiguration;
			buildSettings = {
				ALWAYS_SEARCH_USER_PATHS = NO;
				"CODE_SIGN_IDENTITY[sdk=iphoneos*]" = "iPhone Developer";
				FRAMEWORK_SEARCH_PATHS = (
					"$(inherited)",
					"\"$(SYSTEM_APPS_DIR)/Xcode.app/Contents/Developer/Library/Frameworks\"",
				);
				GCC_PRECOMPILE_PREFIX_HEADER = YES;
				GCC_PREFIX_HEADER = "KechengIphoneTest/KechengIphoneTest-Prefix.pch";
				GCC_WARN_ABOUT_DEPRECATED_FUNCTIONS = NO;
				INFOPLIST_FILE = "KechengIphoneTest/KechengIphoneTest-Info.plist";
				LIBRARY_SEARCH_PATHS = (
					"$(inherited)",
					"\"$(SRCROOT)/KechengIphoneChatLib/ChatView/Lib/XMPP/Vendor/libidn\"",
				);
				PRODUCT_NAME = "$(TARGET_NAME)";
				WRAPPER_EXTENSION = app;
			};
			name = Debug;
		};
		1F4B5537171EAFA7004EB4A1 /* Release */ = {
			isa = XCBuildConfiguration;
			buildSettings = {
				ALWAYS_SEARCH_USER_PATHS = NO;
				"CODE_SIGN_IDENTITY[sdk=iphoneos*]" = "iPhone Developer";
				FRAMEWORK_SEARCH_PATHS = (
					"$(inherited)",
					"\"$(SYSTEM_APPS_DIR)/Xcode.app/Contents/Developer/Library/Frameworks\"",
				);
				GCC_PRECOMPILE_PREFIX_HEADER = YES;
				GCC_PREFIX_HEADER = "KechengIphoneTest/KechengIphoneTest-Prefix.pch";
				GCC_WARN_ABOUT_DEPRECATED_FUNCTIONS = NO;
				INFOPLIST_FILE = "KechengIphoneTest/KechengIphoneTest-Info.plist";
				LIBRARY_SEARCH_PATHS = (
					"$(inherited)",
					"\"$(SRCROOT)/KechengIphoneChatLib/ChatView/Lib/XMPP/Vendor/libidn\"",
				);
				OTHER_CFLAGS = "-DNS_BLOCK_ASSERTIONS=1";
				PRODUCT_NAME = "$(TARGET_NAME)";
				WRAPPER_EXTENSION = app;
			};
			name = Release;
		};
		1F4B5539171EAFA7004EB4A1 /* Debug */ = {
			isa = XCBuildConfiguration;
			buildSettings = {
				ALWAYS_SEARCH_USER_PATHS = NO;
				BUNDLE_LOADER = "$(BUILT_PRODUCTS_DIR)/KechengIphoneTest.app/KechengIphoneTest";
				FRAMEWORK_SEARCH_PATHS = (
					"\"$(SDKROOT)/Developer/Library/Frameworks\"",
					"\"$(DEVELOPER_LIBRARY_DIR)/Frameworks\"",
				);
				GCC_PRECOMPILE_PREFIX_HEADER = YES;
				GCC_PREFIX_HEADER = "KechengIphoneTest/KechengIphoneTest-Prefix.pch";
				INFOPLIST_FILE = "KechengIphoneTestTests/KechengIphoneTestTests-Info.plist";
				PRODUCT_NAME = "$(TARGET_NAME)";
				TEST_HOST = "$(BUNDLE_LOADER)";
				WRAPPER_EXTENSION = octest;
			};
			name = Debug;
		};
		1F4B553A171EAFA7004EB4A1 /* Release */ = {
			isa = XCBuildConfiguration;
			buildSettings = {
				ALWAYS_SEARCH_USER_PATHS = NO;
				BUNDLE_LOADER = "$(BUILT_PRODUCTS_DIR)/KechengIphoneTest.app/KechengIphoneTest";
				FRAMEWORK_SEARCH_PATHS = (
					"\"$(SDKROOT)/Developer/Library/Frameworks\"",
					"\"$(DEVELOPER_LIBRARY_DIR)/Frameworks\"",
				);
				GCC_PRECOMPILE_PREFIX_HEADER = YES;
				GCC_PREFIX_HEADER = "KechengIphoneTest/KechengIphoneTest-Prefix.pch";
				INFOPLIST_FILE = "KechengIphoneTestTests/KechengIphoneTestTests-Info.plist";
				PRODUCT_NAME = "$(TARGET_NAME)";
				TEST_HOST = "$(BUNDLE_LOADER)";
				WRAPPER_EXTENSION = octest;
			};
			name = Release;
		};
		1F67AB0D171C011800357955 /* Debug */ = {
			isa = XCBuildConfiguration;
			buildSettings = {
				ALWAYS_SEARCH_USER_PATHS = YES;
				CLANG_CXX_LANGUAGE_STANDARD = "gnu++0x";
				CLANG_CXX_LIBRARY = "libc++";
				CLANG_WARN_CONSTANT_CONVERSION = YES;
				CLANG_WARN_EMPTY_BODY = YES;
				CLANG_WARN_ENUM_CONVERSION = YES;
				CLANG_WARN_INT_CONVERSION = YES;
				CLANG_WARN__DUPLICATE_METHOD_MATCH = YES;
				COPY_PHASE_STRIP = NO;
				GCC_C_LANGUAGE_STANDARD = gnu99;
				GCC_DYNAMIC_NO_PIC = NO;
				GCC_OPTIMIZATION_LEVEL = 0;
				GCC_PREPROCESSOR_DEFINITIONS = (
					"DEBUG=1",
					"$(inherited)",
				);
				GCC_SYMBOLS_PRIVATE_EXTERN = NO;
				GCC_WARN_ABOUT_RETURN_TYPE = YES;
				GCC_WARN_UNINITIALIZED_AUTOS = YES;
				GCC_WARN_UNUSED_VARIABLE = YES;
				HEADER_SEARCH_PATHS = "$(SDKROOT)/usr/include/libxml2";
				IPHONEOS_DEPLOYMENT_TARGET = 6.1;
				ONLY_ACTIVE_ARCH = YES;
				SDKROOT = iphoneos;
			};
			name = Debug;
		};
		1F67AB0E171C011800357955 /* Release */ = {
			isa = XCBuildConfiguration;
			buildSettings = {
				ALWAYS_SEARCH_USER_PATHS = YES;
				CLANG_CXX_LANGUAGE_STANDARD = "gnu++0x";
				CLANG_CXX_LIBRARY = "libc++";
				CLANG_WARN_CONSTANT_CONVERSION = YES;
				CLANG_WARN_EMPTY_BODY = YES;
				CLANG_WARN_ENUM_CONVERSION = YES;
				CLANG_WARN_INT_CONVERSION = YES;
				CLANG_WARN__DUPLICATE_METHOD_MATCH = YES;
				COPY_PHASE_STRIP = YES;
				GCC_C_LANGUAGE_STANDARD = gnu99;
				GCC_WARN_ABOUT_RETURN_TYPE = YES;
				GCC_WARN_UNINITIALIZED_AUTOS = YES;
				GCC_WARN_UNUSED_VARIABLE = YES;
				HEADER_SEARCH_PATHS = "$(SDKROOT)/usr/include/libxml2";
				IPHONEOS_DEPLOYMENT_TARGET = 6.1;
				SDKROOT = iphoneos;
				VALIDATE_PRODUCT = YES;
			};
			name = Release;
		};
		1F67AB10171C011800357955 /* Debug */ = {
			isa = XCBuildConfiguration;
			buildSettings = {
				DEPLOYMENT_LOCATION = YES;
				DSTROOT = /tmp/KechengIphoneChatLib.dst;
				GCC_PRECOMPILE_PREFIX_HEADER = YES;
				GCC_PREFIX_HEADER = "KechengIphoneChatLib/KechengIphoneChatLib-Prefix.pch";
				GCC_WARN_ABOUT_DEPRECATED_FUNCTIONS = NO;
				HEADER_SEARCH_PATHS = "$(SDKROOT)/usr/include/libxml2";
				LIBRARY_SEARCH_PATHS = (
					"$(inherited)",
					"\"$(SRCROOT)/KechengIphoneChatLib/ChatView/Lib/XMPP/Vendor/libidn\"",
				);
				OTHER_LDFLAGS = "-ObjC";
				PRODUCT_NAME = "$(TARGET_NAME)";
				SKIP_INSTALL = YES;
			};
			name = Debug;
		};
		1F67AB11171C011800357955 /* Release */ = {
			isa = XCBuildConfiguration;
			buildSettings = {
				DEPLOYMENT_LOCATION = YES;
				DSTROOT = /tmp/KechengIphoneChatLib.dst;
				GCC_PRECOMPILE_PREFIX_HEADER = YES;
				GCC_PREFIX_HEADER = "KechengIphoneChatLib/KechengIphoneChatLib-Prefix.pch";
				GCC_WARN_ABOUT_DEPRECATED_FUNCTIONS = NO;
				HEADER_SEARCH_PATHS = "$(SDKROOT)/usr/include/libxml2";
				LIBRARY_SEARCH_PATHS = (
					"$(inherited)",
					"\"$(SRCROOT)/KechengIphoneChatLib/ChatView/Lib/XMPP/Vendor/libidn\"",
				);
				OTHER_LDFLAGS = "-ObjC";
				PRODUCT_NAME = "$(TARGET_NAME)";
				SKIP_INSTALL = YES;
			};
			name = Release;
		};
		1F67AB13171C011800357955 /* Debug */ = {
			isa = XCBuildConfiguration;
			buildSettings = {
				FRAMEWORK_SEARCH_PATHS = (
					"\"$(SDKROOT)/Developer/Library/Frameworks\"",
					"\"$(DEVELOPER_LIBRARY_DIR)/Frameworks\"",
				);
				GCC_PRECOMPILE_PREFIX_HEADER = YES;
				GCC_PREFIX_HEADER = "KechengIphoneChatLib/KechengIphoneChatLib-Prefix.pch";
				HEADER_SEARCH_PATHS = (
					"$(SDKROOT)/usr/include",
					"$(SDKROOT)/usr/include/libxml2",
				);
				INFOPLIST_FILE = "KechengIphoneChatLibTests/KechengIphoneChatLibTests-Info.plist";
				LIBRARY_SEARCH_PATHS = (
					"\"$(SRCROOT)/KechengIphoneChatLibTests\"",
					"\"$(SRCROOT)/KechengIphoneChatLibTests/XMPP/Vendor/libidn\"",
					"\"$(SDKROOT)/usr/lib/system\"",
				);
				PRODUCT_NAME = "$(TARGET_NAME)";
				WRAPPER_EXTENSION = octest;
			};
			name = Debug;
		};
		1F67AB14171C011800357955 /* Release */ = {
			isa = XCBuildConfiguration;
			buildSettings = {
				FRAMEWORK_SEARCH_PATHS = (
					"\"$(SDKROOT)/Developer/Library/Frameworks\"",
					"\"$(DEVELOPER_LIBRARY_DIR)/Frameworks\"",
				);
				GCC_PRECOMPILE_PREFIX_HEADER = YES;
				GCC_PREFIX_HEADER = "KechengIphoneChatLib/KechengIphoneChatLib-Prefix.pch";
				HEADER_SEARCH_PATHS = (
					"$(SDKROOT)/usr/include",
					"$(SDKROOT)/usr/include/libxml2",
				);
				INFOPLIST_FILE = "KechengIphoneChatLibTests/KechengIphoneChatLibTests-Info.plist";
				LIBRARY_SEARCH_PATHS = (
					"\"$(SRCROOT)/KechengIphoneChatLibTests\"",
					"\"$(SRCROOT)/KechengIphoneChatLibTests/XMPP/Vendor/libidn\"",
					"\"$(SDKROOT)/usr/lib/system\"",
				);
				PRODUCT_NAME = "$(TARGET_NAME)";
				WRAPPER_EXTENSION = octest;
			};
			name = Release;
		};
/* End XCBuildConfiguration section */

/* Begin XCConfigurationList section */
		1F4B5535171EAFA7004EB4A1 /* Build configuration list for PBXNativeTarget "KechengIphoneTest" */ = {
			isa = XCConfigurationList;
			buildConfigurations = (
				1F4B5536171EAFA7004EB4A1 /* Debug */,
				1F4B5537171EAFA7004EB4A1 /* Release */,
			);
			defaultConfigurationIsVisible = 0;
			defaultConfigurationName = Release;
		};
		1F4B5538171EAFA7004EB4A1 /* Build configuration list for PBXNativeTarget "KechengIphoneTestTests" */ = {
			isa = XCConfigurationList;
			buildConfigurations = (
				1F4B5539171EAFA7004EB4A1 /* Debug */,
				1F4B553A171EAFA7004EB4A1 /* Release */,
			);
			defaultConfigurationIsVisible = 0;
			defaultConfigurationName = Release;
		};
		1F67AAE5171C011800357955 /* Build configuration list for PBXProject "KechengIphoneChatLib" */ = {
			isa = XCConfigurationList;
			buildConfigurations = (
				1F67AB0D171C011800357955 /* Debug */,
				1F67AB0E171C011800357955 /* Release */,
			);
			defaultConfigurationIsVisible = 0;
			defaultConfigurationName = Release;
		};
		1F67AB0F171C011800357955 /* Build configuration list for PBXNativeTarget "KechengIphoneChatLib" */ = {
			isa = XCConfigurationList;
			buildConfigurations = (
				1F67AB10171C011800357955 /* Debug */,
				1F67AB11171C011800357955 /* Release */,
			);
			defaultConfigurationIsVisible = 0;
			defaultConfigurationName = Release;
		};
		1F67AB12171C011800357955 /* Build configuration list for PBXNativeTarget "KechengIphoneChatLibTests" */ = {
			isa = XCConfigurationList;
			buildConfigurations = (
				1F67AB13171C011800357955 /* Debug */,
				1F67AB14171C011800357955 /* Release */,
			);
			defaultConfigurationIsVisible = 0;
			defaultConfigurationName = Release;
		};
/* End XCConfigurationList section */
	};
	rootObject = 1F67AAE2171C011800357955 /* Project object */;
}
